// !$*UTF8*$!
{
	archiveVersion = 1;
	classes = {
	};
	objectVersion = 56;
	objects = {

/* Begin PBXBuildFile section */
		6F004CFE29CF291C00BCB7ED /* JourService.swift in Sources */ = {isa = PBXBuildFile; fileRef = 6F004CFD29CF291C00BCB7ED /* JourService.swift */; };
		6F004D0029CF293700BCB7ED /* CreneauService.swift in Sources */ = {isa = PBXBuildFile; fileRef = 6F004CFF29CF293700BCB7ED /* CreneauService.swift */; };
		6F004D0229CF32ED00BCB7ED /* FakeFestivalsView.swift in Sources */ = {isa = PBXBuildFile; fileRef = 6F004D0129CF32ED00BCB7ED /* FakeFestivalsView.swift */; };
		6F004D0529CF46FA00BCB7ED /* CustomEditButton.swift in Sources */ = {isa = PBXBuildFile; fileRef = 6F004D0429CF46FA00BCB7ED /* CustomEditButton.swift */; };
		6F004D0729CF4A5A00BCB7ED /* JoursState.swift in Sources */ = {isa = PBXBuildFile; fileRef = 6F004D0629CF4A5A00BCB7ED /* JoursState.swift */; };
		6F004D0929CF4EDA00BCB7ED /* FakeJourListViewModel.swift in Sources */ = {isa = PBXBuildFile; fileRef = 6F004D0829CF4EDA00BCB7ED /* FakeJourListViewModel.swift */; };
		6F004D0B29CF4F2500BCB7ED /* FakeJourViewModel.swift in Sources */ = {isa = PBXBuildFile; fileRef = 6F004D0A29CF4F2500BCB7ED /* FakeJourViewModel.swift */; };
		6F004D0D29CF893B00BCB7ED /* FakeFestivalView.swift in Sources */ = {isa = PBXBuildFile; fileRef = 6F004D0C29CF893B00BCB7ED /* FakeFestivalView.swift */; };
		6F004D0F29CF8A2200BCB7ED /* FakeJourFestivalView.swift in Sources */ = {isa = PBXBuildFile; fileRef = 6F004D0E29CF8A2200BCB7ED /* FakeJourFestivalView.swift */; };
		6F004D1129CF8B4200BCB7ED /* FestivalIntent.swift in Sources */ = {isa = PBXBuildFile; fileRef = 6F004D1029CF8B4200BCB7ED /* FestivalIntent.swift */; };
		6F004D1329D17F1000BCB7ED /* JourState.swift in Sources */ = {isa = PBXBuildFile; fileRef = 6F004D1229D17F1000BCB7ED /* JourState.swift */; };
		6F004D2129D4403700BCB7ED /* JourRowView.swift in Sources */ = {isa = PBXBuildFile; fileRef = 6F004D2029D4403700BCB7ED /* JourRowView.swift */; };
		6F004D2329D4407F00BCB7ED /* ZoneRowView.swift in Sources */ = {isa = PBXBuildFile; fileRef = 6F004D2229D4407F00BCB7ED /* ZoneRowView.swift */; };
		6F004D2529D4419400BCB7ED /* JourListView.swift in Sources */ = {isa = PBXBuildFile; fileRef = 6F004D2429D4419400BCB7ED /* JourListView.swift */; };
		6F004D2729D441B200BCB7ED /* ZoneListView.swift in Sources */ = {isa = PBXBuildFile; fileRef = 6F004D2629D441B200BCB7ED /* ZoneListView.swift */; };
		6F004D2A29D442A500BCB7ED /* CreneauRowView.swift in Sources */ = {isa = PBXBuildFile; fileRef = 6F004D2929D442A500BCB7ED /* CreneauRowView.swift */; };
		6F7E099D29CDD7F300ED9927 /* FestivalAppMobileTests.swift in Sources */ = {isa = PBXBuildFile; fileRef = 6F7E099C29CDD7F300ED9927 /* FestivalAppMobileTests.swift */; };
		6F7E09A729CDD7F300ED9927 /* FestivalAppMobileUITests.swift in Sources */ = {isa = PBXBuildFile; fileRef = 6F7E09A629CDD7F300ED9927 /* FestivalAppMobileUITests.swift */; };
		6F7E09A929CDD7F300ED9927 /* FestivalAppMobileUITestsLaunchTests.swift in Sources */ = {isa = PBXBuildFile; fileRef = 6F7E09A829CDD7F300ED9927 /* FestivalAppMobileUITestsLaunchTests.swift */; };
		6F7E0AA229CDD9D700ED9927 /* ZoneListViewModel.swift in Sources */ = {isa = PBXBuildFile; fileRef = 6F7E0A4F29CDD9D700ED9927 /* ZoneListViewModel.swift */; };
		6F7E0AA329CDD9D700ED9927 /* ZoneViewModel.swift in Sources */ = {isa = PBXBuildFile; fileRef = 6F7E0A5029CDD9D700ED9927 /* ZoneViewModel.swift */; };
		6F7E0AA429CDD9D700ED9927 /* BenevoleViewModel.swift in Sources */ = {isa = PBXBuildFile; fileRef = 6F7E0A5229CDD9D700ED9927 /* BenevoleViewModel.swift */; };
		6F7E0AA529CDD9D700ED9927 /* BenevoleListViewModel.swift in Sources */ = {isa = PBXBuildFile; fileRef = 6F7E0A5329CDD9D700ED9927 /* BenevoleListViewModel.swift */; };
		6F7E0AA629CDD9D700ED9927 /* ViewModelObserver.swift in Sources */ = {isa = PBXBuildFile; fileRef = 6F7E0A5429CDD9D700ED9927 /* ViewModelObserver.swift */; };
		6F7E0AA729CDD9D700ED9927 /* JourViewModel.swift in Sources */ = {isa = PBXBuildFile; fileRef = 6F7E0A5629CDD9D700ED9927 /* JourViewModel.swift */; };
		6F7E0AA829CDD9D700ED9927 /* JourListViewModel.swift in Sources */ = {isa = PBXBuildFile; fileRef = 6F7E0A5729CDD9D700ED9927 /* JourListViewModel.swift */; };
		6F7E0AA929CDD9D700ED9927 /* FestivalViewModel.swift in Sources */ = {isa = PBXBuildFile; fileRef = 6F7E0A5929CDD9D700ED9927 /* FestivalViewModel.swift */; };
		6F7E0AAA29CDD9D700ED9927 /* FestivalsViewModel.swift in Sources */ = {isa = PBXBuildFile; fileRef = 6F7E0A5A29CDD9D700ED9927 /* FestivalsViewModel.swift */; };
		6F7E0AAB29CDD9D700ED9927 /* Assets.xcassets in Resources */ = {isa = PBXBuildFile; fileRef = 6F7E0A5B29CDD9D700ED9927 /* Assets.xcassets */; };
		6F7E0AAD29CDD9D700ED9927 /* QueryResultGetOne.swift in Sources */ = {isa = PBXBuildFile; fileRef = 6F7E0A5F29CDD9D700ED9927 /* QueryResultGetOne.swift */; };
		6F7E0AAE29CDD9D700ED9927 /* QueryResult.swift in Sources */ = {isa = PBXBuildFile; fileRef = 6F7E0A6029CDD9D700ED9927 /* QueryResult.swift */; };
		6F7E0AB029CDD9D700ED9927 /* authData.swift in Sources */ = {isa = PBXBuildFile; fileRef = 6F7E0A6229CDD9D700ED9927 /* authData.swift */; };
		6F7E0AB129CDD9D700ED9927 /* QueryResultMSG.swift in Sources */ = {isa = PBXBuildFile; fileRef = 6F7E0A6329CDD9D700ED9927 /* QueryResultMSG.swift */; };
		6F7E0AB229CDD9D700ED9927 /* ZoneDTO.swift in Sources */ = {isa = PBXBuildFile; fileRef = 6F7E0A6529CDD9D700ED9927 /* ZoneDTO.swift */; };
		6F7E0AB329CDD9D700ED9927 /* LogInDTO.swift in Sources */ = {isa = PBXBuildFile; fileRef = 6F7E0A6629CDD9D700ED9927 /* LogInDTO.swift */; };
		6F7E0AB429CDD9D700ED9927 /* FestivalDTO.swift in Sources */ = {isa = PBXBuildFile; fileRef = 6F7E0A6729CDD9D700ED9927 /* FestivalDTO.swift */; };
		6F7E0AB529CDD9D700ED9927 /* SignUpDTO.swift in Sources */ = {isa = PBXBuildFile; fileRef = 6F7E0A6829CDD9D700ED9927 /* SignUpDTO.swift */; };
		6F7E0ABA29CDD9D700ED9927 /* BenevoleDTO.swift in Sources */ = {isa = PBXBuildFile; fileRef = 6F7E0A6D29CDD9D700ED9927 /* BenevoleDTO.swift */; };
		6F7E0ABB29CDD9D700ED9927 /* AffectationDTO.swift in Sources */ = {isa = PBXBuildFile; fileRef = 6F7E0A6E29CDD9D700ED9927 /* AffectationDTO.swift */; };
		6F7E0ABC29CDD9D700ED9927 /* Preview Assets.xcassets in Resources */ = {isa = PBXBuildFile; fileRef = 6F7E0A7029CDD9D700ED9927 /* Preview Assets.xcassets */; };
		6F7E0ABD29CDD9D700ED9927 /* Environment.plist in Resources */ = {isa = PBXBuildFile; fileRef = 6F7E0A7129CDD9D700ED9927 /* Environment.plist */; };
		6F7E0ABE29CDD9D700ED9927 /* FestivalAppMobileApp.swift in Sources */ = {isa = PBXBuildFile; fileRef = 6F7E0A7229CDD9D700ED9927 /* FestivalAppMobileApp.swift */; };
		6F7E0ABF29CDD9D700ED9927 /* FestivalState.swift in Sources */ = {isa = PBXBuildFile; fileRef = 6F7E0A7429CDD9D700ED9927 /* FestivalState.swift */; };
		6F7E0AC029CDD9D700ED9927 /* BenevoleState.swift in Sources */ = {isa = PBXBuildFile; fileRef = 6F7E0A7529CDD9D700ED9927 /* BenevoleState.swift */; };
		6F7E0AC129CDD9D700ED9927 /* ZoneState.swift in Sources */ = {isa = PBXBuildFile; fileRef = 6F7E0A7629CDD9D700ED9927 /* ZoneState.swift */; };
		6F7E0AC229CDD9D700ED9927 /* FestivalsIntent.swift in Sources */ = {isa = PBXBuildFile; fileRef = 6F7E0A7829CDD9D700ED9927 /* FestivalsIntent.swift */; };
		6F7E0AC329CDD9D700ED9927 /* SignUpIntent.swift in Sources */ = {isa = PBXBuildFile; fileRef = 6F7E0A7929CDD9D700ED9927 /* SignUpIntent.swift */; };
		6F7E0AC429CDD9D700ED9927 /* AuthIntent.swift in Sources */ = {isa = PBXBuildFile; fileRef = 6F7E0A7A29CDD9D700ED9927 /* AuthIntent.swift */; };
		6F7E0AC529CDD9D700ED9927 /* ZoneIntent.swift in Sources */ = {isa = PBXBuildFile; fileRef = 6F7E0A7B29CDD9D700ED9927 /* ZoneIntent.swift */; };
		6F7E0AC629CDD9D700ED9927 /* BenevoleIntent.swift in Sources */ = {isa = PBXBuildFile; fileRef = 6F7E0A7C29CDD9D700ED9927 /* BenevoleIntent.swift */; };
		6F7E0AC729CDD9D700ED9927 /* APIRequestError.swift in Sources */ = {isa = PBXBuildFile; fileRef = 6F7E0A7E29CDD9D700ED9927 /* APIRequestError.swift */; };
		6F7E0AC829CDD9D700ED9927 /* AuthError.swift in Sources */ = {isa = PBXBuildFile; fileRef = 6F7E0A7F29CDD9D700ED9927 /* AuthError.swift */; };
		6F7E0AC929CDD9D700ED9927 /* BenevoleIntentError.swift in Sources */ = {isa = PBXBuildFile; fileRef = 6F7E0A8029CDD9D700ED9927 /* BenevoleIntentError.swift */; };
		6F7E0ACA29CDD9D700ED9927 /* FestivalIntentError.swift in Sources */ = {isa = PBXBuildFile; fileRef = 6F7E0A8129CDD9D700ED9927 /* FestivalIntentError.swift */; };
		6F7E0ACB29CDD9D700ED9927 /* ZoneIntentError.swift in Sources */ = {isa = PBXBuildFile; fileRef = 6F7E0A8229CDD9D700ED9927 /* ZoneIntentError.swift */; };
		6F7E0ACC29CDD9D700ED9927 /* JSONError.swift in Sources */ = {isa = PBXBuildFile; fileRef = 6F7E0A8329CDD9D700ED9927 /* JSONError.swift */; };
		6F7E0ACD29CDD9D700ED9927 /* AffectationsView.swift in Sources */ = {isa = PBXBuildFile; fileRef = 6F7E0A8629CDD9D700ED9927 /* AffectationsView.swift */; };
		6F7E0ACE29CDD9D700ED9927 /* ZonesView.swift in Sources */ = {isa = PBXBuildFile; fileRef = 6F7E0A8829CDD9D700ED9927 /* ZonesView.swift */; };
		6F7E0ACF29CDD9D700ED9927 /* BenevoleView.swift in Sources */ = {isa = PBXBuildFile; fileRef = 6F7E0A8A29CDD9D700ED9927 /* BenevoleView.swift */; };
		6F7E0AD029CDD9D700ED9927 /* BenevoleListView.swift in Sources */ = {isa = PBXBuildFile; fileRef = 6F7E0A8B29CDD9D700ED9927 /* BenevoleListView.swift */; };
		6F7E0AD129CDD9D700ED9927 /* SigninView.swift in Sources */ = {isa = PBXBuildFile; fileRef = 6F7E0A8D29CDD9D700ED9927 /* SigninView.swift */; };
		6F7E0AD229CDD9D700ED9927 /* SignupView.swift in Sources */ = {isa = PBXBuildFile; fileRef = 6F7E0A8E29CDD9D700ED9927 /* SignupView.swift */; };
		6F7E0AD329CDD9D700ED9927 /* VisitorView.swift in Sources */ = {isa = PBXBuildFile; fileRef = 6F7E0A8F29CDD9D700ED9927 /* VisitorView.swift */; };
		6F7E0AD429CDD9D700ED9927 /* SignedInView.swift in Sources */ = {isa = PBXBuildFile; fileRef = 6F7E0A9029CDD9D700ED9927 /* SignedInView.swift */; };
		6F7E0AD529CDD9D700ED9927 /* LandingPageView.swift in Sources */ = {isa = PBXBuildFile; fileRef = 6F7E0A9129CDD9D700ED9927 /* LandingPageView.swift */; };
		6F7E0AD629CDD9D700ED9927 /* HomeView.swift in Sources */ = {isa = PBXBuildFile; fileRef = 6F7E0A9229CDD9D700ED9927 /* HomeView.swift */; };
		6F7E0AD729CDD9D700ED9927 /* MenuView.swift in Sources */ = {isa = PBXBuildFile; fileRef = 6F7E0A9329CDD9D700ED9927 /* MenuView.swift */; };
		6F7E0AD829CDD9D700ED9927 /* FestivalView.swift in Sources */ = {isa = PBXBuildFile; fileRef = 6F7E0A9529CDD9D700ED9927 /* FestivalView.swift */; };
		6F7E0AD929CDD9D700ED9927 /* JourView.swift in Sources */ = {isa = PBXBuildFile; fileRef = 6F7E0A9629CDD9D700ED9927 /* JourView.swift */; };
		6F7E0ADA29CDD9D700ED9927 /* FestivalsView.swift in Sources */ = {isa = PBXBuildFile; fileRef = 6F7E0A9729CDD9D700ED9927 /* FestivalsView.swift */; };
		6F7E0ADB29CDD9D700ED9927 /* ContentView.swift in Sources */ = {isa = PBXBuildFile; fileRef = 6F7E0A9829CDD9D700ED9927 /* ContentView.swift */; };
		6F7E0ADC29CDD9D700ED9927 /* EnvironmentHelper.swift in Sources */ = {isa = PBXBuildFile; fileRef = 6F7E0A9A29CDD9D700ED9927 /* EnvironmentHelper.swift */; };
		6F7E0ADD29CDD9D700ED9927 /* ViewsManager.swift in Sources */ = {isa = PBXBuildFile; fileRef = 6F7E0A9B29CDD9D700ED9927 /* ViewsManager.swift */; };
		6F7E0ADE29CDD9D700ED9927 /* AuthManager.swift in Sources */ = {isa = PBXBuildFile; fileRef = 6F7E0A9C29CDD9D700ED9927 /* AuthManager.swift */; };
		6F7E0ADF29CDD9D700ED9927 /* JSONHelper.swift in Sources */ = {isa = PBXBuildFile; fileRef = 6F7E0A9D29CDD9D700ED9927 /* JSONHelper.swift */; };
		6F7E0AE029CDD9D700ED9927 /* BenevoleService.swift in Sources */ = {isa = PBXBuildFile; fileRef = 6F7E0A9F29CDD9D700ED9927 /* BenevoleService.swift */; };
		6F7E0AE129CDD9D700ED9927 /* AuthService.swift in Sources */ = {isa = PBXBuildFile; fileRef = 6F7E0AA029CDD9D700ED9927 /* AuthService.swift */; };
		6F7E0AE229CDD9D700ED9927 /* SignUpService.swift in Sources */ = {isa = PBXBuildFile; fileRef = 6F7E0AA129CDD9D700ED9927 /* SignUpService.swift */; };
		6F7E0AE429CE0A9F00ED9927 /* JourDTO.swift in Sources */ = {isa = PBXBuildFile; fileRef = 6F7E0AE329CE0A9F00ED9927 /* JourDTO.swift */; };
		6F7E0AE629CE0C3900ED9927 /* CreneauDTO.swift in Sources */ = {isa = PBXBuildFile; fileRef = 6F7E0AE529CE0C3900ED9927 /* CreneauDTO.swift */; };
		6F7E0AE829CE0DF600ED9927 /* CreneauDocDTO.swift in Sources */ = {isa = PBXBuildFile; fileRef = 6F7E0AE729CE0DF600ED9927 /* CreneauDocDTO.swift */; };
		6F7E0AEA29CE0E9E00ED9927 /* ZoneDocDTO.swift in Sources */ = {isa = PBXBuildFile; fileRef = 6F7E0AE929CE0E9E00ED9927 /* ZoneDocDTO.swift */; };
		6F7E0AEC29CE111F00ED9927 /* AffectationDocDTO.swift in Sources */ = {isa = PBXBuildFile; fileRef = 6F7E0AEB29CE111F00ED9927 /* AffectationDocDTO.swift */; };
		6F7E0AEF29CE1C5100ED9927 /* CreneauViewModel.swift in Sources */ = {isa = PBXBuildFile; fileRef = 6F7E0AEE29CE1C5100ED9927 /* CreneauViewModel.swift */; };
		6F7E0AF129CE1C6700ED9927 /* CreneauListViewModel.swift in Sources */ = {isa = PBXBuildFile; fileRef = 6F7E0AF029CE1C6700ED9927 /* CreneauListViewModel.swift */; };
		6F7E0AF329CE1F3700ED9927 /* JoursIntent.swift in Sources */ = {isa = PBXBuildFile; fileRef = 6F7E0AF229CE1F3700ED9927 /* JoursIntent.swift */; };
		6FDBFE3D29CE89690035AE3D /* FestivalService.swift in Sources */ = {isa = PBXBuildFile; fileRef = 6FDBFE3C29CE89690035AE3D /* FestivalService.swift */; };
		6FDBFE3F29CE8F800035AE3D /* FestivalsState.swift in Sources */ = {isa = PBXBuildFile; fileRef = 6FDBFE3E29CE8F800035AE3D /* FestivalsState.swift */; };
		6FDBFE4329CE9BD90035AE3D /* FakeFestivalViewModel.swift in Sources */ = {isa = PBXBuildFile; fileRef = 6FDBFE4229CE9BD90035AE3D /* FakeFestivalViewModel.swift */; };
		6FDBFE4529CE9CC00035AE3D /* FakeFestivalsViewModel.swift in Sources */ = {isa = PBXBuildFile; fileRef = 6FDBFE4429CE9CC00035AE3D /* FakeFestivalsViewModel.swift */; };
		B73A116F29D591B500BF0F75 /* CreneauListView.swift in Sources */ = {isa = PBXBuildFile; fileRef = B73A116E29D591B500BF0F75 /* CreneauListView.swift */; };
		B73A117129D593E800BF0F75 /* CreneauView.swift in Sources */ = {isa = PBXBuildFile; fileRef = B73A117029D593E800BF0F75 /* CreneauView.swift */; };
		B73A117629D59B9300BF0F75 /* SubscribeBenevolesView.swift in Sources */ = {isa = PBXBuildFile; fileRef = B73A117529D59B9300BF0F75 /* SubscribeBenevolesView.swift */; };
		B73A117829D5A9C600BF0F75 /* ZonesState.swift in Sources */ = {isa = PBXBuildFile; fileRef = B73A117729D5A9C600BF0F75 /* ZonesState.swift */; };
		B73A117A29D5BB4D00BF0F75 /* ZoneService.swift in Sources */ = {isa = PBXBuildFile; fileRef = B73A117929D5BB4D00BF0F75 /* ZoneService.swift */; };
		B73A117C29D5BD2D00BF0F75 /* ZonesIntent.swift in Sources */ = {isa = PBXBuildFile; fileRef = B73A117B29D5BD2D00BF0F75 /* ZonesIntent.swift */; };
		B73A117E29D5CB9400BF0F75 /* AddFestivalView.swift in Sources */ = {isa = PBXBuildFile; fileRef = B73A117D29D5CB9400BF0F75 /* AddFestivalView.swift */; };
		B73A118029D5CD2800BF0F75 /* AddJourView.swift in Sources */ = {isa = PBXBuildFile; fileRef = B73A117F29D5CD2800BF0F75 /* AddJourView.swift */; };
		B73A118229D5CE1100BF0F75 /* AddZoneView.swift in Sources */ = {isa = PBXBuildFile; fileRef = B73A118129D5CE1100BF0F75 /* AddZoneView.swift */; };
/* End PBXBuildFile section */

/* Begin PBXContainerItemProxy section */
		6F7E099929CDD7F300ED9927 /* PBXContainerItemProxy */ = {
			isa = PBXContainerItemProxy;
			containerPortal = 6F7E098029CDD7F200ED9927 /* Project object */;
			proxyType = 1;
			remoteGlobalIDString = 6F7E098729CDD7F200ED9927;
			remoteInfo = FestivalAppMobile;
		};
		6F7E09A329CDD7F300ED9927 /* PBXContainerItemProxy */ = {
			isa = PBXContainerItemProxy;
			containerPortal = 6F7E098029CDD7F200ED9927 /* Project object */;
			proxyType = 1;
			remoteGlobalIDString = 6F7E098729CDD7F200ED9927;
			remoteInfo = FestivalAppMobile;
		};
/* End PBXContainerItemProxy section */

/* Begin PBXFileReference section */
		6F004CFD29CF291C00BCB7ED /* JourService.swift */ = {isa = PBXFileReference; lastKnownFileType = sourcecode.swift; path = JourService.swift; sourceTree = "<group>"; };
		6F004CFF29CF293700BCB7ED /* CreneauService.swift */ = {isa = PBXFileReference; lastKnownFileType = sourcecode.swift; path = CreneauService.swift; sourceTree = "<group>"; };
		6F004D0129CF32ED00BCB7ED /* FakeFestivalsView.swift */ = {isa = PBXFileReference; lastKnownFileType = sourcecode.swift; path = FakeFestivalsView.swift; sourceTree = "<group>"; };
		6F004D0429CF46FA00BCB7ED /* CustomEditButton.swift */ = {isa = PBXFileReference; lastKnownFileType = sourcecode.swift; path = CustomEditButton.swift; sourceTree = "<group>"; };
		6F004D0629CF4A5A00BCB7ED /* JoursState.swift */ = {isa = PBXFileReference; lastKnownFileType = sourcecode.swift; path = JoursState.swift; sourceTree = "<group>"; };
		6F004D0829CF4EDA00BCB7ED /* FakeJourListViewModel.swift */ = {isa = PBXFileReference; lastKnownFileType = sourcecode.swift; path = FakeJourListViewModel.swift; sourceTree = "<group>"; };
		6F004D0A29CF4F2500BCB7ED /* FakeJourViewModel.swift */ = {isa = PBXFileReference; lastKnownFileType = sourcecode.swift; path = FakeJourViewModel.swift; sourceTree = "<group>"; };
		6F004D0C29CF893B00BCB7ED /* FakeFestivalView.swift */ = {isa = PBXFileReference; lastKnownFileType = sourcecode.swift; path = FakeFestivalView.swift; sourceTree = "<group>"; };
		6F004D0E29CF8A2200BCB7ED /* FakeJourFestivalView.swift */ = {isa = PBXFileReference; lastKnownFileType = sourcecode.swift; path = FakeJourFestivalView.swift; sourceTree = "<group>"; };
		6F004D1029CF8B4200BCB7ED /* FestivalIntent.swift */ = {isa = PBXFileReference; lastKnownFileType = sourcecode.swift; path = FestivalIntent.swift; sourceTree = "<group>"; };
		6F004D1229D17F1000BCB7ED /* JourState.swift */ = {isa = PBXFileReference; lastKnownFileType = sourcecode.swift; path = JourState.swift; sourceTree = "<group>"; };
		6F004D2029D4403700BCB7ED /* JourRowView.swift */ = {isa = PBXFileReference; lastKnownFileType = sourcecode.swift; path = JourRowView.swift; sourceTree = "<group>"; };
		6F004D2229D4407F00BCB7ED /* ZoneRowView.swift */ = {isa = PBXFileReference; lastKnownFileType = sourcecode.swift; path = ZoneRowView.swift; sourceTree = "<group>"; };
		6F004D2429D4419400BCB7ED /* JourListView.swift */ = {isa = PBXFileReference; lastKnownFileType = sourcecode.swift; path = JourListView.swift; sourceTree = "<group>"; };
		6F004D2629D441B200BCB7ED /* ZoneListView.swift */ = {isa = PBXFileReference; lastKnownFileType = sourcecode.swift; path = ZoneListView.swift; sourceTree = "<group>"; };
		6F004D2929D442A500BCB7ED /* CreneauRowView.swift */ = {isa = PBXFileReference; lastKnownFileType = sourcecode.swift; path = CreneauRowView.swift; sourceTree = "<group>"; };
		6F7E098829CDD7F200ED9927 /* FestivalAppMobile.app */ = {isa = PBXFileReference; explicitFileType = wrapper.application; includeInIndex = 0; path = FestivalAppMobile.app; sourceTree = BUILT_PRODUCTS_DIR; };
		6F7E099829CDD7F300ED9927 /* FestivalAppMobileTests.xctest */ = {isa = PBXFileReference; explicitFileType = wrapper.cfbundle; includeInIndex = 0; path = FestivalAppMobileTests.xctest; sourceTree = BUILT_PRODUCTS_DIR; };
		6F7E099C29CDD7F300ED9927 /* FestivalAppMobileTests.swift */ = {isa = PBXFileReference; lastKnownFileType = sourcecode.swift; path = FestivalAppMobileTests.swift; sourceTree = "<group>"; };
		6F7E09A229CDD7F300ED9927 /* FestivalAppMobileUITests.xctest */ = {isa = PBXFileReference; explicitFileType = wrapper.cfbundle; includeInIndex = 0; path = FestivalAppMobileUITests.xctest; sourceTree = BUILT_PRODUCTS_DIR; };
		6F7E09A629CDD7F300ED9927 /* FestivalAppMobileUITests.swift */ = {isa = PBXFileReference; lastKnownFileType = sourcecode.swift; path = FestivalAppMobileUITests.swift; sourceTree = "<group>"; };
		6F7E09A829CDD7F300ED9927 /* FestivalAppMobileUITestsLaunchTests.swift */ = {isa = PBXFileReference; lastKnownFileType = sourcecode.swift; path = FestivalAppMobileUITestsLaunchTests.swift; sourceTree = "<group>"; };
		6F7E0A4F29CDD9D700ED9927 /* ZoneListViewModel.swift */ = {isa = PBXFileReference; fileEncoding = 4; lastKnownFileType = sourcecode.swift; path = ZoneListViewModel.swift; sourceTree = "<group>"; };
		6F7E0A5029CDD9D700ED9927 /* ZoneViewModel.swift */ = {isa = PBXFileReference; fileEncoding = 4; lastKnownFileType = sourcecode.swift; path = ZoneViewModel.swift; sourceTree = "<group>"; };
		6F7E0A5229CDD9D700ED9927 /* BenevoleViewModel.swift */ = {isa = PBXFileReference; fileEncoding = 4; lastKnownFileType = sourcecode.swift; path = BenevoleViewModel.swift; sourceTree = "<group>"; };
		6F7E0A5329CDD9D700ED9927 /* BenevoleListViewModel.swift */ = {isa = PBXFileReference; fileEncoding = 4; lastKnownFileType = sourcecode.swift; path = BenevoleListViewModel.swift; sourceTree = "<group>"; };
		6F7E0A5429CDD9D700ED9927 /* ViewModelObserver.swift */ = {isa = PBXFileReference; fileEncoding = 4; lastKnownFileType = sourcecode.swift; path = ViewModelObserver.swift; sourceTree = "<group>"; };
		6F7E0A5629CDD9D700ED9927 /* JourViewModel.swift */ = {isa = PBXFileReference; fileEncoding = 4; lastKnownFileType = sourcecode.swift; path = JourViewModel.swift; sourceTree = "<group>"; };
		6F7E0A5729CDD9D700ED9927 /* JourListViewModel.swift */ = {isa = PBXFileReference; fileEncoding = 4; lastKnownFileType = sourcecode.swift; path = JourListViewModel.swift; sourceTree = "<group>"; };
		6F7E0A5929CDD9D700ED9927 /* FestivalViewModel.swift */ = {isa = PBXFileReference; fileEncoding = 4; lastKnownFileType = sourcecode.swift; path = FestivalViewModel.swift; sourceTree = "<group>"; };
		6F7E0A5A29CDD9D700ED9927 /* FestivalsViewModel.swift */ = {isa = PBXFileReference; fileEncoding = 4; lastKnownFileType = sourcecode.swift; path = FestivalsViewModel.swift; sourceTree = "<group>"; };
		6F7E0A5B29CDD9D700ED9927 /* Assets.xcassets */ = {isa = PBXFileReference; lastKnownFileType = folder.assetcatalog; path = Assets.xcassets; sourceTree = "<group>"; };
		6F7E0A5F29CDD9D700ED9927 /* QueryResultGetOne.swift */ = {isa = PBXFileReference; fileEncoding = 4; lastKnownFileType = sourcecode.swift; path = QueryResultGetOne.swift; sourceTree = "<group>"; };
		6F7E0A6029CDD9D700ED9927 /* QueryResult.swift */ = {isa = PBXFileReference; fileEncoding = 4; lastKnownFileType = sourcecode.swift; path = QueryResult.swift; sourceTree = "<group>"; };
		6F7E0A6229CDD9D700ED9927 /* authData.swift */ = {isa = PBXFileReference; fileEncoding = 4; lastKnownFileType = sourcecode.swift; path = authData.swift; sourceTree = "<group>"; };
		6F7E0A6329CDD9D700ED9927 /* QueryResultMSG.swift */ = {isa = PBXFileReference; fileEncoding = 4; lastKnownFileType = sourcecode.swift; path = QueryResultMSG.swift; sourceTree = "<group>"; };
		6F7E0A6529CDD9D700ED9927 /* ZoneDTO.swift */ = {isa = PBXFileReference; fileEncoding = 4; lastKnownFileType = sourcecode.swift; path = ZoneDTO.swift; sourceTree = "<group>"; };
		6F7E0A6629CDD9D700ED9927 /* LogInDTO.swift */ = {isa = PBXFileReference; fileEncoding = 4; lastKnownFileType = sourcecode.swift; path = LogInDTO.swift; sourceTree = "<group>"; };
		6F7E0A6729CDD9D700ED9927 /* FestivalDTO.swift */ = {isa = PBXFileReference; fileEncoding = 4; lastKnownFileType = sourcecode.swift; path = FestivalDTO.swift; sourceTree = "<group>"; };
		6F7E0A6829CDD9D700ED9927 /* SignUpDTO.swift */ = {isa = PBXFileReference; fileEncoding = 4; lastKnownFileType = sourcecode.swift; path = SignUpDTO.swift; sourceTree = "<group>"; };
		6F7E0A6D29CDD9D700ED9927 /* BenevoleDTO.swift */ = {isa = PBXFileReference; fileEncoding = 4; lastKnownFileType = sourcecode.swift; path = BenevoleDTO.swift; sourceTree = "<group>"; };
		6F7E0A6E29CDD9D700ED9927 /* AffectationDTO.swift */ = {isa = PBXFileReference; fileEncoding = 4; lastKnownFileType = sourcecode.swift; path = AffectationDTO.swift; sourceTree = "<group>"; };
		6F7E0A7029CDD9D700ED9927 /* Preview Assets.xcassets */ = {isa = PBXFileReference; lastKnownFileType = folder.assetcatalog; path = "Preview Assets.xcassets"; sourceTree = "<group>"; };
		6F7E0A7129CDD9D700ED9927 /* Environment.plist */ = {isa = PBXFileReference; fileEncoding = 4; lastKnownFileType = text.plist.xml; path = Environment.plist; sourceTree = "<group>"; };
		6F7E0A7229CDD9D700ED9927 /* FestivalAppMobileApp.swift */ = {isa = PBXFileReference; fileEncoding = 4; lastKnownFileType = sourcecode.swift; path = FestivalAppMobileApp.swift; sourceTree = "<group>"; };
		6F7E0A7429CDD9D700ED9927 /* FestivalState.swift */ = {isa = PBXFileReference; fileEncoding = 4; lastKnownFileType = sourcecode.swift; path = FestivalState.swift; sourceTree = "<group>"; };
		6F7E0A7529CDD9D700ED9927 /* BenevoleState.swift */ = {isa = PBXFileReference; fileEncoding = 4; lastKnownFileType = sourcecode.swift; path = BenevoleState.swift; sourceTree = "<group>"; };
		6F7E0A7629CDD9D700ED9927 /* ZoneState.swift */ = {isa = PBXFileReference; fileEncoding = 4; lastKnownFileType = sourcecode.swift; path = ZoneState.swift; sourceTree = "<group>"; };
		6F7E0A7829CDD9D700ED9927 /* FestivalsIntent.swift */ = {isa = PBXFileReference; fileEncoding = 4; lastKnownFileType = sourcecode.swift; path = FestivalsIntent.swift; sourceTree = "<group>"; };
		6F7E0A7929CDD9D700ED9927 /* SignUpIntent.swift */ = {isa = PBXFileReference; fileEncoding = 4; lastKnownFileType = sourcecode.swift; path = SignUpIntent.swift; sourceTree = "<group>"; };
		6F7E0A7A29CDD9D700ED9927 /* AuthIntent.swift */ = {isa = PBXFileReference; fileEncoding = 4; lastKnownFileType = sourcecode.swift; path = AuthIntent.swift; sourceTree = "<group>"; };
		6F7E0A7B29CDD9D700ED9927 /* ZoneIntent.swift */ = {isa = PBXFileReference; fileEncoding = 4; lastKnownFileType = sourcecode.swift; path = ZoneIntent.swift; sourceTree = "<group>"; };
		6F7E0A7C29CDD9D700ED9927 /* BenevoleIntent.swift */ = {isa = PBXFileReference; fileEncoding = 4; lastKnownFileType = sourcecode.swift; path = BenevoleIntent.swift; sourceTree = "<group>"; };
		6F7E0A7E29CDD9D700ED9927 /* APIRequestError.swift */ = {isa = PBXFileReference; fileEncoding = 4; lastKnownFileType = sourcecode.swift; path = APIRequestError.swift; sourceTree = "<group>"; };
		6F7E0A7F29CDD9D700ED9927 /* AuthError.swift */ = {isa = PBXFileReference; fileEncoding = 4; lastKnownFileType = sourcecode.swift; path = AuthError.swift; sourceTree = "<group>"; };
		6F7E0A8029CDD9D700ED9927 /* BenevoleIntentError.swift */ = {isa = PBXFileReference; fileEncoding = 4; lastKnownFileType = sourcecode.swift; path = BenevoleIntentError.swift; sourceTree = "<group>"; };
		6F7E0A8129CDD9D700ED9927 /* FestivalIntentError.swift */ = {isa = PBXFileReference; fileEncoding = 4; lastKnownFileType = sourcecode.swift; path = FestivalIntentError.swift; sourceTree = "<group>"; };
		6F7E0A8229CDD9D700ED9927 /* ZoneIntentError.swift */ = {isa = PBXFileReference; fileEncoding = 4; lastKnownFileType = sourcecode.swift; path = ZoneIntentError.swift; sourceTree = "<group>"; };
		6F7E0A8329CDD9D700ED9927 /* JSONError.swift */ = {isa = PBXFileReference; fileEncoding = 4; lastKnownFileType = sourcecode.swift; path = JSONError.swift; sourceTree = "<group>"; };
		6F7E0A8629CDD9D700ED9927 /* AffectationsView.swift */ = {isa = PBXFileReference; fileEncoding = 4; lastKnownFileType = sourcecode.swift; path = AffectationsView.swift; sourceTree = "<group>"; };
		6F7E0A8829CDD9D700ED9927 /* ZonesView.swift */ = {isa = PBXFileReference; fileEncoding = 4; lastKnownFileType = sourcecode.swift; path = ZonesView.swift; sourceTree = "<group>"; };
		6F7E0A8A29CDD9D700ED9927 /* BenevoleView.swift */ = {isa = PBXFileReference; fileEncoding = 4; lastKnownFileType = sourcecode.swift; path = BenevoleView.swift; sourceTree = "<group>"; };
		6F7E0A8B29CDD9D700ED9927 /* BenevoleListView.swift */ = {isa = PBXFileReference; fileEncoding = 4; lastKnownFileType = sourcecode.swift; path = BenevoleListView.swift; sourceTree = "<group>"; };
		6F7E0A8D29CDD9D700ED9927 /* SigninView.swift */ = {isa = PBXFileReference; fileEncoding = 4; lastKnownFileType = sourcecode.swift; path = SigninView.swift; sourceTree = "<group>"; };
		6F7E0A8E29CDD9D700ED9927 /* SignupView.swift */ = {isa = PBXFileReference; fileEncoding = 4; lastKnownFileType = sourcecode.swift; path = SignupView.swift; sourceTree = "<group>"; };
		6F7E0A8F29CDD9D700ED9927 /* VisitorView.swift */ = {isa = PBXFileReference; fileEncoding = 4; lastKnownFileType = sourcecode.swift; path = VisitorView.swift; sourceTree = "<group>"; };
		6F7E0A9029CDD9D700ED9927 /* SignedInView.swift */ = {isa = PBXFileReference; fileEncoding = 4; lastKnownFileType = sourcecode.swift; path = SignedInView.swift; sourceTree = "<group>"; };
		6F7E0A9129CDD9D700ED9927 /* LandingPageView.swift */ = {isa = PBXFileReference; fileEncoding = 4; lastKnownFileType = sourcecode.swift; path = LandingPageView.swift; sourceTree = "<group>"; };
		6F7E0A9229CDD9D700ED9927 /* HomeView.swift */ = {isa = PBXFileReference; fileEncoding = 4; lastKnownFileType = sourcecode.swift; path = HomeView.swift; sourceTree = "<group>"; };
		6F7E0A9329CDD9D700ED9927 /* MenuView.swift */ = {isa = PBXFileReference; fileEncoding = 4; lastKnownFileType = sourcecode.swift; path = MenuView.swift; sourceTree = "<group>"; };
		6F7E0A9529CDD9D700ED9927 /* FestivalView.swift */ = {isa = PBXFileReference; fileEncoding = 4; lastKnownFileType = sourcecode.swift; path = FestivalView.swift; sourceTree = "<group>"; };
		6F7E0A9629CDD9D700ED9927 /* JourView.swift */ = {isa = PBXFileReference; fileEncoding = 4; lastKnownFileType = sourcecode.swift; path = JourView.swift; sourceTree = "<group>"; };
		6F7E0A9729CDD9D700ED9927 /* FestivalsView.swift */ = {isa = PBXFileReference; fileEncoding = 4; lastKnownFileType = sourcecode.swift; path = FestivalsView.swift; sourceTree = "<group>"; };
		6F7E0A9829CDD9D700ED9927 /* ContentView.swift */ = {isa = PBXFileReference; fileEncoding = 4; lastKnownFileType = sourcecode.swift; path = ContentView.swift; sourceTree = "<group>"; };
		6F7E0A9A29CDD9D700ED9927 /* EnvironmentHelper.swift */ = {isa = PBXFileReference; fileEncoding = 4; lastKnownFileType = sourcecode.swift; path = EnvironmentHelper.swift; sourceTree = "<group>"; };
		6F7E0A9B29CDD9D700ED9927 /* ViewsManager.swift */ = {isa = PBXFileReference; fileEncoding = 4; lastKnownFileType = sourcecode.swift; path = ViewsManager.swift; sourceTree = "<group>"; };
		6F7E0A9C29CDD9D700ED9927 /* AuthManager.swift */ = {isa = PBXFileReference; fileEncoding = 4; lastKnownFileType = sourcecode.swift; path = AuthManager.swift; sourceTree = "<group>"; };
		6F7E0A9D29CDD9D700ED9927 /* JSONHelper.swift */ = {isa = PBXFileReference; fileEncoding = 4; lastKnownFileType = sourcecode.swift; path = JSONHelper.swift; sourceTree = "<group>"; };
		6F7E0A9F29CDD9D700ED9927 /* BenevoleService.swift */ = {isa = PBXFileReference; fileEncoding = 4; lastKnownFileType = sourcecode.swift; path = BenevoleService.swift; sourceTree = "<group>"; };
		6F7E0AA029CDD9D700ED9927 /* AuthService.swift */ = {isa = PBXFileReference; fileEncoding = 4; lastKnownFileType = sourcecode.swift; path = AuthService.swift; sourceTree = "<group>"; };
		6F7E0AA129CDD9D700ED9927 /* SignUpService.swift */ = {isa = PBXFileReference; fileEncoding = 4; lastKnownFileType = sourcecode.swift; path = SignUpService.swift; sourceTree = "<group>"; };
		6F7E0AE329CE0A9F00ED9927 /* JourDTO.swift */ = {isa = PBXFileReference; lastKnownFileType = sourcecode.swift; path = JourDTO.swift; sourceTree = "<group>"; };
		6F7E0AE529CE0C3900ED9927 /* CreneauDTO.swift */ = {isa = PBXFileReference; lastKnownFileType = sourcecode.swift; path = CreneauDTO.swift; sourceTree = "<group>"; };
		6F7E0AE729CE0DF600ED9927 /* CreneauDocDTO.swift */ = {isa = PBXFileReference; lastKnownFileType = sourcecode.swift; path = CreneauDocDTO.swift; sourceTree = "<group>"; };
		6F7E0AE929CE0E9E00ED9927 /* ZoneDocDTO.swift */ = {isa = PBXFileReference; lastKnownFileType = sourcecode.swift; path = ZoneDocDTO.swift; sourceTree = "<group>"; };
		6F7E0AEB29CE111F00ED9927 /* AffectationDocDTO.swift */ = {isa = PBXFileReference; lastKnownFileType = sourcecode.swift; path = AffectationDocDTO.swift; sourceTree = "<group>"; };
		6F7E0AEE29CE1C5100ED9927 /* CreneauViewModel.swift */ = {isa = PBXFileReference; lastKnownFileType = sourcecode.swift; path = CreneauViewModel.swift; sourceTree = "<group>"; };
		6F7E0AF029CE1C6700ED9927 /* CreneauListViewModel.swift */ = {isa = PBXFileReference; lastKnownFileType = sourcecode.swift; path = CreneauListViewModel.swift; sourceTree = "<group>"; };
		6F7E0AF229CE1F3700ED9927 /* JoursIntent.swift */ = {isa = PBXFileReference; lastKnownFileType = sourcecode.swift; path = JoursIntent.swift; sourceTree = "<group>"; };
		6FDBFE3C29CE89690035AE3D /* FestivalService.swift */ = {isa = PBXFileReference; lastKnownFileType = sourcecode.swift; path = FestivalService.swift; sourceTree = "<group>"; };
		6FDBFE3E29CE8F800035AE3D /* FestivalsState.swift */ = {isa = PBXFileReference; lastKnownFileType = sourcecode.swift; path = FestivalsState.swift; sourceTree = "<group>"; };
		6FDBFE4229CE9BD90035AE3D /* FakeFestivalViewModel.swift */ = {isa = PBXFileReference; lastKnownFileType = sourcecode.swift; path = FakeFestivalViewModel.swift; sourceTree = "<group>"; };
		6FDBFE4429CE9CC00035AE3D /* FakeFestivalsViewModel.swift */ = {isa = PBXFileReference; lastKnownFileType = sourcecode.swift; path = FakeFestivalsViewModel.swift; sourceTree = "<group>"; };
		B73A116E29D591B500BF0F75 /* CreneauListView.swift */ = {isa = PBXFileReference; lastKnownFileType = sourcecode.swift; path = CreneauListView.swift; sourceTree = "<group>"; };
		B73A117029D593E800BF0F75 /* CreneauView.swift */ = {isa = PBXFileReference; lastKnownFileType = sourcecode.swift; path = CreneauView.swift; sourceTree = "<group>"; };
		B73A117529D59B9300BF0F75 /* SubscribeBenevolesView.swift */ = {isa = PBXFileReference; lastKnownFileType = sourcecode.swift; path = SubscribeBenevolesView.swift; sourceTree = "<group>"; };
		B73A117729D5A9C600BF0F75 /* ZonesState.swift */ = {isa = PBXFileReference; lastKnownFileType = sourcecode.swift; path = ZonesState.swift; sourceTree = "<group>"; };
		B73A117929D5BB4D00BF0F75 /* ZoneService.swift */ = {isa = PBXFileReference; lastKnownFileType = sourcecode.swift; path = ZoneService.swift; sourceTree = "<group>"; };
		B73A117B29D5BD2D00BF0F75 /* ZonesIntent.swift */ = {isa = PBXFileReference; lastKnownFileType = sourcecode.swift; path = ZonesIntent.swift; sourceTree = "<group>"; };
		B73A117D29D5CB9400BF0F75 /* AddFestivalView.swift */ = {isa = PBXFileReference; lastKnownFileType = sourcecode.swift; path = AddFestivalView.swift; sourceTree = "<group>"; };
		B73A117F29D5CD2800BF0F75 /* AddJourView.swift */ = {isa = PBXFileReference; lastKnownFileType = sourcecode.swift; path = AddJourView.swift; sourceTree = "<group>"; };
		B73A118129D5CE1100BF0F75 /* AddZoneView.swift */ = {isa = PBXFileReference; lastKnownFileType = sourcecode.swift; path = AddZoneView.swift; sourceTree = "<group>"; };
/* End PBXFileReference section */

/* Begin PBXFrameworksBuildPhase section */
		6F7E098529CDD7F200ED9927 /* Frameworks */ = {
			isa = PBXFrameworksBuildPhase;
			buildActionMask = 2147483647;
			files = (
			);
			runOnlyForDeploymentPostprocessing = 0;
		};
		6F7E099529CDD7F300ED9927 /* Frameworks */ = {
			isa = PBXFrameworksBuildPhase;
			buildActionMask = 2147483647;
			files = (
			);
			runOnlyForDeploymentPostprocessing = 0;
		};
		6F7E099F29CDD7F300ED9927 /* Frameworks */ = {
			isa = PBXFrameworksBuildPhase;
			buildActionMask = 2147483647;
			files = (
			);
			runOnlyForDeploymentPostprocessing = 0;
		};
/* End PBXFrameworksBuildPhase section */

/* Begin PBXGroup section */
		6F004D0329CF46E800BCB7ED /* Partials */ = {
			isa = PBXGroup;
			children = (
				6F004D0429CF46FA00BCB7ED /* CustomEditButton.swift */,
			);
			path = Partials;
			sourceTree = "<group>";
		};
		6F004D1429D43DDD00BCB7ED /* Documents */ = {
			isa = PBXGroup;
			children = (
				6F7E0AE729CE0DF600ED9927 /* CreneauDocDTO.swift */,
				6F7E0AE929CE0E9E00ED9927 /* ZoneDocDTO.swift */,
				6F7E0AEB29CE111F00ED9927 /* AffectationDocDTO.swift */,
			);
			path = Documents;
			sourceTree = "<group>";
		};
		6F004D1529D43E0C00BCB7ED /* Festivals */ = {
			isa = PBXGroup;
			children = (
				6FDBFE3E29CE8F800035AE3D /* FestivalsState.swift */,
				6F7E0A7429CDD9D700ED9927 /* FestivalState.swift */,
			);
			path = Festivals;
			sourceTree = "<group>";
		};
		6F004D1629D43E5500BCB7ED /* Jours */ = {
			isa = PBXGroup;
			children = (
				6F004D1229D17F1000BCB7ED /* JourState.swift */,
				6F004D0629CF4A5A00BCB7ED /* JoursState.swift */,
			);
			path = Jours;
			sourceTree = "<group>";
		};
		6F004D1729D43E7D00BCB7ED /* Zones */ = {
			isa = PBXGroup;
			children = (
				6F7E0A7629CDD9D700ED9927 /* ZoneState.swift */,
				B73A117729D5A9C600BF0F75 /* ZonesState.swift */,
			);
			path = Zones;
			sourceTree = "<group>";
		};
		6F004D1829D43E8500BCB7ED /* Benevoles */ = {
			isa = PBXGroup;
			children = (
				6F7E0A7529CDD9D700ED9927 /* BenevoleState.swift */,
			);
			path = Benevoles;
			sourceTree = "<group>";
		};
		6F004D1929D43E9600BCB7ED /* Festivals */ = {
			isa = PBXGroup;
			children = (
				6F004D1029CF8B4200BCB7ED /* FestivalIntent.swift */,
				6F7E0A7829CDD9D700ED9927 /* FestivalsIntent.swift */,
			);
			path = Festivals;
			sourceTree = "<group>";
		};
		6F004D1A29D43EA700BCB7ED /* Auth */ = {
			isa = PBXGroup;
			children = (
				6F7E0A7929CDD9D700ED9927 /* SignUpIntent.swift */,
				6F7E0A7A29CDD9D700ED9927 /* AuthIntent.swift */,
			);
			path = Auth;
			sourceTree = "<group>";
		};
		6F004D1B29D43EBB00BCB7ED /* Zones */ = {
			isa = PBXGroup;
			children = (
				6F7E0A7B29CDD9D700ED9927 /* ZoneIntent.swift */,
				B73A117B29D5BD2D00BF0F75 /* ZonesIntent.swift */,
			);
			path = Zones;
			sourceTree = "<group>";
		};
		6F004D1C29D43EC000BCB7ED /* Jours */ = {
			isa = PBXGroup;
			children = (
				6F7E0AF229CE1F3700ED9927 /* JoursIntent.swift */,
			);
			path = Jours;
			sourceTree = "<group>";
		};
		6F004D1D29D43EC400BCB7ED /* Benevoles */ = {
			isa = PBXGroup;
			children = (
				6F7E0A7C29CDD9D700ED9927 /* BenevoleIntent.swift */,
			);
			path = Benevoles;
			sourceTree = "<group>";
		};
		6F004D1E29D43F7800BCB7ED /* Festival */ = {
			isa = PBXGroup;
			children = (
				6F7E0A9529CDD9D700ED9927 /* FestivalView.swift */,
				6F004D1F29D43F8C00BCB7ED /* Jours */,
				6F7E0A8729CDD9D700ED9927 /* Zones */,
				B73A117D29D5CB9400BF0F75 /* AddFestivalView.swift */,
			);
			path = Festival;
			sourceTree = "<group>";
		};
		6F004D1F29D43F8C00BCB7ED /* Jours */ = {
			isa = PBXGroup;
			children = (
				6F004D2829D4429500BCB7ED /* Creneaux */,
				6F7E0A9629CDD9D700ED9927 /* JourView.swift */,
				6F004D2029D4403700BCB7ED /* JourRowView.swift */,
				6F004D2429D4419400BCB7ED /* JourListView.swift */,
				B73A117F29D5CD2800BF0F75 /* AddJourView.swift */,
			);
			path = Jours;
			sourceTree = "<group>";
		};
		6F004D2829D4429500BCB7ED /* Creneaux */ = {
			isa = PBXGroup;
			children = (
				6F004D2929D442A500BCB7ED /* CreneauRowView.swift */,
				B73A116E29D591B500BF0F75 /* CreneauListView.swift */,
				B73A117029D593E800BF0F75 /* CreneauView.swift */,
				B73A117529D59B9300BF0F75 /* SubscribeBenevolesView.swift */,
			);
			path = Creneaux;
			sourceTree = "<group>";
		};
		6F7E097F29CDD7F200ED9927 = {
			isa = PBXGroup;
			children = (
				6F7E0A4C29CDD9D700ED9927 /* FestivalAppMobile */,
				6F7E099B29CDD7F300ED9927 /* FestivalAppMobileTests */,
				6F7E09A529CDD7F300ED9927 /* FestivalAppMobileUITests */,
				6F7E098929CDD7F200ED9927 /* Products */,
			);
			sourceTree = "<group>";
		};
		6F7E098929CDD7F200ED9927 /* Products */ = {
			isa = PBXGroup;
			children = (
				6F7E098829CDD7F200ED9927 /* FestivalAppMobile.app */,
				6F7E099829CDD7F300ED9927 /* FestivalAppMobileTests.xctest */,
				6F7E09A229CDD7F300ED9927 /* FestivalAppMobileUITests.xctest */,
			);
			name = Products;
			sourceTree = "<group>";
		};
		6F7E099B29CDD7F300ED9927 /* FestivalAppMobileTests */ = {
			isa = PBXGroup;
			children = (
				6F7E099C29CDD7F300ED9927 /* FestivalAppMobileTests.swift */,
			);
			path = FestivalAppMobileTests;
			sourceTree = "<group>";
		};
		6F7E09A529CDD7F300ED9927 /* FestivalAppMobileUITests */ = {
			isa = PBXGroup;
			children = (
				6F7E09A629CDD7F300ED9927 /* FestivalAppMobileUITests.swift */,
				6F7E09A829CDD7F300ED9927 /* FestivalAppMobileUITestsLaunchTests.swift */,
			);
			path = FestivalAppMobileUITests;
			sourceTree = "<group>";
		};
		6F7E0A4C29CDD9D700ED9927 /* FestivalAppMobile */ = {
			isa = PBXGroup;
			children = (
				6F7E0A4D29CDD9D700ED9927 /* ViewModels */,
				6F7E0A5B29CDD9D700ED9927 /* Assets.xcassets */,
				6F7E0A5C29CDD9D700ED9927 /* Models */,
				6F7E0A6F29CDD9D700ED9927 /* Preview Content */,
				6F7E0A7129CDD9D700ED9927 /* Environment.plist */,
				6F7E0A7229CDD9D700ED9927 /* FestivalAppMobileApp.swift */,
				6F7E0A7329CDD9D700ED9927 /* States */,
				6F7E0A7729CDD9D700ED9927 /* Intents */,
				6F7E0A7D29CDD9D700ED9927 /* Errors */,
				6F7E0A8429CDD9D700ED9927 /* Views */,
				6F7E0A9829CDD9D700ED9927 /* ContentView.swift */,
				6F7E0A9929CDD9D700ED9927 /* Helpers */,
				6F7E0A9E29CDD9D700ED9927 /* Services */,
			);
			path = FestivalAppMobile;
			sourceTree = "<group>";
		};
		6F7E0A4D29CDD9D700ED9927 /* ViewModels */ = {
			isa = PBXGroup;
			children = (
				6F7E0AED29CE1C3B00ED9927 /* Creneaux */,
				6F7E0A4E29CDD9D700ED9927 /* Zones */,
				6F7E0A5129CDD9D700ED9927 /* Benevoles */,
				6F7E0A5429CDD9D700ED9927 /* ViewModelObserver.swift */,
				6F7E0A5529CDD9D700ED9927 /* Jours */,
				6F7E0A5829CDD9D700ED9927 /* Festivals */,
			);
			path = ViewModels;
			sourceTree = "<group>";
		};
		6F7E0A4E29CDD9D700ED9927 /* Zones */ = {
			isa = PBXGroup;
			children = (
				6F7E0A4F29CDD9D700ED9927 /* ZoneListViewModel.swift */,
				6F7E0A5029CDD9D700ED9927 /* ZoneViewModel.swift */,
			);
			path = Zones;
			sourceTree = "<group>";
		};
		6F7E0A5129CDD9D700ED9927 /* Benevoles */ = {
			isa = PBXGroup;
			children = (
				6F7E0A5229CDD9D700ED9927 /* BenevoleViewModel.swift */,
				6F7E0A5329CDD9D700ED9927 /* BenevoleListViewModel.swift */,
			);
			path = Benevoles;
			sourceTree = "<group>";
		};
		6F7E0A5529CDD9D700ED9927 /* Jours */ = {
			isa = PBXGroup;
			children = (
				6F7E0A5629CDD9D700ED9927 /* JourViewModel.swift */,
				6F7E0A5729CDD9D700ED9927 /* JourListViewModel.swift */,
				6F004D0829CF4EDA00BCB7ED /* FakeJourListViewModel.swift */,
				6F004D0A29CF4F2500BCB7ED /* FakeJourViewModel.swift */,
			);
			path = Jours;
			sourceTree = "<group>";
		};
		6F7E0A5829CDD9D700ED9927 /* Festivals */ = {
			isa = PBXGroup;
			children = (
				6F7E0A5929CDD9D700ED9927 /* FestivalViewModel.swift */,
				6F7E0A5A29CDD9D700ED9927 /* FestivalsViewModel.swift */,
				6FDBFE4229CE9BD90035AE3D /* FakeFestivalViewModel.swift */,
				6FDBFE4429CE9CC00035AE3D /* FakeFestivalsViewModel.swift */,
			);
			path = Festivals;
			sourceTree = "<group>";
		};
		6F7E0A5C29CDD9D700ED9927 /* Models */ = {
			isa = PBXGroup;
			children = (
				6F7E0A5E29CDD9D700ED9927 /* Queries */,
				6F7E0A6429CDD9D700ED9927 /* DTOs */,
			);
			path = Models;
			sourceTree = "<group>";
		};
		6F7E0A5E29CDD9D700ED9927 /* Queries */ = {
			isa = PBXGroup;
			children = (
				6F7E0A5F29CDD9D700ED9927 /* QueryResultGetOne.swift */,
				6F7E0A6029CDD9D700ED9927 /* QueryResult.swift */,
				6F7E0A6229CDD9D700ED9927 /* authData.swift */,
				6F7E0A6329CDD9D700ED9927 /* QueryResultMSG.swift */,
			);
			path = Queries;
			sourceTree = "<group>";
		};
		6F7E0A6429CDD9D700ED9927 /* DTOs */ = {
			isa = PBXGroup;
			children = (
				6F004D1429D43DDD00BCB7ED /* Documents */,
				6F7E0A6529CDD9D700ED9927 /* ZoneDTO.swift */,
				6F7E0A6629CDD9D700ED9927 /* LogInDTO.swift */,
				6F7E0A6729CDD9D700ED9927 /* FestivalDTO.swift */,
				6F7E0A6D29CDD9D700ED9927 /* BenevoleDTO.swift */,
				6F7E0A6E29CDD9D700ED9927 /* AffectationDTO.swift */,
				6F7E0A6829CDD9D700ED9927 /* SignUpDTO.swift */,
				6F7E0AE329CE0A9F00ED9927 /* JourDTO.swift */,
				6F7E0AE529CE0C3900ED9927 /* CreneauDTO.swift */,
			);
			path = DTOs;
			sourceTree = "<group>";
		};
		6F7E0A6F29CDD9D700ED9927 /* Preview Content */ = {
			isa = PBXGroup;
			children = (
				6F7E0A7029CDD9D700ED9927 /* Preview Assets.xcassets */,
			);
			path = "Preview Content";
			sourceTree = "<group>";
		};
		6F7E0A7329CDD9D700ED9927 /* States */ = {
			isa = PBXGroup;
			children = (
				6F004D1829D43E8500BCB7ED /* Benevoles */,
				6F004D1729D43E7D00BCB7ED /* Zones */,
				6F004D1629D43E5500BCB7ED /* Jours */,
				6F004D1529D43E0C00BCB7ED /* Festivals */,
			);
			path = States;
			sourceTree = "<group>";
		};
		6F7E0A7729CDD9D700ED9927 /* Intents */ = {
			isa = PBXGroup;
			children = (
				6F004D1D29D43EC400BCB7ED /* Benevoles */,
				6F004D1C29D43EC000BCB7ED /* Jours */,
				6F004D1B29D43EBB00BCB7ED /* Zones */,
				6F004D1A29D43EA700BCB7ED /* Auth */,
				6F004D1929D43E9600BCB7ED /* Festivals */,
			);
			path = Intents;
			sourceTree = "<group>";
		};
		6F7E0A7D29CDD9D700ED9927 /* Errors */ = {
			isa = PBXGroup;
			children = (
				6F7E0A7E29CDD9D700ED9927 /* APIRequestError.swift */,
				6F7E0A7F29CDD9D700ED9927 /* AuthError.swift */,
				6F7E0A8029CDD9D700ED9927 /* BenevoleIntentError.swift */,
				6F7E0A8129CDD9D700ED9927 /* FestivalIntentError.swift */,
				6F7E0A8229CDD9D700ED9927 /* ZoneIntentError.swift */,
				6F7E0A8329CDD9D700ED9927 /* JSONError.swift */,
			);
			path = Errors;
			sourceTree = "<group>";
		};
		6F7E0A8429CDD9D700ED9927 /* Views */ = {
			isa = PBXGroup;
			children = (
				6F004D0329CF46E800BCB7ED /* Partials */,
				6F7E0A8529CDD9D700ED9927 /* Affectations */,
				6F7E0A8929CDD9D700ED9927 /* Benevoles */,
				6F7E0A8C29CDD9D700ED9927 /* Auth */,
				6F7E0A9129CDD9D700ED9927 /* LandingPageView.swift */,
				6F7E0A9229CDD9D700ED9927 /* HomeView.swift */,
				6F7E0A9329CDD9D700ED9927 /* MenuView.swift */,
				6F7E0A9429CDD9D700ED9927 /* Festivals */,
			);
			path = Views;
			sourceTree = "<group>";
		};
		6F7E0A8529CDD9D700ED9927 /* Affectations */ = {
			isa = PBXGroup;
			children = (
				6F7E0A8629CDD9D700ED9927 /* AffectationsView.swift */,
			);
			path = Affectations;
			sourceTree = "<group>";
		};
		6F7E0A8729CDD9D700ED9927 /* Zones */ = {
			isa = PBXGroup;
			children = (
				6F7E0A8829CDD9D700ED9927 /* ZonesView.swift */,
				6F004D2229D4407F00BCB7ED /* ZoneRowView.swift */,
				6F004D2629D441B200BCB7ED /* ZoneListView.swift */,
				B73A118129D5CE1100BF0F75 /* AddZoneView.swift */,
			);
			path = Zones;
			sourceTree = "<group>";
		};
		6F7E0A8929CDD9D700ED9927 /* Benevoles */ = {
			isa = PBXGroup;
			children = (
				6F7E0A8A29CDD9D700ED9927 /* BenevoleView.swift */,
				6F7E0A8B29CDD9D700ED9927 /* BenevoleListView.swift */,
			);
			path = Benevoles;
			sourceTree = "<group>";
		};
		6F7E0A8C29CDD9D700ED9927 /* Auth */ = {
			isa = PBXGroup;
			children = (
				6F7E0A8D29CDD9D700ED9927 /* SigninView.swift */,
				6F7E0A8E29CDD9D700ED9927 /* SignupView.swift */,
				6F7E0A8F29CDD9D700ED9927 /* VisitorView.swift */,
				6F7E0A9029CDD9D700ED9927 /* SignedInView.swift */,
			);
			path = Auth;
			sourceTree = "<group>";
		};
		6F7E0A9429CDD9D700ED9927 /* Festivals */ = {
			isa = PBXGroup;
			children = (
				6F004D1E29D43F7800BCB7ED /* Festival */,
				6F7E0A9729CDD9D700ED9927 /* FestivalsView.swift */,
				6F004D0129CF32ED00BCB7ED /* FakeFestivalsView.swift */,
				6F004D0C29CF893B00BCB7ED /* FakeFestivalView.swift */,
				6F004D0E29CF8A2200BCB7ED /* FakeJourFestivalView.swift */,
			);
			path = Festivals;
			sourceTree = "<group>";
		};
		6F7E0A9929CDD9D700ED9927 /* Helpers */ = {
			isa = PBXGroup;
			children = (
				6F7E0A9A29CDD9D700ED9927 /* EnvironmentHelper.swift */,
				6F7E0A9B29CDD9D700ED9927 /* ViewsManager.swift */,
				6F7E0A9C29CDD9D700ED9927 /* AuthManager.swift */,
				6F7E0A9D29CDD9D700ED9927 /* JSONHelper.swift */,
			);
			path = Helpers;
			sourceTree = "<group>";
		};
		6F7E0A9E29CDD9D700ED9927 /* Services */ = {
			isa = PBXGroup;
			children = (
				6F7E0A9F29CDD9D700ED9927 /* BenevoleService.swift */,
				6F7E0AA029CDD9D700ED9927 /* AuthService.swift */,
				6F7E0AA129CDD9D700ED9927 /* SignUpService.swift */,
				6FDBFE3C29CE89690035AE3D /* FestivalService.swift */,
				6F004CFD29CF291C00BCB7ED /* JourService.swift */,
				6F004CFF29CF293700BCB7ED /* CreneauService.swift */,
				B73A117929D5BB4D00BF0F75 /* ZoneService.swift */,
			);
			path = Services;
			sourceTree = "<group>";
		};
		6F7E0AED29CE1C3B00ED9927 /* Creneaux */ = {
			isa = PBXGroup;
			children = (
				6F7E0AEE29CE1C5100ED9927 /* CreneauViewModel.swift */,
				6F7E0AF029CE1C6700ED9927 /* CreneauListViewModel.swift */,
			);
			path = Creneaux;
			sourceTree = "<group>";
		};
/* End PBXGroup section */

/* Begin PBXNativeTarget section */
		6F7E098729CDD7F200ED9927 /* FestivalAppMobile */ = {
			isa = PBXNativeTarget;
			buildConfigurationList = 6F7E09AC29CDD7F300ED9927 /* Build configuration list for PBXNativeTarget "FestivalAppMobile" */;
			buildPhases = (
				6F7E098429CDD7F200ED9927 /* Sources */,
				6F7E098529CDD7F200ED9927 /* Frameworks */,
				6F7E098629CDD7F200ED9927 /* Resources */,
			);
			buildRules = (
			);
			dependencies = (
			);
			name = FestivalAppMobile;
			productName = FestivalAppMobile;
			productReference = 6F7E098829CDD7F200ED9927 /* FestivalAppMobile.app */;
			productType = "com.apple.product-type.application";
		};
		6F7E099729CDD7F300ED9927 /* FestivalAppMobileTests */ = {
			isa = PBXNativeTarget;
			buildConfigurationList = 6F7E09AF29CDD7F300ED9927 /* Build configuration list for PBXNativeTarget "FestivalAppMobileTests" */;
			buildPhases = (
				6F7E099429CDD7F300ED9927 /* Sources */,
				6F7E099529CDD7F300ED9927 /* Frameworks */,
				6F7E099629CDD7F300ED9927 /* Resources */,
			);
			buildRules = (
			);
			dependencies = (
				6F7E099A29CDD7F300ED9927 /* PBXTargetDependency */,
			);
			name = FestivalAppMobileTests;
			productName = FestivalAppMobileTests;
			productReference = 6F7E099829CDD7F300ED9927 /* FestivalAppMobileTests.xctest */;
			productType = "com.apple.product-type.bundle.unit-test";
		};
		6F7E09A129CDD7F300ED9927 /* FestivalAppMobileUITests */ = {
			isa = PBXNativeTarget;
			buildConfigurationList = 6F7E09B229CDD7F300ED9927 /* Build configuration list for PBXNativeTarget "FestivalAppMobileUITests" */;
			buildPhases = (
				6F7E099E29CDD7F300ED9927 /* Sources */,
				6F7E099F29CDD7F300ED9927 /* Frameworks */,
				6F7E09A029CDD7F300ED9927 /* Resources */,
			);
			buildRules = (
			);
			dependencies = (
				6F7E09A429CDD7F300ED9927 /* PBXTargetDependency */,
			);
			name = FestivalAppMobileUITests;
			productName = FestivalAppMobileUITests;
			productReference = 6F7E09A229CDD7F300ED9927 /* FestivalAppMobileUITests.xctest */;
			productType = "com.apple.product-type.bundle.ui-testing";
		};
/* End PBXNativeTarget section */

/* Begin PBXProject section */
		6F7E098029CDD7F200ED9927 /* Project object */ = {
			isa = PBXProject;
			attributes = {
				BuildIndependentTargetsInParallel = 1;
				LastSwiftUpdateCheck = 1420;
				LastUpgradeCheck = 1420;
				TargetAttributes = {
					6F7E098729CDD7F200ED9927 = {
						CreatedOnToolsVersion = 14.2;
					};
					6F7E099729CDD7F300ED9927 = {
						CreatedOnToolsVersion = 14.2;
						TestTargetID = 6F7E098729CDD7F200ED9927;
					};
					6F7E09A129CDD7F300ED9927 = {
						CreatedOnToolsVersion = 14.2;
						TestTargetID = 6F7E098729CDD7F200ED9927;
					};
				};
			};
			buildConfigurationList = 6F7E098329CDD7F200ED9927 /* Build configuration list for PBXProject "FestivalAppMobile" */;
			compatibilityVersion = "Xcode 14.0";
			developmentRegion = en;
			hasScannedForEncodings = 0;
			knownRegions = (
				en,
				Base,
			);
			mainGroup = 6F7E097F29CDD7F200ED9927;
			productRefGroup = 6F7E098929CDD7F200ED9927 /* Products */;
			projectDirPath = "";
			projectRoot = "";
			targets = (
				6F7E098729CDD7F200ED9927 /* FestivalAppMobile */,
				6F7E099729CDD7F300ED9927 /* FestivalAppMobileTests */,
				6F7E09A129CDD7F300ED9927 /* FestivalAppMobileUITests */,
			);
		};
/* End PBXProject section */

/* Begin PBXResourcesBuildPhase section */
		6F7E098629CDD7F200ED9927 /* Resources */ = {
			isa = PBXResourcesBuildPhase;
			buildActionMask = 2147483647;
			files = (
				6F7E0ABC29CDD9D700ED9927 /* Preview Assets.xcassets in Resources */,
				6F7E0ABD29CDD9D700ED9927 /* Environment.plist in Resources */,
				6F7E0AAB29CDD9D700ED9927 /* Assets.xcassets in Resources */,
			);
			runOnlyForDeploymentPostprocessing = 0;
		};
		6F7E099629CDD7F300ED9927 /* Resources */ = {
			isa = PBXResourcesBuildPhase;
			buildActionMask = 2147483647;
			files = (
			);
			runOnlyForDeploymentPostprocessing = 0;
		};
		6F7E09A029CDD7F300ED9927 /* Resources */ = {
			isa = PBXResourcesBuildPhase;
			buildActionMask = 2147483647;
			files = (
			);
			runOnlyForDeploymentPostprocessing = 0;
		};
/* End PBXResourcesBuildPhase section */

/* Begin PBXSourcesBuildPhase section */
		6F7E098429CDD7F200ED9927 /* Sources */ = {
			isa = PBXSourcesBuildPhase;
			buildActionMask = 2147483647;
			files = (
				6F7E0ACD29CDD9D700ED9927 /* AffectationsView.swift in Sources */,
				6F7E0ADB29CDD9D700ED9927 /* ContentView.swift in Sources */,
				6F7E0AA629CDD9D700ED9927 /* ViewModelObserver.swift in Sources */,
				6F7E0AD129CDD9D700ED9927 /* SigninView.swift in Sources */,
				6F7E0AD629CDD9D700ED9927 /* HomeView.swift in Sources */,
				6F7E0AE029CDD9D700ED9927 /* BenevoleService.swift in Sources */,
				6F004D0229CF32ED00BCB7ED /* FakeFestivalsView.swift in Sources */,
				6F7E0AC229CDD9D700ED9927 /* FestivalsIntent.swift in Sources */,
				6FDBFE3D29CE89690035AE3D /* FestivalService.swift in Sources */,
				B73A116F29D591B500BF0F75 /* CreneauListView.swift in Sources */,
				6F7E0ABB29CDD9D700ED9927 /* AffectationDTO.swift in Sources */,
				B73A117C29D5BD2D00BF0F75 /* ZonesIntent.swift in Sources */,
				6F7E0AD729CDD9D700ED9927 /* MenuView.swift in Sources */,
				6F7E0ABE29CDD9D700ED9927 /* FestivalAppMobileApp.swift in Sources */,
				6F7E0AA429CDD9D700ED9927 /* BenevoleViewModel.swift in Sources */,
				6F7E0AC829CDD9D700ED9927 /* AuthError.swift in Sources */,
				6F7E0AD429CDD9D700ED9927 /* SignedInView.swift in Sources */,
				B73A118229D5CE1100BF0F75 /* AddZoneView.swift in Sources */,
				6F7E0AA729CDD9D700ED9927 /* JourViewModel.swift in Sources */,
				6F004D0B29CF4F2500BCB7ED /* FakeJourViewModel.swift in Sources */,
				6F7E0ACE29CDD9D700ED9927 /* ZonesView.swift in Sources */,
				6F004D2529D4419400BCB7ED /* JourListView.swift in Sources */,
				6F7E0AA329CDD9D700ED9927 /* ZoneViewModel.swift in Sources */,
				6F7E0AD029CDD9D700ED9927 /* BenevoleListView.swift in Sources */,
				B73A117129D593E800BF0F75 /* CreneauView.swift in Sources */,
				6F7E0AA929CDD9D700ED9927 /* FestivalViewModel.swift in Sources */,
				6F7E0AE229CDD9D700ED9927 /* SignUpService.swift in Sources */,
				B73A117629D59B9300BF0F75 /* SubscribeBenevolesView.swift in Sources */,
				6F7E0ABF29CDD9D700ED9927 /* FestivalState.swift in Sources */,
				6F004D0029CF293700BCB7ED /* CreneauService.swift in Sources */,
				6F7E0AA829CDD9D700ED9927 /* JourListViewModel.swift in Sources */,
				6F7E0AA529CDD9D700ED9927 /* BenevoleListViewModel.swift in Sources */,
				6F7E0AC429CDD9D700ED9927 /* AuthIntent.swift in Sources */,
				6F7E0AA229CDD9D700ED9927 /* ZoneListViewModel.swift in Sources */,
				6F7E0AD229CDD9D700ED9927 /* SignupView.swift in Sources */,
				6F7E0AEC29CE111F00ED9927 /* AffectationDocDTO.swift in Sources */,
				6F7E0AE629CE0C3900ED9927 /* CreneauDTO.swift in Sources */,
				6F7E0AC729CDD9D700ED9927 /* APIRequestError.swift in Sources */,
				6F004D2A29D442A500BCB7ED /* CreneauRowView.swift in Sources */,
				6F7E0AD529CDD9D700ED9927 /* LandingPageView.swift in Sources */,
				6F7E0ADA29CDD9D700ED9927 /* FestivalsView.swift in Sources */,
				6F7E0ADF29CDD9D700ED9927 /* JSONHelper.swift in Sources */,
				6F7E0AE129CDD9D700ED9927 /* AuthService.swift in Sources */,
				6F7E0AB129CDD9D700ED9927 /* QueryResultMSG.swift in Sources */,
				6F7E0ADE29CDD9D700ED9927 /* AuthManager.swift in Sources */,
				6FDBFE3F29CE8F800035AE3D /* FestivalsState.swift in Sources */,
				6F7E0AB229CDD9D700ED9927 /* ZoneDTO.swift in Sources */,
				6F7E0AAE29CDD9D700ED9927 /* QueryResult.swift in Sources */,
				6F004D0D29CF893B00BCB7ED /* FakeFestivalView.swift in Sources */,
				B73A118029D5CD2800BF0F75 /* AddJourView.swift in Sources */,
				B73A117E29D5CB9400BF0F75 /* AddFestivalView.swift in Sources */,
				6F7E0AB029CDD9D700ED9927 /* authData.swift in Sources */,
				6F7E0AEA29CE0E9E00ED9927 /* ZoneDocDTO.swift in Sources */,
				6F7E0AB529CDD9D700ED9927 /* SignUpDTO.swift in Sources */,
				6F7E0AC329CDD9D700ED9927 /* SignUpIntent.swift in Sources */,
				6F7E0AEF29CE1C5100ED9927 /* CreneauViewModel.swift in Sources */,
				6F7E0AE829CE0DF600ED9927 /* CreneauDocDTO.swift in Sources */,
				6F004D0529CF46FA00BCB7ED /* CustomEditButton.swift in Sources */,
				6F004D2329D4407F00BCB7ED /* ZoneRowView.swift in Sources */,
				6F004D1129CF8B4200BCB7ED /* FestivalIntent.swift in Sources */,
				6F004CFE29CF291C00BCB7ED /* JourService.swift in Sources */,
				6F7E0ADD29CDD9D700ED9927 /* ViewsManager.swift in Sources */,
				6F7E0AD829CDD9D700ED9927 /* FestivalView.swift in Sources */,
				B73A117829D5A9C600BF0F75 /* ZonesState.swift in Sources */,
				6F004D0729CF4A5A00BCB7ED /* JoursState.swift in Sources */,
				6F7E0ACF29CDD9D700ED9927 /* BenevoleView.swift in Sources */,
				B73A117A29D5BB4D00BF0F75 /* ZoneService.swift in Sources */,
				6F7E0AC129CDD9D700ED9927 /* ZoneState.swift in Sources */,
				6F7E0AF129CE1C6700ED9927 /* CreneauListViewModel.swift in Sources */,
				6F7E0ADC29CDD9D700ED9927 /* EnvironmentHelper.swift in Sources */,
				6F7E0ACA29CDD9D700ED9927 /* FestivalIntentError.swift in Sources */,
				6F7E0AD929CDD9D700ED9927 /* JourView.swift in Sources */,
				6F004D2729D441B200BCB7ED /* ZoneListView.swift in Sources */,
				6FDBFE4329CE9BD90035AE3D /* FakeFestivalViewModel.swift in Sources */,
				6F7E0AB329CDD9D700ED9927 /* LogInDTO.swift in Sources */,
				6F004D0F29CF8A2200BCB7ED /* FakeJourFestivalView.swift in Sources */,
				6F7E0AAA29CDD9D700ED9927 /* FestivalsViewModel.swift in Sources */,
				6F7E0ABA29CDD9D700ED9927 /* BenevoleDTO.swift in Sources */,
				6F7E0ACC29CDD9D700ED9927 /* JSONError.swift in Sources */,
				6F7E0ACB29CDD9D700ED9927 /* ZoneIntentError.swift in Sources */,
				6F7E0AAD29CDD9D700ED9927 /* QueryResultGetOne.swift in Sources */,
				6F004D2129D4403700BCB7ED /* JourRowView.swift in Sources */,
				6FDBFE4529CE9CC00035AE3D /* FakeFestivalsViewModel.swift in Sources */,
				6F7E0AB429CDD9D700ED9927 /* FestivalDTO.swift in Sources */,
				6F7E0AC029CDD9D700ED9927 /* BenevoleState.swift in Sources */,
				6F7E0AC529CDD9D700ED9927 /* ZoneIntent.swift in Sources */,
				6F7E0AC929CDD9D700ED9927 /* BenevoleIntentError.swift in Sources */,
				6F7E0AC629CDD9D700ED9927 /* BenevoleIntent.swift in Sources */,
				6F7E0AF329CE1F3700ED9927 /* JoursIntent.swift in Sources */,
				6F7E0AD329CDD9D700ED9927 /* VisitorView.swift in Sources */,
				6F004D1329D17F1000BCB7ED /* JourState.swift in Sources */,
				6F7E0AE429CE0A9F00ED9927 /* JourDTO.swift in Sources */,
				6F004D0929CF4EDA00BCB7ED /* FakeJourListViewModel.swift in Sources */,
			);
			runOnlyForDeploymentPostprocessing = 0;
		};
		6F7E099429CDD7F300ED9927 /* Sources */ = {
			isa = PBXSourcesBuildPhase;
			buildActionMask = 2147483647;
			files = (
				6F7E099D29CDD7F300ED9927 /* FestivalAppMobileTests.swift in Sources */,
			);
			runOnlyForDeploymentPostprocessing = 0;
		};
		6F7E099E29CDD7F300ED9927 /* Sources */ = {
			isa = PBXSourcesBuildPhase;
			buildActionMask = 2147483647;
			files = (
				6F7E09A929CDD7F300ED9927 /* FestivalAppMobileUITestsLaunchTests.swift in Sources */,
				6F7E09A729CDD7F300ED9927 /* FestivalAppMobileUITests.swift in Sources */,
			);
			runOnlyForDeploymentPostprocessing = 0;
		};
/* End PBXSourcesBuildPhase section */

/* Begin PBXTargetDependency section */
		6F7E099A29CDD7F300ED9927 /* PBXTargetDependency */ = {
			isa = PBXTargetDependency;
			target = 6F7E098729CDD7F200ED9927 /* FestivalAppMobile */;
			targetProxy = 6F7E099929CDD7F300ED9927 /* PBXContainerItemProxy */;
		};
		6F7E09A429CDD7F300ED9927 /* PBXTargetDependency */ = {
			isa = PBXTargetDependency;
			target = 6F7E098729CDD7F200ED9927 /* FestivalAppMobile */;
			targetProxy = 6F7E09A329CDD7F300ED9927 /* PBXContainerItemProxy */;
		};
/* End PBXTargetDependency section */

/* Begin XCBuildConfiguration section */
		6F7E09AA29CDD7F300ED9927 /* Debug */ = {
			isa = XCBuildConfiguration;
			buildSettings = {
				ALWAYS_SEARCH_USER_PATHS = NO;
				CLANG_ANALYZER_NONNULL = YES;
				CLANG_ANALYZER_NUMBER_OBJECT_CONVERSION = YES_AGGRESSIVE;
				CLANG_CXX_LANGUAGE_STANDARD = "gnu++20";
				CLANG_ENABLE_MODULES = YES;
				CLANG_ENABLE_OBJC_ARC = YES;
				CLANG_ENABLE_OBJC_WEAK = YES;
				CLANG_WARN_BLOCK_CAPTURE_AUTORELEASING = YES;
				CLANG_WARN_BOOL_CONVERSION = YES;
				CLANG_WARN_COMMA = YES;
				CLANG_WARN_CONSTANT_CONVERSION = YES;
				CLANG_WARN_DEPRECATED_OBJC_IMPLEMENTATIONS = YES;
				CLANG_WARN_DIRECT_OBJC_ISA_USAGE = YES_ERROR;
				CLANG_WARN_DOCUMENTATION_COMMENTS = YES;
				CLANG_WARN_EMPTY_BODY = YES;
				CLANG_WARN_ENUM_CONVERSION = YES;
				CLANG_WARN_INFINITE_RECURSION = YES;
				CLANG_WARN_INT_CONVERSION = YES;
				CLANG_WARN_NON_LITERAL_NULL_CONVERSION = YES;
				CLANG_WARN_OBJC_IMPLICIT_RETAIN_SELF = YES;
				CLANG_WARN_OBJC_LITERAL_CONVERSION = YES;
				CLANG_WARN_OBJC_ROOT_CLASS = YES_ERROR;
				CLANG_WARN_QUOTED_INCLUDE_IN_FRAMEWORK_HEADER = YES;
				CLANG_WARN_RANGE_LOOP_ANALYSIS = YES;
				CLANG_WARN_STRICT_PROTOTYPES = YES;
				CLANG_WARN_SUSPICIOUS_MOVE = YES;
				CLANG_WARN_UNGUARDED_AVAILABILITY = YES_AGGRESSIVE;
				CLANG_WARN_UNREACHABLE_CODE = YES;
				CLANG_WARN__DUPLICATE_METHOD_MATCH = YES;
				COPY_PHASE_STRIP = NO;
				DEBUG_INFORMATION_FORMAT = dwarf;
				ENABLE_STRICT_OBJC_MSGSEND = YES;
				ENABLE_TESTABILITY = YES;
				GCC_C_LANGUAGE_STANDARD = gnu11;
				GCC_DYNAMIC_NO_PIC = NO;
				GCC_NO_COMMON_BLOCKS = YES;
				GCC_OPTIMIZATION_LEVEL = 0;
				GCC_PREPROCESSOR_DEFINITIONS = (
					"DEBUG=1",
					"$(inherited)",
				);
				GCC_WARN_64_TO_32_BIT_CONVERSION = YES;
				GCC_WARN_ABOUT_RETURN_TYPE = YES_ERROR;
				GCC_WARN_UNDECLARED_SELECTOR = YES;
				GCC_WARN_UNINITIALIZED_AUTOS = YES_AGGRESSIVE;
				GCC_WARN_UNUSED_FUNCTION = YES;
				GCC_WARN_UNUSED_VARIABLE = YES;
				IPHONEOS_DEPLOYMENT_TARGET = 16.2;
				MTL_ENABLE_DEBUG_INFO = INCLUDE_SOURCE;
				MTL_FAST_MATH = YES;
				ONLY_ACTIVE_ARCH = YES;
				SDKROOT = iphoneos;
				SWIFT_ACTIVE_COMPILATION_CONDITIONS = DEBUG;
				SWIFT_OPTIMIZATION_LEVEL = "-Onone";
			};
			name = Debug;
		};
		6F7E09AB29CDD7F300ED9927 /* Release */ = {
			isa = XCBuildConfiguration;
			buildSettings = {
				ALWAYS_SEARCH_USER_PATHS = NO;
				CLANG_ANALYZER_NONNULL = YES;
				CLANG_ANALYZER_NUMBER_OBJECT_CONVERSION = YES_AGGRESSIVE;
				CLANG_CXX_LANGUAGE_STANDARD = "gnu++20";
				CLANG_ENABLE_MODULES = YES;
				CLANG_ENABLE_OBJC_ARC = YES;
				CLANG_ENABLE_OBJC_WEAK = YES;
				CLANG_WARN_BLOCK_CAPTURE_AUTORELEASING = YES;
				CLANG_WARN_BOOL_CONVERSION = YES;
				CLANG_WARN_COMMA = YES;
				CLANG_WARN_CONSTANT_CONVERSION = YES;
				CLANG_WARN_DEPRECATED_OBJC_IMPLEMENTATIONS = YES;
				CLANG_WARN_DIRECT_OBJC_ISA_USAGE = YES_ERROR;
				CLANG_WARN_DOCUMENTATION_COMMENTS = YES;
				CLANG_WARN_EMPTY_BODY = YES;
				CLANG_WARN_ENUM_CONVERSION = YES;
				CLANG_WARN_INFINITE_RECURSION = YES;
				CLANG_WARN_INT_CONVERSION = YES;
				CLANG_WARN_NON_LITERAL_NULL_CONVERSION = YES;
				CLANG_WARN_OBJC_IMPLICIT_RETAIN_SELF = YES;
				CLANG_WARN_OBJC_LITERAL_CONVERSION = YES;
				CLANG_WARN_OBJC_ROOT_CLASS = YES_ERROR;
				CLANG_WARN_QUOTED_INCLUDE_IN_FRAMEWORK_HEADER = YES;
				CLANG_WARN_RANGE_LOOP_ANALYSIS = YES;
				CLANG_WARN_STRICT_PROTOTYPES = YES;
				CLANG_WARN_SUSPICIOUS_MOVE = YES;
				CLANG_WARN_UNGUARDED_AVAILABILITY = YES_AGGRESSIVE;
				CLANG_WARN_UNREACHABLE_CODE = YES;
				CLANG_WARN__DUPLICATE_METHOD_MATCH = YES;
				COPY_PHASE_STRIP = NO;
				DEBUG_INFORMATION_FORMAT = "dwarf-with-dsym";
				ENABLE_NS_ASSERTIONS = NO;
				ENABLE_STRICT_OBJC_MSGSEND = YES;
				GCC_C_LANGUAGE_STANDARD = gnu11;
				GCC_NO_COMMON_BLOCKS = YES;
				GCC_WARN_64_TO_32_BIT_CONVERSION = YES;
				GCC_WARN_ABOUT_RETURN_TYPE = YES_ERROR;
				GCC_WARN_UNDECLARED_SELECTOR = YES;
				GCC_WARN_UNINITIALIZED_AUTOS = YES_AGGRESSIVE;
				GCC_WARN_UNUSED_FUNCTION = YES;
				GCC_WARN_UNUSED_VARIABLE = YES;
				IPHONEOS_DEPLOYMENT_TARGET = 16.2;
				MTL_ENABLE_DEBUG_INFO = NO;
				MTL_FAST_MATH = YES;
				SDKROOT = iphoneos;
				SWIFT_COMPILATION_MODE = wholemodule;
				SWIFT_OPTIMIZATION_LEVEL = "-O";
				VALIDATE_PRODUCT = YES;
			};
			name = Release;
		};
		6F7E09AD29CDD7F300ED9927 /* Debug */ = {
			isa = XCBuildConfiguration;
			buildSettings = {
				ASSETCATALOG_COMPILER_APPICON_NAME = AppIcon;
				ASSETCATALOG_COMPILER_GLOBAL_ACCENT_COLOR_NAME = AccentColor;
				CODE_SIGN_STYLE = Automatic;
				CURRENT_PROJECT_VERSION = 1;
				DEVELOPMENT_ASSET_PATHS = "\"FestivalAppMobile/Preview Content\"";
				ENABLE_PREVIEWS = YES;
				GENERATE_INFOPLIST_FILE = YES;
				INFOPLIST_KEY_UIApplicationSceneManifest_Generation = YES;
				INFOPLIST_KEY_UIApplicationSupportsIndirectInputEvents = YES;
				INFOPLIST_KEY_UILaunchScreen_Generation = YES;
				INFOPLIST_KEY_UISupportedInterfaceOrientations_iPad = "UIInterfaceOrientationPortrait UIInterfaceOrientationPortraitUpsideDown UIInterfaceOrientationLandscapeLeft UIInterfaceOrientationLandscapeRight";
				INFOPLIST_KEY_UISupportedInterfaceOrientations_iPhone = "UIInterfaceOrientationPortrait UIInterfaceOrientationLandscapeLeft UIInterfaceOrientationLandscapeRight";
				LD_RUNPATH_SEARCH_PATHS = (
					"$(inherited)",
					"@executable_path/Frameworks",
				);
				MARKETING_VERSION = 1.0;
				PRODUCT_BUNDLE_IDENTIFIER = polytech.FestivalAppMobile;
				PRODUCT_NAME = "$(TARGET_NAME)";
				SWIFT_EMIT_LOC_STRINGS = YES;
				SWIFT_VERSION = 5.0;
				TARGETED_DEVICE_FAMILY = "1,2";
			};
			name = Debug;
		};
		6F7E09AE29CDD7F300ED9927 /* Release */ = {
			isa = XCBuildConfiguration;
			buildSettings = {
				ASSETCATALOG_COMPILER_APPICON_NAME = AppIcon;
				ASSETCATALOG_COMPILER_GLOBAL_ACCENT_COLOR_NAME = AccentColor;
				CODE_SIGN_STYLE = Automatic;
				CURRENT_PROJECT_VERSION = 1;
				DEVELOPMENT_ASSET_PATHS = "\"FestivalAppMobile/Preview Content\"";
				ENABLE_PREVIEWS = YES;
				GENERATE_INFOPLIST_FILE = YES;
				INFOPLIST_KEY_UIApplicationSceneManifest_Generation = YES;
				INFOPLIST_KEY_UIApplicationSupportsIndirectInputEvents = YES;
				INFOPLIST_KEY_UILaunchScreen_Generation = YES;
				INFOPLIST_KEY_UISupportedInterfaceOrientations_iPad = "UIInterfaceOrientationPortrait UIInterfaceOrientationPortraitUpsideDown UIInterfaceOrientationLandscapeLeft UIInterfaceOrientationLandscapeRight";
				INFOPLIST_KEY_UISupportedInterfaceOrientations_iPhone = "UIInterfaceOrientationPortrait UIInterfaceOrientationLandscapeLeft UIInterfaceOrientationLandscapeRight";
				LD_RUNPATH_SEARCH_PATHS = (
					"$(inherited)",
					"@executable_path/Frameworks",
				);
				MARKETING_VERSION = 1.0;
				PRODUCT_BUNDLE_IDENTIFIER = polytech.FestivalAppMobile;
				PRODUCT_NAME = "$(TARGET_NAME)";
				SWIFT_EMIT_LOC_STRINGS = YES;
				SWIFT_VERSION = 5.0;
				TARGETED_DEVICE_FAMILY = "1,2";
			};
			name = Release;
		};
		6F7E09B029CDD7F300ED9927 /* Debug */ = {
			isa = XCBuildConfiguration;
			buildSettings = {
				ALWAYS_EMBED_SWIFT_STANDARD_LIBRARIES = YES;
				BUNDLE_LOADER = "$(TEST_HOST)";
				CODE_SIGN_STYLE = Automatic;
				CURRENT_PROJECT_VERSION = 1;
				GENERATE_INFOPLIST_FILE = YES;
				IPHONEOS_DEPLOYMENT_TARGET = 16.2;
				MARKETING_VERSION = 1.0;
				PRODUCT_BUNDLE_IDENTIFIER = polytech.FestivalAppMobileTests;
				PRODUCT_NAME = "$(TARGET_NAME)";
				SWIFT_EMIT_LOC_STRINGS = NO;
				SWIFT_VERSION = 5.0;
				TARGETED_DEVICE_FAMILY = "1,2";
				TEST_HOST = "$(BUILT_PRODUCTS_DIR)/FestivalAppMobile.app/$(BUNDLE_EXECUTABLE_FOLDER_PATH)/FestivalAppMobile";
			};
			name = Debug;
		};
		6F7E09B129CDD7F300ED9927 /* Release */ = {
			isa = XCBuildConfiguration;
			buildSettings = {
				ALWAYS_EMBED_SWIFT_STANDARD_LIBRARIES = YES;
				BUNDLE_LOADER = "$(TEST_HOST)";
				CODE_SIGN_STYLE = Automatic;
				CURRENT_PROJECT_VERSION = 1;
				GENERATE_INFOPLIST_FILE = YES;
				IPHONEOS_DEPLOYMENT_TARGET = 16.2;
				MARKETING_VERSION = 1.0;
				PRODUCT_BUNDLE_IDENTIFIER = polytech.FestivalAppMobileTests;
				PRODUCT_NAME = "$(TARGET_NAME)";
				SWIFT_EMIT_LOC_STRINGS = NO;
				SWIFT_VERSION = 5.0;
				TARGETED_DEVICE_FAMILY = "1,2";
				TEST_HOST = "$(BUILT_PRODUCTS_DIR)/FestivalAppMobile.app/$(BUNDLE_EXECUTABLE_FOLDER_PATH)/FestivalAppMobile";
			};
			name = Release;
		};
		6F7E09B329CDD7F300ED9927 /* Debug */ = {
			isa = XCBuildConfiguration;
			buildSettings = {
				ALWAYS_EMBED_SWIFT_STANDARD_LIBRARIES = YES;
				CODE_SIGN_STYLE = Automatic;
				CURRENT_PROJECT_VERSION = 1;
				GENERATE_INFOPLIST_FILE = YES;
				MARKETING_VERSION = 1.0;
				PRODUCT_BUNDLE_IDENTIFIER = polytech.FestivalAppMobileUITests;
				PRODUCT_NAME = "$(TARGET_NAME)";
				SWIFT_EMIT_LOC_STRINGS = NO;
				SWIFT_VERSION = 5.0;
				TARGETED_DEVICE_FAMILY = "1,2";
				TEST_TARGET_NAME = FestivalAppMobile;
			};
			name = Debug;
		};
		6F7E09B429CDD7F300ED9927 /* Release */ = {
			isa = XCBuildConfiguration;
			buildSettings = {
				ALWAYS_EMBED_SWIFT_STANDARD_LIBRARIES = YES;
				CODE_SIGN_STYLE = Automatic;
				CURRENT_PROJECT_VERSION = 1;
				GENERATE_INFOPLIST_FILE = YES;
				MARKETING_VERSION = 1.0;
				PRODUCT_BUNDLE_IDENTIFIER = polytech.FestivalAppMobileUITests;
				PRODUCT_NAME = "$(TARGET_NAME)";
				SWIFT_EMIT_LOC_STRINGS = NO;
				SWIFT_VERSION = 5.0;
				TARGETED_DEVICE_FAMILY = "1,2";
				TEST_TARGET_NAME = FestivalAppMobile;
			};
			name = Release;
		};
/* End XCBuildConfiguration section */

/* Begin XCConfigurationList section */
		6F7E098329CDD7F200ED9927 /* Build configuration list for PBXProject "FestivalAppMobile" */ = {
			isa = XCConfigurationList;
			buildConfigurations = (
				6F7E09AA29CDD7F300ED9927 /* Debug */,
				6F7E09AB29CDD7F300ED9927 /* Release */,
			);
			defaultConfigurationIsVisible = 0;
			defaultConfigurationName = Release;
		};
		6F7E09AC29CDD7F300ED9927 /* Build configuration list for PBXNativeTarget "FestivalAppMobile" */ = {
			isa = XCConfigurationList;
			buildConfigurations = (
				6F7E09AD29CDD7F300ED9927 /* Debug */,
				6F7E09AE29CDD7F300ED9927 /* Release */,
			);
			defaultConfigurationIsVisible = 0;
			defaultConfigurationName = Release;
		};
		6F7E09AF29CDD7F300ED9927 /* Build configuration list for PBXNativeTarget "FestivalAppMobileTests" */ = {
			isa = XCConfigurationList;
			buildConfigurations = (
				6F7E09B029CDD7F300ED9927 /* Debug */,
				6F7E09B129CDD7F300ED9927 /* Release */,
			);
			defaultConfigurationIsVisible = 0;
			defaultConfigurationName = Release;
		};
		6F7E09B229CDD7F300ED9927 /* Build configuration list for PBXNativeTarget "FestivalAppMobileUITests" */ = {
			isa = XCConfigurationList;
			buildConfigurations = (
				6F7E09B329CDD7F300ED9927 /* Debug */,
				6F7E09B429CDD7F300ED9927 /* Release */,
			);
			defaultConfigurationIsVisible = 0;
			defaultConfigurationName = Release;
		};
/* End XCConfigurationList section */
	};
	rootObject = 6F7E098029CDD7F200ED9927 /* Project object */;
}
