// !$*UTF8*$!
{
	archiveVersion = 1;
	classes = {
	};
	objectVersion = 56;
	objects = {

/* Begin PBXBuildFile section */
		6F05D6E129C5C053005D965E /* FestivalView.swift in Sources */ = {isa = PBXBuildFile; fileRef = 6F05D6E029C5C053005D965E /* FestivalView.swift */; };
		6F05D6E329C5CAE6005D965E /* JourFestivalView.swift in Sources */ = {isa = PBXBuildFile; fileRef = 6F05D6E229C5CAE6005D965E /* JourFestivalView.swift */; };
		6F05D6E529C5D8BC005D965E /* LandingPageView.swift in Sources */ = {isa = PBXBuildFile; fileRef = 6F05D6E429C5D8BC005D965E /* LandingPageView.swift */; };
		6F05D6E729C5DFF5005D965E /* SignedInView.swift in Sources */ = {isa = PBXBuildFile; fileRef = 6F05D6E629C5DFF5005D965E /* SignedInView.swift */; };
		6F05D6E929C5E429005D965E /* MenuView.swift in Sources */ = {isa = PBXBuildFile; fileRef = 6F05D6E829C5E429005D965E /* MenuView.swift */; };
		6F52722429C2964D00F3C896 /* FestivalAppMobileApp.swift in Sources */ = {isa = PBXBuildFile; fileRef = 6F52722329C2964D00F3C896 /* FestivalAppMobileApp.swift */; };
		6F52722629C2964D00F3C896 /* ContentView.swift in Sources */ = {isa = PBXBuildFile; fileRef = 6F52722529C2964D00F3C896 /* ContentView.swift */; };
		6F52722829C2964D00F3C896 /* Assets.xcassets in Resources */ = {isa = PBXBuildFile; fileRef = 6F52722729C2964D00F3C896 /* Assets.xcassets */; };
		6F52722B29C2964D00F3C896 /* Preview Assets.xcassets in Resources */ = {isa = PBXBuildFile; fileRef = 6F52722A29C2964D00F3C896 /* Preview Assets.xcassets */; };
		6F52723529C2964E00F3C896 /* FestivalAppMobileTests.swift in Sources */ = {isa = PBXBuildFile; fileRef = 6F52723429C2964E00F3C896 /* FestivalAppMobileTests.swift */; };
		6F52723F29C2964E00F3C896 /* FestivalAppMobileUITests.swift in Sources */ = {isa = PBXBuildFile; fileRef = 6F52723E29C2964E00F3C896 /* FestivalAppMobileUITests.swift */; };
		6F52724129C2964E00F3C896 /* FestivalAppMobileUITestsLaunchTests.swift in Sources */ = {isa = PBXBuildFile; fileRef = 6F52724029C2964E00F3C896 /* FestivalAppMobileUITestsLaunchTests.swift */; };
		6F52725429C2971700F3C896 /* ZonesView.swift in Sources */ = {isa = PBXBuildFile; fileRef = 6F52725329C2971700F3C896 /* ZonesView.swift */; };
		6F52725629C2973B00F3C896 /* ViewModelObserver.swift in Sources */ = {isa = PBXBuildFile; fileRef = 6F52725529C2973B00F3C896 /* ViewModelObserver.swift */; };
		6F52725929C2976F00F3C896 /* ZoneViewModel.swift in Sources */ = {isa = PBXBuildFile; fileRef = 6F52725829C2976F00F3C896 /* ZoneViewModel.swift */; };
		6F52725B29C2978100F3C896 /* ZoneListViewModel.swift in Sources */ = {isa = PBXBuildFile; fileRef = 6F52725A29C2978100F3C896 /* ZoneListViewModel.swift */; };
		6F52725D29C297C700F3C896 /* ZoneState.swift in Sources */ = {isa = PBXBuildFile; fileRef = 6F52725C29C297C700F3C896 /* ZoneState.swift */; };
		6F52725F29C297F800F3C896 /* ZoneIntent.swift in Sources */ = {isa = PBXBuildFile; fileRef = 6F52725E29C297F800F3C896 /* ZoneIntent.swift */; };
		6F52726129C2981A00F3C896 /* ZoneIntentError.swift in Sources */ = {isa = PBXBuildFile; fileRef = 6F52726029C2981A00F3C896 /* ZoneIntentError.swift */; };
		6F52726429C29C0B00F3C896 /* ZoneDTO.swift in Sources */ = {isa = PBXBuildFile; fileRef = 6F52726329C29C0B00F3C896 /* ZoneDTO.swift */; };
		6F52726629C29E7300F3C896 /* QueryResult.swift in Sources */ = {isa = PBXBuildFile; fileRef = 6F52726529C29E7300F3C896 /* QueryResult.swift */; };
		6F52726829C2A58300F3C896 /* JSONError.swift in Sources */ = {isa = PBXBuildFile; fileRef = 6F52726729C2A58300F3C896 /* JSONError.swift */; };
		6F52726B29C2A5CD00F3C896 /* JSONHelper.swift in Sources */ = {isa = PBXBuildFile; fileRef = 6F52726A29C2A5CD00F3C896 /* JSONHelper.swift */; };
		6F95270629C45B5B00E21CD4 /* SigninView.swift in Sources */ = {isa = PBXBuildFile; fileRef = 6F95270529C45B5B00E21CD4 /* SigninView.swift */; };
		6FD3722629C47FB500E969D0 /* SignupView.swift in Sources */ = {isa = PBXBuildFile; fileRef = 6FD3722529C47FB500E969D0 /* SignupView.swift */; };
		B739B9CF29C365CB00CE8D4D /* BenevolesView.swift in Sources */ = {isa = PBXBuildFile; fileRef = B739B9CE29C365CB00CE8D4D /* BenevolesView.swift */; };
		B739B9D229C3661F00CE8D4D /* CreneauxView.swift in Sources */ = {isa = PBXBuildFile; fileRef = B739B9D129C3661F00CE8D4D /* CreneauxView.swift */; };
		B739B9D529C3665900CE8D4D /* FestivalsView.swift in Sources */ = {isa = PBXBuildFile; fileRef = B739B9D429C3665900CE8D4D /* FestivalsView.swift */; };
		B7A186C429C8535D00FC4846 /* VisitorView.swift in Sources */ = {isa = PBXBuildFile; fileRef = B7A186C329C8535D00FC4846 /* VisitorView.swift */; };
		B7A186C729C8629000FC4846 /* FestivalsViewModel.swift in Sources */ = {isa = PBXBuildFile; fileRef = B7A186C629C8629000FC4846 /* FestivalsViewModel.swift */; };
		B7A186C929C8880300FC4846 /* FestivalState.swift in Sources */ = {isa = PBXBuildFile; fileRef = B7A186C829C8880300FC4846 /* FestivalState.swift */; };
		B7A186CB29C88CE900FC4846 /* FestivalViewModel.swift in Sources */ = {isa = PBXBuildFile; fileRef = B7A186CA29C88CE900FC4846 /* FestivalViewModel.swift */; };
		B7A186CD29C88F4B00FC4846 /* FestivalIntent.swift in Sources */ = {isa = PBXBuildFile; fileRef = B7A186CC29C88F4B00FC4846 /* FestivalIntent.swift */; };
		B7A186CF29C88F8C00FC4846 /* FestivalIntentError.swift in Sources */ = {isa = PBXBuildFile; fileRef = B7A186CE29C88F8C00FC4846 /* FestivalIntentError.swift */; };
		B7A186D129C89EA800FC4846 /* FestivalDTO.swift in Sources */ = {isa = PBXBuildFile; fileRef = B7A186D029C89EA800FC4846 /* FestivalDTO.swift */; };
		B7FBD7FE29C3581200ADA026 /* CreneauxView.swift in Sources */ = {isa = PBXBuildFile; fileRef = B7FBD7FD29C3581200ADA026 /* CreneauxView.swift */; };
		B7FBD80029C358B600ADA026 /* BenevolesView.swift in Sources */ = {isa = PBXBuildFile; fileRef = B7FBD7FF29C358B600ADA026 /* BenevolesView.swift */; };
		B7FBD80229C3597500ADA026 /* FestivalsView.swift in Sources */ = {isa = PBXBuildFile; fileRef = B7FBD80129C3597500ADA026 /* FestivalsView.swift */; };
		B7FBD80429C35A9E00ADA026 /* HomeView.swift in Sources */ = {isa = PBXBuildFile; fileRef = B7FBD80329C35A9E00ADA026 /* HomeView.swift */; };
/* End PBXBuildFile section */

/* Begin PBXContainerItemProxy section */
		6F52723129C2964E00F3C896 /* PBXContainerItemProxy */ = {
			isa = PBXContainerItemProxy;
			containerPortal = 6F52721829C2964D00F3C896 /* Project object */;
			proxyType = 1;
			remoteGlobalIDString = 6F52721F29C2964D00F3C896;
			remoteInfo = FestivalAppMobile;
		};
		6F52723B29C2964E00F3C896 /* PBXContainerItemProxy */ = {
			isa = PBXContainerItemProxy;
			containerPortal = 6F52721829C2964D00F3C896 /* Project object */;
			proxyType = 1;
			remoteGlobalIDString = 6F52721F29C2964D00F3C896;
			remoteInfo = FestivalAppMobile;
		};
/* End PBXContainerItemProxy section */

/* Begin PBXFileReference section */
		6F05D6E029C5C053005D965E /* FestivalView.swift */ = {isa = PBXFileReference; lastKnownFileType = sourcecode.swift; path = FestivalView.swift; sourceTree = "<group>"; };
		6F05D6E229C5CAE6005D965E /* JourFestivalView.swift */ = {isa = PBXFileReference; lastKnownFileType = sourcecode.swift; path = JourFestivalView.swift; sourceTree = "<group>"; };
		6F05D6E429C5D8BC005D965E /* LandingPageView.swift */ = {isa = PBXFileReference; lastKnownFileType = sourcecode.swift; path = LandingPageView.swift; sourceTree = "<group>"; };
		6F05D6E629C5DFF5005D965E /* SignedInView.swift */ = {isa = PBXFileReference; lastKnownFileType = sourcecode.swift; path = SignedInView.swift; sourceTree = "<group>"; };
		6F05D6E829C5E429005D965E /* MenuView.swift */ = {isa = PBXFileReference; lastKnownFileType = sourcecode.swift; path = MenuView.swift; sourceTree = "<group>"; };
		6F52722029C2964D00F3C896 /* FestivalAppMobile.app */ = {isa = PBXFileReference; explicitFileType = wrapper.application; includeInIndex = 0; path = FestivalAppMobile.app; sourceTree = BUILT_PRODUCTS_DIR; };
		6F52722329C2964D00F3C896 /* FestivalAppMobileApp.swift */ = {isa = PBXFileReference; lastKnownFileType = sourcecode.swift; path = FestivalAppMobileApp.swift; sourceTree = "<group>"; };
		6F52722529C2964D00F3C896 /* ContentView.swift */ = {isa = PBXFileReference; lastKnownFileType = sourcecode.swift; path = ContentView.swift; sourceTree = "<group>"; };
		6F52722729C2964D00F3C896 /* Assets.xcassets */ = {isa = PBXFileReference; lastKnownFileType = folder.assetcatalog; path = Assets.xcassets; sourceTree = "<group>"; };
		6F52722A29C2964D00F3C896 /* Preview Assets.xcassets */ = {isa = PBXFileReference; lastKnownFileType = folder.assetcatalog; path = "Preview Assets.xcassets"; sourceTree = "<group>"; };
		6F52723029C2964E00F3C896 /* FestivalAppMobileTests.xctest */ = {isa = PBXFileReference; explicitFileType = wrapper.cfbundle; includeInIndex = 0; path = FestivalAppMobileTests.xctest; sourceTree = BUILT_PRODUCTS_DIR; };
		6F52723429C2964E00F3C896 /* FestivalAppMobileTests.swift */ = {isa = PBXFileReference; lastKnownFileType = sourcecode.swift; path = FestivalAppMobileTests.swift; sourceTree = "<group>"; };
		6F52723A29C2964E00F3C896 /* FestivalAppMobileUITests.xctest */ = {isa = PBXFileReference; explicitFileType = wrapper.cfbundle; includeInIndex = 0; path = FestivalAppMobileUITests.xctest; sourceTree = BUILT_PRODUCTS_DIR; };
		6F52723E29C2964E00F3C896 /* FestivalAppMobileUITests.swift */ = {isa = PBXFileReference; lastKnownFileType = sourcecode.swift; path = FestivalAppMobileUITests.swift; sourceTree = "<group>"; };
		6F52724029C2964E00F3C896 /* FestivalAppMobileUITestsLaunchTests.swift */ = {isa = PBXFileReference; lastKnownFileType = sourcecode.swift; path = FestivalAppMobileUITestsLaunchTests.swift; sourceTree = "<group>"; };
		6F52725329C2971700F3C896 /* ZonesView.swift */ = {isa = PBXFileReference; lastKnownFileType = sourcecode.swift; path = ZonesView.swift; sourceTree = "<group>"; };
		6F52725529C2973B00F3C896 /* ViewModelObserver.swift */ = {isa = PBXFileReference; lastKnownFileType = sourcecode.swift; path = ViewModelObserver.swift; sourceTree = "<group>"; };
		6F52725829C2976F00F3C896 /* ZoneViewModel.swift */ = {isa = PBXFileReference; lastKnownFileType = sourcecode.swift; path = ZoneViewModel.swift; sourceTree = "<group>"; };
		6F52725A29C2978100F3C896 /* ZoneListViewModel.swift */ = {isa = PBXFileReference; lastKnownFileType = sourcecode.swift; path = ZoneListViewModel.swift; sourceTree = "<group>"; };
		6F52725C29C297C700F3C896 /* ZoneState.swift */ = {isa = PBXFileReference; lastKnownFileType = sourcecode.swift; path = ZoneState.swift; sourceTree = "<group>"; };
		6F52725E29C297F800F3C896 /* ZoneIntent.swift */ = {isa = PBXFileReference; lastKnownFileType = sourcecode.swift; path = ZoneIntent.swift; sourceTree = "<group>"; };
		6F52726029C2981A00F3C896 /* ZoneIntentError.swift */ = {isa = PBXFileReference; lastKnownFileType = sourcecode.swift; path = ZoneIntentError.swift; sourceTree = "<group>"; };
		6F52726329C29C0B00F3C896 /* ZoneDTO.swift */ = {isa = PBXFileReference; lastKnownFileType = sourcecode.swift; path = ZoneDTO.swift; sourceTree = "<group>"; };
		6F52726529C29E7300F3C896 /* QueryResult.swift */ = {isa = PBXFileReference; lastKnownFileType = sourcecode.swift; path = QueryResult.swift; sourceTree = "<group>"; };
		6F52726729C2A58300F3C896 /* JSONError.swift */ = {isa = PBXFileReference; lastKnownFileType = sourcecode.swift; path = JSONError.swift; sourceTree = "<group>"; };
		6F52726A29C2A5CD00F3C896 /* JSONHelper.swift */ = {isa = PBXFileReference; lastKnownFileType = sourcecode.swift; path = JSONHelper.swift; sourceTree = "<group>"; };
		6F95270529C45B5B00E21CD4 /* SigninView.swift */ = {isa = PBXFileReference; lastKnownFileType = sourcecode.swift; path = SigninView.swift; sourceTree = "<group>"; };
		6FD3722529C47FB500E969D0 /* SignupView.swift */ = {isa = PBXFileReference; lastKnownFileType = sourcecode.swift; path = SignupView.swift; sourceTree = "<group>"; };
		B739B9CE29C365CB00CE8D4D /* BenevolesView.swift */ = {isa = PBXFileReference; lastKnownFileType = sourcecode.swift; path = BenevolesView.swift; sourceTree = "<group>"; };
		B739B9D129C3661F00CE8D4D /* CreneauxView.swift */ = {isa = PBXFileReference; lastKnownFileType = sourcecode.swift; path = CreneauxView.swift; sourceTree = "<group>"; };
		B739B9D429C3665900CE8D4D /* FestivalsView.swift */ = {isa = PBXFileReference; lastKnownFileType = sourcecode.swift; path = FestivalsView.swift; sourceTree = "<group>"; };
		B7A186C329C8535D00FC4846 /* VisitorView.swift */ = {isa = PBXFileReference; lastKnownFileType = sourcecode.swift; path = VisitorView.swift; sourceTree = "<group>"; };
		B7A186C629C8629000FC4846 /* FestivalsViewModel.swift */ = {isa = PBXFileReference; lastKnownFileType = sourcecode.swift; path = FestivalsViewModel.swift; sourceTree = "<group>"; };
		B7A186C829C8880300FC4846 /* FestivalState.swift */ = {isa = PBXFileReference; lastKnownFileType = sourcecode.swift; path = FestivalState.swift; sourceTree = "<group>"; };
		B7A186CA29C88CE900FC4846 /* FestivalViewModel.swift */ = {isa = PBXFileReference; lastKnownFileType = sourcecode.swift; path = FestivalViewModel.swift; sourceTree = "<group>"; };
		B7A186CC29C88F4B00FC4846 /* FestivalIntent.swift */ = {isa = PBXFileReference; lastKnownFileType = sourcecode.swift; path = FestivalIntent.swift; sourceTree = "<group>"; };
		B7A186CE29C88F8C00FC4846 /* FestivalIntentError.swift */ = {isa = PBXFileReference; lastKnownFileType = sourcecode.swift; path = FestivalIntentError.swift; sourceTree = "<group>"; };
		B7A186D029C89EA800FC4846 /* FestivalDTO.swift */ = {isa = PBXFileReference; lastKnownFileType = sourcecode.swift; path = FestivalDTO.swift; sourceTree = "<group>"; };
		B7FBD7FD29C3581200ADA026 /* CreneauxView.swift */ = {isa = PBXFileReference; lastKnownFileType = sourcecode.swift; name = CreneauxView.swift; path = FestivalAppMobile/Views/Creneaux/CreneauxView.swift; sourceTree = "<group>"; };
		B7FBD7FF29C358B600ADA026 /* BenevolesView.swift */ = {isa = PBXFileReference; lastKnownFileType = sourcecode.swift; name = BenevolesView.swift; path = FestivalAppMobile/Views/Benevoles/BenevolesView.swift; sourceTree = "<group>"; };
		B7FBD80129C3597500ADA026 /* FestivalsView.swift */ = {isa = PBXFileReference; lastKnownFileType = sourcecode.swift; name = FestivalsView.swift; path = FestivalAppMobile/Views/Festivals/FestivalsView.swift; sourceTree = "<group>"; };
		B7FBD80329C35A9E00ADA026 /* HomeView.swift */ = {isa = PBXFileReference; lastKnownFileType = sourcecode.swift; name = HomeView.swift; path = FestivalAppMobile/Views/HomeView.swift; sourceTree = "<group>"; };
/* End PBXFileReference section */

/* Begin PBXFrameworksBuildPhase section */
		6F52721D29C2964D00F3C896 /* Frameworks */ = {
			isa = PBXFrameworksBuildPhase;
			buildActionMask = 2147483647;
			files = (
			);
			runOnlyForDeploymentPostprocessing = 0;
		};
		6F52722D29C2964E00F3C896 /* Frameworks */ = {
			isa = PBXFrameworksBuildPhase;
			buildActionMask = 2147483647;
			files = (
			);
			runOnlyForDeploymentPostprocessing = 0;
		};
		6F52723729C2964E00F3C896 /* Frameworks */ = {
			isa = PBXFrameworksBuildPhase;
			buildActionMask = 2147483647;
			files = (
			);
			runOnlyForDeploymentPostprocessing = 0;
		};
/* End PBXFrameworksBuildPhase section */

/* Begin PBXGroup section */
		6F52721729C2964D00F3C896 = {
			isa = PBXGroup;
			children = (
				B7FBD80329C35A9E00ADA026 /* HomeView.swift */,
				B7FBD80129C3597500ADA026 /* FestivalsView.swift */,
				B7FBD7FF29C358B600ADA026 /* BenevolesView.swift */,
				B7FBD7FD29C3581200ADA026 /* CreneauxView.swift */,
				6F52722229C2964D00F3C896 /* FestivalAppMobile */,
				6F52723329C2964E00F3C896 /* FestivalAppMobileTests */,
				6F52723D29C2964E00F3C896 /* FestivalAppMobileUITests */,
				6F52722129C2964D00F3C896 /* Products */,
			);
			sourceTree = "<group>";
		};
		6F52722129C2964D00F3C896 /* Products */ = {
			isa = PBXGroup;
			children = (
				6F52722029C2964D00F3C896 /* FestivalAppMobile.app */,
				6F52723029C2964E00F3C896 /* FestivalAppMobileTests.xctest */,
				6F52723A29C2964E00F3C896 /* FestivalAppMobileUITests.xctest */,
			);
			name = Products;
			sourceTree = "<group>";
		};
		6F52722229C2964D00F3C896 /* FestivalAppMobile */ = {
			isa = PBXGroup;
			children = (
				6F52726929C2A5BF00F3C896 /* Helpers */,
				6F52726229C29BFE00F3C896 /* Models */,
				6F52725129C296F400F3C896 /* Views */,
				6F52725029C296EE00F3C896 /* ViewModels */,
				6F52724F29C296E700F3C896 /* States */,
				6F52724E29C296E000F3C896 /* Intents */,
				6F52724D29C296D800F3C896 /* Errors */,
				6F52722329C2964D00F3C896 /* FestivalAppMobileApp.swift */,
				6F52722529C2964D00F3C896 /* ContentView.swift */,
				6F52722729C2964D00F3C896 /* Assets.xcassets */,
				6F52722929C2964D00F3C896 /* Preview Content */,
			);
			path = FestivalAppMobile;
			sourceTree = "<group>";
		};
		6F52722929C2964D00F3C896 /* Preview Content */ = {
			isa = PBXGroup;
			children = (
				6F52722A29C2964D00F3C896 /* Preview Assets.xcassets */,
			);
			path = "Preview Content";
			sourceTree = "<group>";
		};
		6F52723329C2964E00F3C896 /* FestivalAppMobileTests */ = {
			isa = PBXGroup;
			children = (
				6F52723429C2964E00F3C896 /* FestivalAppMobileTests.swift */,
			);
			path = FestivalAppMobileTests;
			sourceTree = "<group>";
		};
		6F52723D29C2964E00F3C896 /* FestivalAppMobileUITests */ = {
			isa = PBXGroup;
			children = (
				6F52723E29C2964E00F3C896 /* FestivalAppMobileUITests.swift */,
				6F52724029C2964E00F3C896 /* FestivalAppMobileUITestsLaunchTests.swift */,
			);
			path = FestivalAppMobileUITests;
			sourceTree = "<group>";
		};
		6F52724D29C296D800F3C896 /* Errors */ = {
			isa = PBXGroup;
			children = (
				6F52726029C2981A00F3C896 /* ZoneIntentError.swift */,
				6F52726729C2A58300F3C896 /* JSONError.swift */,
				B7A186CE29C88F8C00FC4846 /* FestivalIntentError.swift */,
			);
			path = Errors;
			sourceTree = "<group>";
		};
		6F52724E29C296E000F3C896 /* Intents */ = {
			isa = PBXGroup;
			children = (
				6F52725E29C297F800F3C896 /* ZoneIntent.swift */,
				B7A186CC29C88F4B00FC4846 /* FestivalIntent.swift */,
			);
			path = Intents;
			sourceTree = "<group>";
		};
		6F52724F29C296E700F3C896 /* States */ = {
			isa = PBXGroup;
			children = (
				6F52725C29C297C700F3C896 /* ZoneState.swift */,
				B7A186C829C8880300FC4846 /* FestivalState.swift */,
			);
			path = States;
			sourceTree = "<group>";
		};
		6F52725029C296EE00F3C896 /* ViewModels */ = {
			isa = PBXGroup;
			children = (
				B7A186C529C8628100FC4846 /* Festivals */,
				6F52725729C2975300F3C896 /* Zones */,
				6F52725529C2973B00F3C896 /* ViewModelObserver.swift */,
			);
			path = ViewModels;
			sourceTree = "<group>";
		};
		6F52725129C296F400F3C896 /* Views */ = {
			isa = PBXGroup;
			children = (
				6F95270429C45AEB00E21CD4 /* Auth */,
				B739B9D329C3664600CE8D4D /* Festivals */,
				B739B9D029C3660D00CE8D4D /* Creneaux */,
				B739B9CD29C3651900CE8D4D /* Benevoles */,
				6F52725229C296FF00F3C896 /* Zones */,
				6F05D6E429C5D8BC005D965E /* LandingPageView.swift */,
				6F05D6E829C5E429005D965E /* MenuView.swift */,
			);
			path = Views;
			sourceTree = "<group>";
		};
		6F52725229C296FF00F3C896 /* Zones */ = {
			isa = PBXGroup;
			children = (
				6F52725329C2971700F3C896 /* ZonesView.swift */,
			);
			path = Zones;
			sourceTree = "<group>";
		};
		6F52725729C2975300F3C896 /* Zones */ = {
			isa = PBXGroup;
			children = (
				6F52725829C2976F00F3C896 /* ZoneViewModel.swift */,
				6F52725A29C2978100F3C896 /* ZoneListViewModel.swift */,
			);
			path = Zones;
			sourceTree = "<group>";
		};
		6F52726229C29BFE00F3C896 /* Models */ = {
			isa = PBXGroup;
			children = (
				6F52726329C29C0B00F3C896 /* ZoneDTO.swift */,
				6F52726529C29E7300F3C896 /* QueryResult.swift */,
				B7A186D029C89EA800FC4846 /* FestivalDTO.swift */,
			);
			path = Models;
			sourceTree = "<group>";
		};
		6F52726929C2A5BF00F3C896 /* Helpers */ = {
			isa = PBXGroup;
			children = (
				6F52726A29C2A5CD00F3C896 /* JSONHelper.swift */,
			);
			path = Helpers;
			sourceTree = "<group>";
		};
		6F95270429C45AEB00E21CD4 /* Auth */ = {
			isa = PBXGroup;
			children = (
				6F95270529C45B5B00E21CD4 /* SigninView.swift */,
				6FD3722529C47FB500E969D0 /* SignupView.swift */,
				6F05D6E629C5DFF5005D965E /* SignedInView.swift */,
				B7A186C329C8535D00FC4846 /* VisitorView.swift */,
			);
			path = Auth;
			sourceTree = "<group>";
		};
		B739B9CD29C3651900CE8D4D /* Benevoles */ = {
			isa = PBXGroup;
			children = (
				B739B9CE29C365CB00CE8D4D /* BenevolesView.swift */,
			);
			path = Benevoles;
			sourceTree = "<group>";
		};
		B739B9D029C3660D00CE8D4D /* Creneaux */ = {
			isa = PBXGroup;
			children = (
				B739B9D129C3661F00CE8D4D /* CreneauxView.swift */,
			);
			path = Creneaux;
			sourceTree = "<group>";
		};
		B739B9D329C3664600CE8D4D /* Festivals */ = {
			isa = PBXGroup;
			children = (
				B739B9D429C3665900CE8D4D /* FestivalsView.swift */,
				6F05D6E029C5C053005D965E /* FestivalView.swift */,
				6F05D6E229C5CAE6005D965E /* JourFestivalView.swift */,
			);
			path = Festivals;
			sourceTree = "<group>";
		};
		B7A186C529C8628100FC4846 /* Festivals */ = {
			isa = PBXGroup;
			children = (
				B7A186C629C8629000FC4846 /* FestivalsViewModel.swift */,
				B7A186CA29C88CE900FC4846 /* FestivalViewModel.swift */,
			);
			path = Festivals;
			sourceTree = "<group>";
		};
/* End PBXGroup section */

/* Begin PBXNativeTarget section */
		6F52721F29C2964D00F3C896 /* FestivalAppMobile */ = {
			isa = PBXNativeTarget;
			buildConfigurationList = 6F52724429C2964E00F3C896 /* Build configuration list for PBXNativeTarget "FestivalAppMobile" */;
			buildPhases = (
				6F52721C29C2964D00F3C896 /* Sources */,
				6F52721D29C2964D00F3C896 /* Frameworks */,
				6F52721E29C2964D00F3C896 /* Resources */,
			);
			buildRules = (
			);
			dependencies = (
			);
			name = FestivalAppMobile;
			productName = FestivalAppMobile;
			productReference = 6F52722029C2964D00F3C896 /* FestivalAppMobile.app */;
			productType = "com.apple.product-type.application";
		};
		6F52722F29C2964E00F3C896 /* FestivalAppMobileTests */ = {
			isa = PBXNativeTarget;
			buildConfigurationList = 6F52724729C2964E00F3C896 /* Build configuration list for PBXNativeTarget "FestivalAppMobileTests" */;
			buildPhases = (
				6F52722C29C2964E00F3C896 /* Sources */,
				6F52722D29C2964E00F3C896 /* Frameworks */,
				6F52722E29C2964E00F3C896 /* Resources */,
			);
			buildRules = (
			);
			dependencies = (
				6F52723229C2964E00F3C896 /* PBXTargetDependency */,
			);
			name = FestivalAppMobileTests;
			productName = FestivalAppMobileTests;
			productReference = 6F52723029C2964E00F3C896 /* FestivalAppMobileTests.xctest */;
			productType = "com.apple.product-type.bundle.unit-test";
		};
		6F52723929C2964E00F3C896 /* FestivalAppMobileUITests */ = {
			isa = PBXNativeTarget;
			buildConfigurationList = 6F52724A29C2964E00F3C896 /* Build configuration list for PBXNativeTarget "FestivalAppMobileUITests" */;
			buildPhases = (
				6F52723629C2964E00F3C896 /* Sources */,
				6F52723729C2964E00F3C896 /* Frameworks */,
				6F52723829C2964E00F3C896 /* Resources */,
			);
			buildRules = (
			);
			dependencies = (
				6F52723C29C2964E00F3C896 /* PBXTargetDependency */,
			);
			name = FestivalAppMobileUITests;
			productName = FestivalAppMobileUITests;
			productReference = 6F52723A29C2964E00F3C896 /* FestivalAppMobileUITests.xctest */;
			productType = "com.apple.product-type.bundle.ui-testing";
		};
/* End PBXNativeTarget section */

/* Begin PBXProject section */
		6F52721829C2964D00F3C896 /* Project object */ = {
			isa = PBXProject;
			attributes = {
				BuildIndependentTargetsInParallel = 1;
				LastSwiftUpdateCheck = 1420;
				LastUpgradeCheck = 1420;
				TargetAttributes = {
					6F52721F29C2964D00F3C896 = {
						CreatedOnToolsVersion = 14.2;
					};
					6F52722F29C2964E00F3C896 = {
						CreatedOnToolsVersion = 14.2;
						TestTargetID = 6F52721F29C2964D00F3C896;
					};
					6F52723929C2964E00F3C896 = {
						CreatedOnToolsVersion = 14.2;
						TestTargetID = 6F52721F29C2964D00F3C896;
					};
				};
			};
			buildConfigurationList = 6F52721B29C2964D00F3C896 /* Build configuration list for PBXProject "FestivalAppMobile" */;
			compatibilityVersion = "Xcode 14.0";
			developmentRegion = en;
			hasScannedForEncodings = 0;
			knownRegions = (
				en,
				Base,
			);
			mainGroup = 6F52721729C2964D00F3C896;
			productRefGroup = 6F52722129C2964D00F3C896 /* Products */;
			projectDirPath = "";
			projectRoot = "";
			targets = (
				6F52721F29C2964D00F3C896 /* FestivalAppMobile */,
				6F52722F29C2964E00F3C896 /* FestivalAppMobileTests */,
				6F52723929C2964E00F3C896 /* FestivalAppMobileUITests */,
			);
		};
/* End PBXProject section */

/* Begin PBXResourcesBuildPhase section */
		6F52721E29C2964D00F3C896 /* Resources */ = {
			isa = PBXResourcesBuildPhase;
			buildActionMask = 2147483647;
			files = (
				6F52722B29C2964D00F3C896 /* Preview Assets.xcassets in Resources */,
				6F52722829C2964D00F3C896 /* Assets.xcassets in Resources */,
			);
			runOnlyForDeploymentPostprocessing = 0;
		};
		6F52722E29C2964E00F3C896 /* Resources */ = {
			isa = PBXResourcesBuildPhase;
			buildActionMask = 2147483647;
			files = (
			);
			runOnlyForDeploymentPostprocessing = 0;
		};
		6F52723829C2964E00F3C896 /* Resources */ = {
			isa = PBXResourcesBuildPhase;
			buildActionMask = 2147483647;
			files = (
			);
			runOnlyForDeploymentPostprocessing = 0;
		};
/* End PBXResourcesBuildPhase section */

/* Begin PBXSourcesBuildPhase section */
		6F52721C29C2964D00F3C896 /* Sources */ = {
			isa = PBXSourcesBuildPhase;
			buildActionMask = 2147483647;
			files = (
				6F52722629C2964D00F3C896 /* ContentView.swift in Sources */,
				B7A186C929C8880300FC4846 /* FestivalState.swift in Sources */,
				6F52725F29C297F800F3C896 /* ZoneIntent.swift in Sources */,
				B7A186D129C89EA800FC4846 /* FestivalDTO.swift in Sources */,
				B7A186CF29C88F8C00FC4846 /* FestivalIntentError.swift in Sources */,
				6F52725929C2976F00F3C896 /* ZoneViewModel.swift in Sources */,
				6F52726429C29C0B00F3C896 /* ZoneDTO.swift in Sources */,
				6F52726129C2981A00F3C896 /* ZoneIntentError.swift in Sources */,
				B739B9D229C3661F00CE8D4D /* CreneauxView.swift in Sources */,
				B7FBD80429C35A9E00ADA026 /* HomeView.swift in Sources */,
				B739B9CF29C365CB00CE8D4D /* BenevolesView.swift in Sources */,
				6F52725429C2971700F3C896 /* ZonesView.swift in Sources */,
				B7A186C729C8629000FC4846 /* FestivalsViewModel.swift in Sources */,
				6F05D6E129C5C053005D965E /* FestivalView.swift in Sources */,
				B7FBD80029C358B600ADA026 /* BenevolesView.swift in Sources */,
				B7A186C429C8535D00FC4846 /* VisitorView.swift in Sources */,
				6F52726829C2A58300F3C896 /* JSONError.swift in Sources */,
				6F95270629C45B5B00E21CD4 /* SigninView.swift in Sources */,
				6F52726629C29E7300F3C896 /* QueryResult.swift in Sources */,
				B7FBD7FE29C3581200ADA026 /* CreneauxView.swift in Sources */,
				B7FBD80229C3597500ADA026 /* FestivalsView.swift in Sources */,
				B739B9D529C3665900CE8D4D /* FestivalsView.swift in Sources */,
				6F05D6E729C5DFF5005D965E /* SignedInView.swift in Sources */,
				6F05D6E529C5D8BC005D965E /* LandingPageView.swift in Sources */,
				6F52726B29C2A5CD00F3C896 /* JSONHelper.swift in Sources */,
				6F05D6E329C5CAE6005D965E /* JourFestivalView.swift in Sources */,
				6F52725D29C297C700F3C896 /* ZoneState.swift in Sources */,
				6F05D6E929C5E429005D965E /* MenuView.swift in Sources */,
				B7A186CB29C88CE900FC4846 /* FestivalViewModel.swift in Sources */,
				6F52725629C2973B00F3C896 /* ViewModelObserver.swift in Sources */,
				6F52725B29C2978100F3C896 /* ZoneListViewModel.swift in Sources */,
				6FD3722629C47FB500E969D0 /* SignupView.swift in Sources */,
				6F52722429C2964D00F3C896 /* FestivalAppMobileApp.swift in Sources */,
				B7A186CD29C88F4B00FC4846 /* FestivalIntent.swift in Sources */,
			);
			runOnlyForDeploymentPostprocessing = 0;
		};
		6F52722C29C2964E00F3C896 /* Sources */ = {
			isa = PBXSourcesBuildPhase;
			buildActionMask = 2147483647;
			files = (
				6F52723529C2964E00F3C896 /* FestivalAppMobileTests.swift in Sources */,
			);
			runOnlyForDeploymentPostprocessing = 0;
		};
		6F52723629C2964E00F3C896 /* Sources */ = {
			isa = PBXSourcesBuildPhase;
			buildActionMask = 2147483647;
			files = (
				6F52724129C2964E00F3C896 /* FestivalAppMobileUITestsLaunchTests.swift in Sources */,
				6F52723F29C2964E00F3C896 /* FestivalAppMobileUITests.swift in Sources */,
			);
			runOnlyForDeploymentPostprocessing = 0;
		};
/* End PBXSourcesBuildPhase section */

/* Begin PBXTargetDependency section */
		6F52723229C2964E00F3C896 /* PBXTargetDependency */ = {
			isa = PBXTargetDependency;
			target = 6F52721F29C2964D00F3C896 /* FestivalAppMobile */;
			targetProxy = 6F52723129C2964E00F3C896 /* PBXContainerItemProxy */;
		};
		6F52723C29C2964E00F3C896 /* PBXTargetDependency */ = {
			isa = PBXTargetDependency;
			target = 6F52721F29C2964D00F3C896 /* FestivalAppMobile */;
			targetProxy = 6F52723B29C2964E00F3C896 /* PBXContainerItemProxy */;
		};
/* End PBXTargetDependency section */

/* Begin XCBuildConfiguration section */
		6F52724229C2964E00F3C896 /* Debug */ = {
			isa = XCBuildConfiguration;
			buildSettings = {
				ALWAYS_SEARCH_USER_PATHS = NO;
				CLANG_ANALYZER_NONNULL = YES;
				CLANG_ANALYZER_NUMBER_OBJECT_CONVERSION = YES_AGGRESSIVE;
				CLANG_CXX_LANGUAGE_STANDARD = "gnu++20";
				CLANG_ENABLE_MODULES = YES;
				CLANG_ENABLE_OBJC_ARC = YES;
				CLANG_ENABLE_OBJC_WEAK = YES;
				CLANG_WARN_BLOCK_CAPTURE_AUTORELEASING = YES;
				CLANG_WARN_BOOL_CONVERSION = YES;
				CLANG_WARN_COMMA = YES;
				CLANG_WARN_CONSTANT_CONVERSION = YES;
				CLANG_WARN_DEPRECATED_OBJC_IMPLEMENTATIONS = YES;
				CLANG_WARN_DIRECT_OBJC_ISA_USAGE = YES_ERROR;
				CLANG_WARN_DOCUMENTATION_COMMENTS = YES;
				CLANG_WARN_EMPTY_BODY = YES;
				CLANG_WARN_ENUM_CONVERSION = YES;
				CLANG_WARN_INFINITE_RECURSION = YES;
				CLANG_WARN_INT_CONVERSION = YES;
				CLANG_WARN_NON_LITERAL_NULL_CONVERSION = YES;
				CLANG_WARN_OBJC_IMPLICIT_RETAIN_SELF = YES;
				CLANG_WARN_OBJC_LITERAL_CONVERSION = YES;
				CLANG_WARN_OBJC_ROOT_CLASS = YES_ERROR;
				CLANG_WARN_QUOTED_INCLUDE_IN_FRAMEWORK_HEADER = YES;
				CLANG_WARN_RANGE_LOOP_ANALYSIS = YES;
				CLANG_WARN_STRICT_PROTOTYPES = YES;
				CLANG_WARN_SUSPICIOUS_MOVE = YES;
				CLANG_WARN_UNGUARDED_AVAILABILITY = YES_AGGRESSIVE;
				CLANG_WARN_UNREACHABLE_CODE = YES;
				CLANG_WARN__DUPLICATE_METHOD_MATCH = YES;
				COPY_PHASE_STRIP = NO;
				DEBUG_INFORMATION_FORMAT = dwarf;
				ENABLE_STRICT_OBJC_MSGSEND = YES;
				ENABLE_TESTABILITY = YES;
				GCC_C_LANGUAGE_STANDARD = gnu11;
				GCC_DYNAMIC_NO_PIC = NO;
				GCC_NO_COMMON_BLOCKS = YES;
				GCC_OPTIMIZATION_LEVEL = 0;
				GCC_PREPROCESSOR_DEFINITIONS = (
					"DEBUG=1",
					"$(inherited)",
				);
				GCC_WARN_64_TO_32_BIT_CONVERSION = YES;
				GCC_WARN_ABOUT_RETURN_TYPE = YES_ERROR;
				GCC_WARN_UNDECLARED_SELECTOR = YES;
				GCC_WARN_UNINITIALIZED_AUTOS = YES_AGGRESSIVE;
				GCC_WARN_UNUSED_FUNCTION = YES;
				GCC_WARN_UNUSED_VARIABLE = YES;
				IPHONEOS_DEPLOYMENT_TARGET = 16.2;
				MTL_ENABLE_DEBUG_INFO = INCLUDE_SOURCE;
				MTL_FAST_MATH = YES;
				ONLY_ACTIVE_ARCH = YES;
				SDKROOT = iphoneos;
				SWIFT_ACTIVE_COMPILATION_CONDITIONS = DEBUG;
				SWIFT_OPTIMIZATION_LEVEL = "-Onone";
			};
			name = Debug;
		};
		6F52724329C2964E00F3C896 /* Release */ = {
			isa = XCBuildConfiguration;
			buildSettings = {
				ALWAYS_SEARCH_USER_PATHS = NO;
				CLANG_ANALYZER_NONNULL = YES;
				CLANG_ANALYZER_NUMBER_OBJECT_CONVERSION = YES_AGGRESSIVE;
				CLANG_CXX_LANGUAGE_STANDARD = "gnu++20";
				CLANG_ENABLE_MODULES = YES;
				CLANG_ENABLE_OBJC_ARC = YES;
				CLANG_ENABLE_OBJC_WEAK = YES;
				CLANG_WARN_BLOCK_CAPTURE_AUTORELEASING = YES;
				CLANG_WARN_BOOL_CONVERSION = YES;
				CLANG_WARN_COMMA = YES;
				CLANG_WARN_CONSTANT_CONVERSION = YES;
				CLANG_WARN_DEPRECATED_OBJC_IMPLEMENTATIONS = YES;
				CLANG_WARN_DIRECT_OBJC_ISA_USAGE = YES_ERROR;
				CLANG_WARN_DOCUMENTATION_COMMENTS = YES;
				CLANG_WARN_EMPTY_BODY = YES;
				CLANG_WARN_ENUM_CONVERSION = YES;
				CLANG_WARN_INFINITE_RECURSION = YES;
				CLANG_WARN_INT_CONVERSION = YES;
				CLANG_WARN_NON_LITERAL_NULL_CONVERSION = YES;
				CLANG_WARN_OBJC_IMPLICIT_RETAIN_SELF = YES;
				CLANG_WARN_OBJC_LITERAL_CONVERSION = YES;
				CLANG_WARN_OBJC_ROOT_CLASS = YES_ERROR;
				CLANG_WARN_QUOTED_INCLUDE_IN_FRAMEWORK_HEADER = YES;
				CLANG_WARN_RANGE_LOOP_ANALYSIS = YES;
				CLANG_WARN_STRICT_PROTOTYPES = YES;
				CLANG_WARN_SUSPICIOUS_MOVE = YES;
				CLANG_WARN_UNGUARDED_AVAILABILITY = YES_AGGRESSIVE;
				CLANG_WARN_UNREACHABLE_CODE = YES;
				CLANG_WARN__DUPLICATE_METHOD_MATCH = YES;
				COPY_PHASE_STRIP = NO;
				DEBUG_INFORMATION_FORMAT = "dwarf-with-dsym";
				ENABLE_NS_ASSERTIONS = NO;
				ENABLE_STRICT_OBJC_MSGSEND = YES;
				GCC_C_LANGUAGE_STANDARD = gnu11;
				GCC_NO_COMMON_BLOCKS = YES;
				GCC_WARN_64_TO_32_BIT_CONVERSION = YES;
				GCC_WARN_ABOUT_RETURN_TYPE = YES_ERROR;
				GCC_WARN_UNDECLARED_SELECTOR = YES;
				GCC_WARN_UNINITIALIZED_AUTOS = YES_AGGRESSIVE;
				GCC_WARN_UNUSED_FUNCTION = YES;
				GCC_WARN_UNUSED_VARIABLE = YES;
				IPHONEOS_DEPLOYMENT_TARGET = 16.2;
				MTL_ENABLE_DEBUG_INFO = NO;
				MTL_FAST_MATH = YES;
				SDKROOT = iphoneos;
				SWIFT_COMPILATION_MODE = wholemodule;
				SWIFT_OPTIMIZATION_LEVEL = "-O";
				VALIDATE_PRODUCT = YES;
			};
			name = Release;
		};
		6F52724529C2964E00F3C896 /* Debug */ = {
			isa = XCBuildConfiguration;
			buildSettings = {
				ASSETCATALOG_COMPILER_APPICON_NAME = AppIcon;
				ASSETCATALOG_COMPILER_GLOBAL_ACCENT_COLOR_NAME = AccentColor;
				CODE_SIGN_STYLE = Automatic;
				CURRENT_PROJECT_VERSION = 1;
				DEVELOPMENT_ASSET_PATHS = "\"FestivalAppMobile/Preview Content\"";
				ENABLE_PREVIEWS = YES;
				GENERATE_INFOPLIST_FILE = YES;
				INFOPLIST_KEY_UIApplicationSceneManifest_Generation = YES;
				INFOPLIST_KEY_UIApplicationSupportsIndirectInputEvents = YES;
				INFOPLIST_KEY_UILaunchScreen_Generation = YES;
				INFOPLIST_KEY_UISupportedInterfaceOrientations = UIInterfaceOrientationPortrait;
				LD_RUNPATH_SEARCH_PATHS = (
					"$(inherited)",
					"@executable_path/Frameworks",
				);
				MARKETING_VERSION = 1.0;
				PRODUCT_BUNDLE_IDENTIFIER = Polytech.FestivalAppMobile;
				PRODUCT_NAME = "$(TARGET_NAME)";
				SWIFT_EMIT_LOC_STRINGS = YES;
				SWIFT_VERSION = 5.0;
				TARGETED_DEVICE_FAMILY = "1,2";
			};
			name = Debug;
		};
		6F52724629C2964E00F3C896 /* Release */ = {
			isa = XCBuildConfiguration;
			buildSettings = {
				ASSETCATALOG_COMPILER_APPICON_NAME = AppIcon;
				ASSETCATALOG_COMPILER_GLOBAL_ACCENT_COLOR_NAME = AccentColor;
				CODE_SIGN_STYLE = Automatic;
				CURRENT_PROJECT_VERSION = 1;
				DEVELOPMENT_ASSET_PATHS = "\"FestivalAppMobile/Preview Content\"";
				ENABLE_PREVIEWS = YES;
				GENERATE_INFOPLIST_FILE = YES;
				INFOPLIST_KEY_UIApplicationSceneManifest_Generation = YES;
				INFOPLIST_KEY_UIApplicationSupportsIndirectInputEvents = YES;
				INFOPLIST_KEY_UILaunchScreen_Generation = YES;
				INFOPLIST_KEY_UISupportedInterfaceOrientations = UIInterfaceOrientationPortrait;
				LD_RUNPATH_SEARCH_PATHS = (
					"$(inherited)",
					"@executable_path/Frameworks",
				);
				MARKETING_VERSION = 1.0;
				PRODUCT_BUNDLE_IDENTIFIER = Polytech.FestivalAppMobile;
				PRODUCT_NAME = "$(TARGET_NAME)";
				SWIFT_EMIT_LOC_STRINGS = YES;
				SWIFT_VERSION = 5.0;
				TARGETED_DEVICE_FAMILY = "1,2";
			};
			name = Release;
		};
		6F52724829C2964E00F3C896 /* Debug */ = {
			isa = XCBuildConfiguration;
			buildSettings = {
				ALWAYS_EMBED_SWIFT_STANDARD_LIBRARIES = YES;
				BUNDLE_LOADER = "$(TEST_HOST)";
				CODE_SIGN_STYLE = Automatic;
				CURRENT_PROJECT_VERSION = 1;
				GENERATE_INFOPLIST_FILE = YES;
				IPHONEOS_DEPLOYMENT_TARGET = 16.2;
				MARKETING_VERSION = 1.0;
				PRODUCT_BUNDLE_IDENTIFIER = Polytech.FestivalAppMobileTests;
				PRODUCT_NAME = "$(TARGET_NAME)";
				SWIFT_EMIT_LOC_STRINGS = NO;
				SWIFT_VERSION = 5.0;
				TARGETED_DEVICE_FAMILY = "1,2";
				TEST_HOST = "$(BUILT_PRODUCTS_DIR)/FestivalAppMobile.app/$(BUNDLE_EXECUTABLE_FOLDER_PATH)/FestivalAppMobile";
			};
			name = Debug;
		};
		6F52724929C2964E00F3C896 /* Release */ = {
			isa = XCBuildConfiguration;
			buildSettings = {
				ALWAYS_EMBED_SWIFT_STANDARD_LIBRARIES = YES;
				BUNDLE_LOADER = "$(TEST_HOST)";
				CODE_SIGN_STYLE = Automatic;
				CURRENT_PROJECT_VERSION = 1;
				GENERATE_INFOPLIST_FILE = YES;
				IPHONEOS_DEPLOYMENT_TARGET = 16.2;
				MARKETING_VERSION = 1.0;
				PRODUCT_BUNDLE_IDENTIFIER = Polytech.FestivalAppMobileTests;
				PRODUCT_NAME = "$(TARGET_NAME)";
				SWIFT_EMIT_LOC_STRINGS = NO;
				SWIFT_VERSION = 5.0;
				TARGETED_DEVICE_FAMILY = "1,2";
				TEST_HOST = "$(BUILT_PRODUCTS_DIR)/FestivalAppMobile.app/$(BUNDLE_EXECUTABLE_FOLDER_PATH)/FestivalAppMobile";
			};
			name = Release;
		};
		6F52724B29C2964E00F3C896 /* Debug */ = {
			isa = XCBuildConfiguration;
			buildSettings = {
				ALWAYS_EMBED_SWIFT_STANDARD_LIBRARIES = YES;
				CODE_SIGN_STYLE = Automatic;
				CURRENT_PROJECT_VERSION = 1;
				GENERATE_INFOPLIST_FILE = YES;
				MARKETING_VERSION = 1.0;
				PRODUCT_BUNDLE_IDENTIFIER = Polytech.FestivalAppMobileUITests;
				PRODUCT_NAME = "$(TARGET_NAME)";
				SWIFT_EMIT_LOC_STRINGS = NO;
				SWIFT_VERSION = 5.0;
				TARGETED_DEVICE_FAMILY = "1,2";
				TEST_TARGET_NAME = FestivalAppMobile;
			};
			name = Debug;
		};
		6F52724C29C2964E00F3C896 /* Release */ = {
			isa = XCBuildConfiguration;
			buildSettings = {
				ALWAYS_EMBED_SWIFT_STANDARD_LIBRARIES = YES;
				CODE_SIGN_STYLE = Automatic;
				CURRENT_PROJECT_VERSION = 1;
				GENERATE_INFOPLIST_FILE = YES;
				MARKETING_VERSION = 1.0;
				PRODUCT_BUNDLE_IDENTIFIER = Polytech.FestivalAppMobileUITests;
				PRODUCT_NAME = "$(TARGET_NAME)";
				SWIFT_EMIT_LOC_STRINGS = NO;
				SWIFT_VERSION = 5.0;
				TARGETED_DEVICE_FAMILY = "1,2";
				TEST_TARGET_NAME = FestivalAppMobile;
			};
			name = Release;
		};
/* End XCBuildConfiguration section */

/* Begin XCConfigurationList section */
		6F52721B29C2964D00F3C896 /* Build configuration list for PBXProject "FestivalAppMobile" */ = {
			isa = XCConfigurationList;
			buildConfigurations = (
				6F52724229C2964E00F3C896 /* Debug */,
				6F52724329C2964E00F3C896 /* Release */,
			);
			defaultConfigurationIsVisible = 0;
			defaultConfigurationName = Release;
		};
		6F52724429C2964E00F3C896 /* Build configuration list for PBXNativeTarget "FestivalAppMobile" */ = {
			isa = XCConfigurationList;
			buildConfigurations = (
				6F52724529C2964E00F3C896 /* Debug */,
				6F52724629C2964E00F3C896 /* Release */,
			);
			defaultConfigurationIsVisible = 0;
			defaultConfigurationName = Release;
		};
		6F52724729C2964E00F3C896 /* Build configuration list for PBXNativeTarget "FestivalAppMobileTests" */ = {
			isa = XCConfigurationList;
			buildConfigurations = (
				6F52724829C2964E00F3C896 /* Debug */,
				6F52724929C2964E00F3C896 /* Release */,
			);
			defaultConfigurationIsVisible = 0;
			defaultConfigurationName = Release;
		};
		6F52724A29C2964E00F3C896 /* Build configuration list for PBXNativeTarget "FestivalAppMobileUITests" */ = {
			isa = XCConfigurationList;
			buildConfigurations = (
				6F52724B29C2964E00F3C896 /* Debug */,
				6F52724C29C2964E00F3C896 /* Release */,
			);
			defaultConfigurationIsVisible = 0;
			defaultConfigurationName = Release;
		};
/* End XCConfigurationList section */
	};
	rootObject = 6F52721829C2964D00F3C896 /* Project object */;
}
