// !$*UTF8*$!
{
	archiveVersion = 1;
	classes = {
	};
	objectVersion = 56;
	objects = {

/* Begin PBXBuildFile section */
		6F7FD8A329CDA5DE002CF845 /* AuthIntent.swift in Sources */ = {isa = PBXBuildFile; fileRef = 6F7FD8A229CDA5DE002CF845 /* AuthIntent.swift */; };
		6F7FD8A529CDB3EC002CF845 /* SignUpIntent.swift in Sources */ = {isa = PBXBuildFile; fileRef = 6F7FD8A429CDB3EC002CF845 /* SignUpIntent.swift */; };
		6F7FD8A729CDB584002CF845 /* SignUpService.swift in Sources */ = {isa = PBXBuildFile; fileRef = 6F7FD8A629CDB584002CF845 /* SignUpService.swift */; };
		6F7FD8A929CDCCE6002CF845 /* SignUpDTO.swift in Sources */ = {isa = PBXBuildFile; fileRef = 6F7FD8A829CDCCE6002CF845 /* SignUpDTO.swift */; };
		6FB8047329C920870062457E /* FestivalAppMobileApp.swift in Sources */ = {isa = PBXBuildFile; fileRef = 6FB8047229C920870062457E /* FestivalAppMobileApp.swift */; };
		6FB8047729C920870062457E /* Assets.xcassets in Resources */ = {isa = PBXBuildFile; fileRef = 6FB8047629C920870062457E /* Assets.xcassets */; };
		6FB8047A29C920870062457E /* Preview Assets.xcassets in Resources */ = {isa = PBXBuildFile; fileRef = 6FB8047929C920870062457E /* Preview Assets.xcassets */; };
		6FB8048429C920880062457E /* FestivalAppMobileTests.swift in Sources */ = {isa = PBXBuildFile; fileRef = 6FB8048329C920880062457E /* FestivalAppMobileTests.swift */; };
		6FB8048E29C920880062457E /* FestivalAppMobileUITests.swift in Sources */ = {isa = PBXBuildFile; fileRef = 6FB8048D29C920880062457E /* FestivalAppMobileUITests.swift */; };
		6FB8049029C920880062457E /* FestivalAppMobileUITestsLaunchTests.swift in Sources */ = {isa = PBXBuildFile; fileRef = 6FB8048F29C920880062457E /* FestivalAppMobileUITestsLaunchTests.swift */; };
		6FB804D429C9217D0062457E /* APIRequestError.swift in Sources */ = {isa = PBXBuildFile; fileRef = 6FB8049D29C9217D0062457E /* APIRequestError.swift */; };
		6FB804D529C9217D0062457E /* BenevoleIntentError.swift in Sources */ = {isa = PBXBuildFile; fileRef = 6FB8049E29C9217D0062457E /* BenevoleIntentError.swift */; };
		6FB804D629C9217D0062457E /* FestivalIntentError.swift in Sources */ = {isa = PBXBuildFile; fileRef = 6FB8049F29C9217D0062457E /* FestivalIntentError.swift */; };
		6FB804D729C9217D0062457E /* ZoneIntentError.swift in Sources */ = {isa = PBXBuildFile; fileRef = 6FB804A029C9217D0062457E /* ZoneIntentError.swift */; };
		6FB804D829C9217D0062457E /* JSONError.swift in Sources */ = {isa = PBXBuildFile; fileRef = 6FB804A129C9217D0062457E /* JSONError.swift */; };
		6FB804D929C9217D0062457E /* AuthManager.swift in Sources */ = {isa = PBXBuildFile; fileRef = 6FB804A329C9217D0062457E /* AuthManager.swift */; };
		6FB804DA29C9217D0062457E /* JSONHelper.swift in Sources */ = {isa = PBXBuildFile; fileRef = 6FB804A429C9217D0062457E /* JSONHelper.swift */; };
		6FB804DB29C9217D0062457E /* ZoneDTO.swift in Sources */ = {isa = PBXBuildFile; fileRef = 6FB804A629C9217D0062457E /* ZoneDTO.swift */; };
		6FB804DC29C9217D0062457E /* AffectationDTO.swift in Sources */ = {isa = PBXBuildFile; fileRef = 6FB804A729C9217D0062457E /* AffectationDTO.swift */; };
		6FB804DD29C9217D0062457E /* QueryResult.swift in Sources */ = {isa = PBXBuildFile; fileRef = 6FB804A829C9217D0062457E /* QueryResult.swift */; };
		6FB804DE29C9217D0062457E /* FestivalDTO.swift in Sources */ = {isa = PBXBuildFile; fileRef = 6FB804A929C9217D0062457E /* FestivalDTO.swift */; };
		6FB804DF29C9217D0062457E /* authData.swift in Sources */ = {isa = PBXBuildFile; fileRef = 6FB804AA29C9217D0062457E /* authData.swift */; };
		6FB804E029C9217D0062457E /* BenevoleDTO.swift in Sources */ = {isa = PBXBuildFile; fileRef = 6FB804AB29C9217D0062457E /* BenevoleDTO.swift */; };
		6FB804E129C9217D0062457E /* FestivalState.swift in Sources */ = {isa = PBXBuildFile; fileRef = 6FB804AD29C9217D0062457E /* FestivalState.swift */; };
		6FB804E229C9217D0062457E /* BenevoleState.swift in Sources */ = {isa = PBXBuildFile; fileRef = 6FB804AE29C9217D0062457E /* BenevoleState.swift */; };
		6FB804E329C9217D0062457E /* ZoneState.swift in Sources */ = {isa = PBXBuildFile; fileRef = 6FB804AF29C9217D0062457E /* ZoneState.swift */; };
		6FB804E429C9217D0062457E /* ZoneListViewModel.swift in Sources */ = {isa = PBXBuildFile; fileRef = 6FB804B229C9217D0062457E /* ZoneListViewModel.swift */; };
		6FB804E529C9217D0062457E /* ZoneViewModel.swift in Sources */ = {isa = PBXBuildFile; fileRef = 6FB804B329C9217D0062457E /* ZoneViewModel.swift */; };
		6FB804E629C9217D0062457E /* BenevoleViewModel.swift in Sources */ = {isa = PBXBuildFile; fileRef = 6FB804B529C9217D0062457E /* BenevoleViewModel.swift */; };
		6FB804E729C9217D0062457E /* ViewModelObserver.swift in Sources */ = {isa = PBXBuildFile; fileRef = 6FB804B629C9217D0062457E /* ViewModelObserver.swift */; };
		6FB804E829C9217D0062457E /* FestivalViewModel.swift in Sources */ = {isa = PBXBuildFile; fileRef = 6FB804B829C9217D0062457E /* FestivalViewModel.swift */; };
		6FB804E929C9217D0062457E /* FestivalsViewModel.swift in Sources */ = {isa = PBXBuildFile; fileRef = 6FB804B929C9217D0062457E /* FestivalsViewModel.swift */; };
		6FB804EA29C9217D0062457E /* BenevoleService.swift in Sources */ = {isa = PBXBuildFile; fileRef = 6FB804BB29C9217D0062457E /* BenevoleService.swift */; };
		6FB804EB29C9217D0062457E /* AuthService.swift in Sources */ = {isa = PBXBuildFile; fileRef = 6FB804BC29C9217D0062457E /* AuthService.swift */; };
		6FB804EC29C9217D0062457E /* CreneauxView.swift in Sources */ = {isa = PBXBuildFile; fileRef = 6FB804BF29C9217D0062457E /* CreneauxView.swift */; };
		6FB804ED29C9217D0062457E /* ZonesView.swift in Sources */ = {isa = PBXBuildFile; fileRef = 6FB804C129C9217D0062457E /* ZonesView.swift */; };
		6FB804EE29C9217D0062457E /* BenevolesView.swift in Sources */ = {isa = PBXBuildFile; fileRef = 6FB804C329C9217D0062457E /* BenevolesView.swift */; };
		6FB804EF29C9217D0062457E /* SigninView.swift in Sources */ = {isa = PBXBuildFile; fileRef = 6FB804C529C9217D0062457E /* SigninView.swift */; };
		6FB804F029C9217D0062457E /* SignupView.swift in Sources */ = {isa = PBXBuildFile; fileRef = 6FB804C629C9217D0062457E /* SignupView.swift */; };
		6FB804F129C9217D0062457E /* VisitorView.swift in Sources */ = {isa = PBXBuildFile; fileRef = 6FB804C729C9217D0062457E /* VisitorView.swift */; };
		6FB804F229C9217D0062457E /* SignedInView.swift in Sources */ = {isa = PBXBuildFile; fileRef = 6FB804C829C9217D0062457E /* SignedInView.swift */; };
		6FB804F329C9217D0062457E /* LandingPageView.swift in Sources */ = {isa = PBXBuildFile; fileRef = 6FB804C929C9217D0062457E /* LandingPageView.swift */; };
		6FB804F429C9217D0062457E /* HomeView.swift in Sources */ = {isa = PBXBuildFile; fileRef = 6FB804CA29C9217D0062457E /* HomeView.swift */; };
		6FB804F529C9217D0062457E /* MenuView.swift in Sources */ = {isa = PBXBuildFile; fileRef = 6FB804CB29C9217D0062457E /* MenuView.swift */; };
		6FB804F629C9217D0062457E /* FestivalView.swift in Sources */ = {isa = PBXBuildFile; fileRef = 6FB804CD29C9217D0062457E /* FestivalView.swift */; };
		6FB804F729C9217D0062457E /* JourFestivalView.swift in Sources */ = {isa = PBXBuildFile; fileRef = 6FB804CE29C9217D0062457E /* JourFestivalView.swift */; };
		6FB804F829C9217D0062457E /* FestivalsView.swift in Sources */ = {isa = PBXBuildFile; fileRef = 6FB804CF29C9217D0062457E /* FestivalsView.swift */; };
		6FB804F929C9217D0062457E /* FestivalIntent.swift in Sources */ = {isa = PBXBuildFile; fileRef = 6FB804D129C9217D0062457E /* FestivalIntent.swift */; };
		6FB804FA29C9217D0062457E /* ZoneIntent.swift in Sources */ = {isa = PBXBuildFile; fileRef = 6FB804D229C9217D0062457E /* ZoneIntent.swift */; };
		6FB804FB29C9217D0062457E /* BenevoleIntent.swift in Sources */ = {isa = PBXBuildFile; fileRef = 6FB804D329C9217D0062457E /* BenevoleIntent.swift */; };
		6FB804FD29C921EB0062457E /* ContentView.swift in Sources */ = {isa = PBXBuildFile; fileRef = 6FB804FC29C921EB0062457E /* ContentView.swift */; };
		6FCC35C729C994CB00DCAAE2 /* QueryResultMSG.swift in Sources */ = {isa = PBXBuildFile; fileRef = 6FCC35C629C994CB00DCAAE2 /* QueryResultMSG.swift */; };
		6FCC35C929C99ACD00DCAAE2 /* LogInDTO.swift in Sources */ = {isa = PBXBuildFile; fileRef = 6FCC35C829C99ACD00DCAAE2 /* LogInDTO.swift */; };
		6FCF62BA29CA5A7700DC9329 /* QueryResultGetOne.swift in Sources */ = {isa = PBXBuildFile; fileRef = 6FCF62B929CA5A7700DC9329 /* QueryResultGetOne.swift */; };
		6FCF62BE29CA6AEC00DC9329 /* ViewsManager.swift in Sources */ = {isa = PBXBuildFile; fileRef = 6FCF62BD29CA6AEC00DC9329 /* ViewsManager.swift */; };
		6FE400C829CA244F00CE4F12 /* EnvironmentHelper.swift in Sources */ = {isa = PBXBuildFile; fileRef = 6FE400C729CA244F00CE4F12 /* EnvironmentHelper.swift */; };
		6FE400CC29CA24E900CE4F12 /* Environment.plist in Resources */ = {isa = PBXBuildFile; fileRef = 6FE400CB29CA24E900CE4F12 /* Environment.plist */; };
		6FE400CE29CA326900CE4F12 /* AuthError.swift in Sources */ = {isa = PBXBuildFile; fileRef = 6FE400CD29CA326900CE4F12 /* AuthError.swift */; };
		B753883629CC558A00091D8F /* JourViewModel.swift in Sources */ = {isa = PBXBuildFile; fileRef = B753883529CC558A00091D8F /* JourViewModel.swift */; };
		B753883829CC585B00091D8F /* JourListViewModel.swift in Sources */ = {isa = PBXBuildFile; fileRef = B753883729CC585B00091D8F /* JourListViewModel.swift */; };
/* End PBXBuildFile section */

/* Begin PBXContainerItemProxy section */
		6FB8048029C920880062457E /* PBXContainerItemProxy */ = {
			isa = PBXContainerItemProxy;
			containerPortal = 6FB8046729C920870062457E /* Project object */;
			proxyType = 1;
			remoteGlobalIDString = 6FB8046E29C920870062457E;
			remoteInfo = FestivalAppMobile;
		};
		6FB8048A29C920880062457E /* PBXContainerItemProxy */ = {
			isa = PBXContainerItemProxy;
			containerPortal = 6FB8046729C920870062457E /* Project object */;
			proxyType = 1;
			remoteGlobalIDString = 6FB8046E29C920870062457E;
			remoteInfo = FestivalAppMobile;
		};
/* End PBXContainerItemProxy section */

/* Begin PBXFileReference section */
		6F7FD8A229CDA5DE002CF845 /* AuthIntent.swift */ = {isa = PBXFileReference; lastKnownFileType = sourcecode.swift; path = AuthIntent.swift; sourceTree = "<group>"; };
		6F7FD8A429CDB3EC002CF845 /* SignUpIntent.swift */ = {isa = PBXFileReference; lastKnownFileType = sourcecode.swift; path = SignUpIntent.swift; sourceTree = "<group>"; };
		6F7FD8A629CDB584002CF845 /* SignUpService.swift */ = {isa = PBXFileReference; lastKnownFileType = sourcecode.swift; path = SignUpService.swift; sourceTree = "<group>"; };
		6F7FD8A829CDCCE6002CF845 /* SignUpDTO.swift */ = {isa = PBXFileReference; lastKnownFileType = sourcecode.swift; path = SignUpDTO.swift; sourceTree = "<group>"; };
		6FB8046F29C920870062457E /* FestivalAppMobile.app */ = {isa = PBXFileReference; explicitFileType = wrapper.application; includeInIndex = 0; path = FestivalAppMobile.app; sourceTree = BUILT_PRODUCTS_DIR; };
		6FB8047229C920870062457E /* FestivalAppMobileApp.swift */ = {isa = PBXFileReference; lastKnownFileType = sourcecode.swift; path = FestivalAppMobileApp.swift; sourceTree = "<group>"; };
		6FB8047629C920870062457E /* Assets.xcassets */ = {isa = PBXFileReference; lastKnownFileType = folder.assetcatalog; path = Assets.xcassets; sourceTree = "<group>"; };
		6FB8047929C920870062457E /* Preview Assets.xcassets */ = {isa = PBXFileReference; lastKnownFileType = folder.assetcatalog; path = "Preview Assets.xcassets"; sourceTree = "<group>"; };
		6FB8047F29C920880062457E /* FestivalAppMobileTests.xctest */ = {isa = PBXFileReference; explicitFileType = wrapper.cfbundle; includeInIndex = 0; path = FestivalAppMobileTests.xctest; sourceTree = BUILT_PRODUCTS_DIR; };
		6FB8048329C920880062457E /* FestivalAppMobileTests.swift */ = {isa = PBXFileReference; lastKnownFileType = sourcecode.swift; path = FestivalAppMobileTests.swift; sourceTree = "<group>"; };
		6FB8048929C920880062457E /* FestivalAppMobileUITests.xctest */ = {isa = PBXFileReference; explicitFileType = wrapper.cfbundle; includeInIndex = 0; path = FestivalAppMobileUITests.xctest; sourceTree = BUILT_PRODUCTS_DIR; };
		6FB8048D29C920880062457E /* FestivalAppMobileUITests.swift */ = {isa = PBXFileReference; lastKnownFileType = sourcecode.swift; path = FestivalAppMobileUITests.swift; sourceTree = "<group>"; };
		6FB8048F29C920880062457E /* FestivalAppMobileUITestsLaunchTests.swift */ = {isa = PBXFileReference; lastKnownFileType = sourcecode.swift; path = FestivalAppMobileUITestsLaunchTests.swift; sourceTree = "<group>"; };
		6FB8049D29C9217D0062457E /* APIRequestError.swift */ = {isa = PBXFileReference; fileEncoding = 4; lastKnownFileType = sourcecode.swift; path = APIRequestError.swift; sourceTree = "<group>"; };
		6FB8049E29C9217D0062457E /* BenevoleIntentError.swift */ = {isa = PBXFileReference; fileEncoding = 4; lastKnownFileType = sourcecode.swift; path = BenevoleIntentError.swift; sourceTree = "<group>"; };
		6FB8049F29C9217D0062457E /* FestivalIntentError.swift */ = {isa = PBXFileReference; fileEncoding = 4; lastKnownFileType = sourcecode.swift; path = FestivalIntentError.swift; sourceTree = "<group>"; };
		6FB804A029C9217D0062457E /* ZoneIntentError.swift */ = {isa = PBXFileReference; fileEncoding = 4; lastKnownFileType = sourcecode.swift; path = ZoneIntentError.swift; sourceTree = "<group>"; };
		6FB804A129C9217D0062457E /* JSONError.swift */ = {isa = PBXFileReference; fileEncoding = 4; lastKnownFileType = sourcecode.swift; path = JSONError.swift; sourceTree = "<group>"; };
		6FB804A329C9217D0062457E /* AuthManager.swift */ = {isa = PBXFileReference; fileEncoding = 4; lastKnownFileType = sourcecode.swift; path = AuthManager.swift; sourceTree = "<group>"; };
		6FB804A429C9217D0062457E /* JSONHelper.swift */ = {isa = PBXFileReference; fileEncoding = 4; lastKnownFileType = sourcecode.swift; path = JSONHelper.swift; sourceTree = "<group>"; };
		6FB804A629C9217D0062457E /* ZoneDTO.swift */ = {isa = PBXFileReference; fileEncoding = 4; lastKnownFileType = sourcecode.swift; path = ZoneDTO.swift; sourceTree = "<group>"; };
		6FB804A729C9217D0062457E /* AffectationDTO.swift */ = {isa = PBXFileReference; fileEncoding = 4; lastKnownFileType = sourcecode.swift; path = AffectationDTO.swift; sourceTree = "<group>"; };
		6FB804A829C9217D0062457E /* QueryResult.swift */ = {isa = PBXFileReference; fileEncoding = 4; lastKnownFileType = sourcecode.swift; path = QueryResult.swift; sourceTree = "<group>"; };
		6FB804A929C9217D0062457E /* FestivalDTO.swift */ = {isa = PBXFileReference; fileEncoding = 4; lastKnownFileType = sourcecode.swift; path = FestivalDTO.swift; sourceTree = "<group>"; };
		6FB804AA29C9217D0062457E /* authData.swift */ = {isa = PBXFileReference; fileEncoding = 4; lastKnownFileType = sourcecode.swift; path = authData.swift; sourceTree = "<group>"; };
		6FB804AB29C9217D0062457E /* BenevoleDTO.swift */ = {isa = PBXFileReference; fileEncoding = 4; lastKnownFileType = sourcecode.swift; path = BenevoleDTO.swift; sourceTree = "<group>"; };
		6FB804AD29C9217D0062457E /* FestivalState.swift */ = {isa = PBXFileReference; fileEncoding = 4; lastKnownFileType = sourcecode.swift; path = FestivalState.swift; sourceTree = "<group>"; };
		6FB804AE29C9217D0062457E /* BenevoleState.swift */ = {isa = PBXFileReference; fileEncoding = 4; lastKnownFileType = sourcecode.swift; path = BenevoleState.swift; sourceTree = "<group>"; };
		6FB804AF29C9217D0062457E /* ZoneState.swift */ = {isa = PBXFileReference; fileEncoding = 4; lastKnownFileType = sourcecode.swift; path = ZoneState.swift; sourceTree = "<group>"; };
		6FB804B229C9217D0062457E /* ZoneListViewModel.swift */ = {isa = PBXFileReference; fileEncoding = 4; lastKnownFileType = sourcecode.swift; path = ZoneListViewModel.swift; sourceTree = "<group>"; };
		6FB804B329C9217D0062457E /* ZoneViewModel.swift */ = {isa = PBXFileReference; fileEncoding = 4; lastKnownFileType = sourcecode.swift; path = ZoneViewModel.swift; sourceTree = "<group>"; };
		6FB804B529C9217D0062457E /* BenevoleViewModel.swift */ = {isa = PBXFileReference; fileEncoding = 4; lastKnownFileType = sourcecode.swift; path = BenevoleViewModel.swift; sourceTree = "<group>"; };
		6FB804B629C9217D0062457E /* ViewModelObserver.swift */ = {isa = PBXFileReference; fileEncoding = 4; lastKnownFileType = sourcecode.swift; path = ViewModelObserver.swift; sourceTree = "<group>"; };
		6FB804B829C9217D0062457E /* FestivalViewModel.swift */ = {isa = PBXFileReference; fileEncoding = 4; lastKnownFileType = sourcecode.swift; path = FestivalViewModel.swift; sourceTree = "<group>"; };
		6FB804B929C9217D0062457E /* FestivalsViewModel.swift */ = {isa = PBXFileReference; fileEncoding = 4; lastKnownFileType = sourcecode.swift; path = FestivalsViewModel.swift; sourceTree = "<group>"; };
		6FB804BB29C9217D0062457E /* BenevoleService.swift */ = {isa = PBXFileReference; fileEncoding = 4; lastKnownFileType = sourcecode.swift; path = BenevoleService.swift; sourceTree = "<group>"; };
		6FB804BC29C9217D0062457E /* AuthService.swift */ = {isa = PBXFileReference; fileEncoding = 4; lastKnownFileType = sourcecode.swift; path = AuthService.swift; sourceTree = "<group>"; };
		6FB804BF29C9217D0062457E /* CreneauxView.swift */ = {isa = PBXFileReference; fileEncoding = 4; lastKnownFileType = sourcecode.swift; path = CreneauxView.swift; sourceTree = "<group>"; };
		6FB804C129C9217D0062457E /* ZonesView.swift */ = {isa = PBXFileReference; fileEncoding = 4; lastKnownFileType = sourcecode.swift; path = ZonesView.swift; sourceTree = "<group>"; };
		6FB804C329C9217D0062457E /* BenevolesView.swift */ = {isa = PBXFileReference; fileEncoding = 4; lastKnownFileType = sourcecode.swift; path = BenevolesView.swift; sourceTree = "<group>"; };
		6FB804C529C9217D0062457E /* SigninView.swift */ = {isa = PBXFileReference; fileEncoding = 4; lastKnownFileType = sourcecode.swift; path = SigninView.swift; sourceTree = "<group>"; };
		6FB804C629C9217D0062457E /* SignupView.swift */ = {isa = PBXFileReference; fileEncoding = 4; lastKnownFileType = sourcecode.swift; path = SignupView.swift; sourceTree = "<group>"; };
		6FB804C729C9217D0062457E /* VisitorView.swift */ = {isa = PBXFileReference; fileEncoding = 4; lastKnownFileType = sourcecode.swift; path = VisitorView.swift; sourceTree = "<group>"; };
		6FB804C829C9217D0062457E /* SignedInView.swift */ = {isa = PBXFileReference; fileEncoding = 4; lastKnownFileType = sourcecode.swift; path = SignedInView.swift; sourceTree = "<group>"; };
		6FB804C929C9217D0062457E /* LandingPageView.swift */ = {isa = PBXFileReference; fileEncoding = 4; lastKnownFileType = sourcecode.swift; path = LandingPageView.swift; sourceTree = "<group>"; };
		6FB804CA29C9217D0062457E /* HomeView.swift */ = {isa = PBXFileReference; fileEncoding = 4; lastKnownFileType = sourcecode.swift; path = HomeView.swift; sourceTree = "<group>"; };
		6FB804CB29C9217D0062457E /* MenuView.swift */ = {isa = PBXFileReference; fileEncoding = 4; lastKnownFileType = sourcecode.swift; path = MenuView.swift; sourceTree = "<group>"; };
		6FB804CD29C9217D0062457E /* FestivalView.swift */ = {isa = PBXFileReference; fileEncoding = 4; lastKnownFileType = sourcecode.swift; path = FestivalView.swift; sourceTree = "<group>"; };
		6FB804CE29C9217D0062457E /* JourFestivalView.swift */ = {isa = PBXFileReference; fileEncoding = 4; lastKnownFileType = sourcecode.swift; path = JourFestivalView.swift; sourceTree = "<group>"; };
		6FB804CF29C9217D0062457E /* FestivalsView.swift */ = {isa = PBXFileReference; fileEncoding = 4; lastKnownFileType = sourcecode.swift; path = FestivalsView.swift; sourceTree = "<group>"; };
		6FB804D129C9217D0062457E /* FestivalIntent.swift */ = {isa = PBXFileReference; fileEncoding = 4; lastKnownFileType = sourcecode.swift; path = FestivalIntent.swift; sourceTree = "<group>"; };
		6FB804D229C9217D0062457E /* ZoneIntent.swift */ = {isa = PBXFileReference; fileEncoding = 4; lastKnownFileType = sourcecode.swift; path = ZoneIntent.swift; sourceTree = "<group>"; };
		6FB804D329C9217D0062457E /* BenevoleIntent.swift */ = {isa = PBXFileReference; fileEncoding = 4; lastKnownFileType = sourcecode.swift; path = BenevoleIntent.swift; sourceTree = "<group>"; };
		6FB804FC29C921EB0062457E /* ContentView.swift */ = {isa = PBXFileReference; fileEncoding = 4; lastKnownFileType = sourcecode.swift; path = ContentView.swift; sourceTree = "<group>"; };
		6FCC35C629C994CB00DCAAE2 /* QueryResultMSG.swift */ = {isa = PBXFileReference; lastKnownFileType = sourcecode.swift; path = QueryResultMSG.swift; sourceTree = "<group>"; };
		6FCC35C829C99ACD00DCAAE2 /* LogInDTO.swift */ = {isa = PBXFileReference; lastKnownFileType = sourcecode.swift; path = LogInDTO.swift; sourceTree = "<group>"; };
		6FCF62B929CA5A7700DC9329 /* QueryResultGetOne.swift */ = {isa = PBXFileReference; lastKnownFileType = sourcecode.swift; path = QueryResultGetOne.swift; sourceTree = "<group>"; };
		6FCF62BD29CA6AEC00DC9329 /* ViewsManager.swift */ = {isa = PBXFileReference; lastKnownFileType = sourcecode.swift; path = ViewsManager.swift; sourceTree = "<group>"; };
		6FE400C729CA244F00CE4F12 /* EnvironmentHelper.swift */ = {isa = PBXFileReference; lastKnownFileType = sourcecode.swift; path = EnvironmentHelper.swift; sourceTree = "<group>"; };
		6FE400CB29CA24E900CE4F12 /* Environment.plist */ = {isa = PBXFileReference; lastKnownFileType = text.plist.xml; path = Environment.plist; sourceTree = "<group>"; };
		6FE400CD29CA326900CE4F12 /* AuthError.swift */ = {isa = PBXFileReference; lastKnownFileType = sourcecode.swift; path = AuthError.swift; sourceTree = "<group>"; };
		B753883529CC558A00091D8F /* JourViewModel.swift */ = {isa = PBXFileReference; lastKnownFileType = sourcecode.swift; path = JourViewModel.swift; sourceTree = "<group>"; };
		B753883729CC585B00091D8F /* JourListViewModel.swift */ = {isa = PBXFileReference; lastKnownFileType = sourcecode.swift; path = JourListViewModel.swift; sourceTree = "<group>"; };
/* End PBXFileReference section */

/* Begin PBXFrameworksBuildPhase section */
		6FB8046C29C920870062457E /* Frameworks */ = {
			isa = PBXFrameworksBuildPhase;
			buildActionMask = 2147483647;
			files = (
			);
			runOnlyForDeploymentPostprocessing = 0;
		};
		6FB8047C29C920880062457E /* Frameworks */ = {
			isa = PBXFrameworksBuildPhase;
			buildActionMask = 2147483647;
			files = (
			);
			runOnlyForDeploymentPostprocessing = 0;
		};
		6FB8048629C920880062457E /* Frameworks */ = {
			isa = PBXFrameworksBuildPhase;
			buildActionMask = 2147483647;
			files = (
			);
			runOnlyForDeploymentPostprocessing = 0;
		};
/* End PBXFrameworksBuildPhase section */

/* Begin PBXGroup section */
		6FB8046629C920870062457E = {
			isa = PBXGroup;
			children = (
				6FB8047129C920870062457E /* FestivalAppMobile */,
				6FB8048229C920880062457E /* FestivalAppMobileTests */,
				6FB8048C29C920880062457E /* FestivalAppMobileUITests */,
				6FB8047029C920870062457E /* Products */,
			);
			sourceTree = "<group>";
		};
		6FB8047029C920870062457E /* Products */ = {
			isa = PBXGroup;
			children = (
				6FB8046F29C920870062457E /* FestivalAppMobile.app */,
				6FB8047F29C920880062457E /* FestivalAppMobileTests.xctest */,
				6FB8048929C920880062457E /* FestivalAppMobileUITests.xctest */,
			);
			name = Products;
			sourceTree = "<group>";
		};
		6FB8047129C920870062457E /* FestivalAppMobile */ = {
			isa = PBXGroup;
			children = (
				6FB804FC29C921EB0062457E /* ContentView.swift */,
				6FB8049C29C9217D0062457E /* Errors */,
				6FB804A229C9217D0062457E /* Helpers */,
				6FB804D029C9217D0062457E /* Intents */,
				6FB804A529C9217D0062457E /* Models */,
				6FB804BA29C9217D0062457E /* Services */,
				6FB804AC29C9217D0062457E /* States */,
				6FB804B029C9217D0062457E /* ViewModels */,
				6FB804BD29C9217D0062457E /* Views */,
				6FB8047229C920870062457E /* FestivalAppMobileApp.swift */,
				6FB8047629C920870062457E /* Assets.xcassets */,
				6FB8047829C920870062457E /* Preview Content */,
				6FE400CB29CA24E900CE4F12 /* Environment.plist */,
			);
			path = FestivalAppMobile;
			sourceTree = "<group>";
		};
		6FB8047829C920870062457E /* Preview Content */ = {
			isa = PBXGroup;
			children = (
				6FB8047929C920870062457E /* Preview Assets.xcassets */,
			);
			path = "Preview Content";
			sourceTree = "<group>";
		};
		6FB8048229C920880062457E /* FestivalAppMobileTests */ = {
			isa = PBXGroup;
			children = (
				6FB8048329C920880062457E /* FestivalAppMobileTests.swift */,
			);
			path = FestivalAppMobileTests;
			sourceTree = "<group>";
		};
		6FB8048C29C920880062457E /* FestivalAppMobileUITests */ = {
			isa = PBXGroup;
			children = (
				6FB8048D29C920880062457E /* FestivalAppMobileUITests.swift */,
				6FB8048F29C920880062457E /* FestivalAppMobileUITestsLaunchTests.swift */,
			);
			path = FestivalAppMobileUITests;
			sourceTree = "<group>";
		};
		6FB8049C29C9217D0062457E /* Errors */ = {
			isa = PBXGroup;
			children = (
				6FB8049D29C9217D0062457E /* APIRequestError.swift */,
				6FB8049E29C9217D0062457E /* BenevoleIntentError.swift */,
				6FB8049F29C9217D0062457E /* FestivalIntentError.swift */,
				6FB804A029C9217D0062457E /* ZoneIntentError.swift */,
				6FB804A129C9217D0062457E /* JSONError.swift */,
				6FE400CD29CA326900CE4F12 /* AuthError.swift */,
			);
			path = Errors;
			sourceTree = "<group>";
		};
		6FB804A229C9217D0062457E /* Helpers */ = {
			isa = PBXGroup;
			children = (
				6FB804A329C9217D0062457E /* AuthManager.swift */,
				6FB804A429C9217D0062457E /* JSONHelper.swift */,
				6FE400C729CA244F00CE4F12 /* EnvironmentHelper.swift */,
				6FCF62BD29CA6AEC00DC9329 /* ViewsManager.swift */,
			);
			path = Helpers;
			sourceTree = "<group>";
		};
		6FB804A529C9217D0062457E /* Models */ = {
			isa = PBXGroup;
			children = (
				6FE400C529CA217900CE4F12 /* DTOs */,
				6FE400C429CA214600CE4F12 /* Queries */,
				6FB804A629C9217D0062457E /* ZoneDTO.swift */,
				6FB804A729C9217D0062457E /* AffectationDTO.swift */,
				6FB804A929C9217D0062457E /* FestivalDTO.swift */,
				6FB804AB29C9217D0062457E /* BenevoleDTO.swift */,
				6FCC35C829C99ACD00DCAAE2 /* LogInDTO.swift */,
			);
			path = Models;
			sourceTree = "<group>";
		};
		6FB804AC29C9217D0062457E /* States */ = {
			isa = PBXGroup;
			children = (
				6FB804AD29C9217D0062457E /* FestivalState.swift */,
				6FB804AE29C9217D0062457E /* BenevoleState.swift */,
				6FB804AF29C9217D0062457E /* ZoneState.swift */,
			);
			path = States;
			sourceTree = "<group>";
		};
		6FB804B029C9217D0062457E /* ViewModels */ = {
			isa = PBXGroup;
			children = (
				B753883429CC557700091D8F /* Jours */,
				6FB804B129C9217D0062457E /* Zones */,
				6FB804B429C9217D0062457E /* Benevoles */,
				6FB804B629C9217D0062457E /* ViewModelObserver.swift */,
				6FB804B729C9217D0062457E /* Festivals */,
			);
			path = ViewModels;
			sourceTree = "<group>";
		};
		6FB804B129C9217D0062457E /* Zones */ = {
			isa = PBXGroup;
			children = (
				6FB804B229C9217D0062457E /* ZoneListViewModel.swift */,
				6FB804B329C9217D0062457E /* ZoneViewModel.swift */,
			);
			path = Zones;
			sourceTree = "<group>";
		};
		6FB804B429C9217D0062457E /* Benevoles */ = {
			isa = PBXGroup;
			children = (
				6FB804B529C9217D0062457E /* BenevoleViewModel.swift */,
			);
			path = Benevoles;
			sourceTree = "<group>";
		};
		6FB804B729C9217D0062457E /* Festivals */ = {
			isa = PBXGroup;
			children = (
				6FB804B829C9217D0062457E /* FestivalViewModel.swift */,
				6FB804B929C9217D0062457E /* FestivalsViewModel.swift */,
			);
			path = Festivals;
			sourceTree = "<group>";
		};
		6FB804BA29C9217D0062457E /* Services */ = {
			isa = PBXGroup;
			children = (
				6FB804BB29C9217D0062457E /* BenevoleService.swift */,
				6FB804BC29C9217D0062457E /* AuthService.swift */,
				6F7FD8A629CDB584002CF845 /* SignUpService.swift */,
			);
			path = Services;
			sourceTree = "<group>";
		};
		6FB804BD29C9217D0062457E /* Views */ = {
			isa = PBXGroup;
			children = (
				6FB804BE29C9217D0062457E /* Creneaux */,
				6FB804C029C9217D0062457E /* Zones */,
				6FB804C229C9217D0062457E /* Benevoles */,
				6FB804C429C9217D0062457E /* Auth */,
				6FB804C929C9217D0062457E /* LandingPageView.swift */,
				6FB804CA29C9217D0062457E /* HomeView.swift */,
				6FB804CB29C9217D0062457E /* MenuView.swift */,
				6FB804CC29C9217D0062457E /* Festivals */,
			);
			path = Views;
			sourceTree = "<group>";
		};
		6FB804BE29C9217D0062457E /* Creneaux */ = {
			isa = PBXGroup;
			children = (
				6FB804BF29C9217D0062457E /* CreneauxView.swift */,
			);
			path = Creneaux;
			sourceTree = "<group>";
		};
		6FB804C029C9217D0062457E /* Zones */ = {
			isa = PBXGroup;
			children = (
				6FB804C129C9217D0062457E /* ZonesView.swift */,
			);
			path = Zones;
			sourceTree = "<group>";
		};
		6FB804C229C9217D0062457E /* Benevoles */ = {
			isa = PBXGroup;
			children = (
				6FB804C329C9217D0062457E /* BenevolesView.swift */,
			);
			path = Benevoles;
			sourceTree = "<group>";
		};
		6FB804C429C9217D0062457E /* Auth */ = {
			isa = PBXGroup;
			children = (
				6FB804C529C9217D0062457E /* SigninView.swift */,
				6FB804C629C9217D0062457E /* SignupView.swift */,
				6FB804C729C9217D0062457E /* VisitorView.swift */,
				6FB804C829C9217D0062457E /* SignedInView.swift */,
			);
			path = Auth;
			sourceTree = "<group>";
		};
		6FB804CC29C9217D0062457E /* Festivals */ = {
			isa = PBXGroup;
			children = (
				6FB804CD29C9217D0062457E /* FestivalView.swift */,
				6FB804CE29C9217D0062457E /* JourFestivalView.swift */,
				6FB804CF29C9217D0062457E /* FestivalsView.swift */,
			);
			path = Festivals;
			sourceTree = "<group>";
		};
		6FB804D029C9217D0062457E /* Intents */ = {
			isa = PBXGroup;
			children = (
				6FB804D129C9217D0062457E /* FestivalIntent.swift */,
				6FB804D229C9217D0062457E /* ZoneIntent.swift */,
				6FB804D329C9217D0062457E /* BenevoleIntent.swift */,
				6F7FD8A229CDA5DE002CF845 /* AuthIntent.swift */,
				6F7FD8A429CDB3EC002CF845 /* SignUpIntent.swift */,
			);
			path = Intents;
			sourceTree = "<group>";
		};
		6FE400C429CA214600CE4F12 /* Queries */ = {
			isa = PBXGroup;
			children = (
				6FB804AA29C9217D0062457E /* authData.swift */,
				6FB804A829C9217D0062457E /* QueryResult.swift */,
				6FCC35C629C994CB00DCAAE2 /* QueryResultMSG.swift */,
				6FCF62B929CA5A7700DC9329 /* QueryResultGetOne.swift */,
			);
			path = Queries;
			sourceTree = "<group>";
		};
		6FE400C529CA217900CE4F12 /* DTOs */ = {
			isa = PBXGroup;
			children = (
				6F7FD8A829CDCCE6002CF845 /* SignUpDTO.swift */,
			);
			path = DTOs;
			sourceTree = "<group>";
		};
		B753883429CC557700091D8F /* Jours */ = {
			isa = PBXGroup;
			children = (
				B753883529CC558A00091D8F /* JourViewModel.swift */,
				B753883729CC585B00091D8F /* JourListViewModel.swift */,
			);
			path = Jours;
			sourceTree = "<group>";
		};
/* End PBXGroup section */

/* Begin PBXNativeTarget section */
		6FB8046E29C920870062457E /* FestivalAppMobile */ = {
			isa = PBXNativeTarget;
			buildConfigurationList = 6FB8049329C920880062457E /* Build configuration list for PBXNativeTarget "FestivalAppMobile" */;
			buildPhases = (
				6FB8046B29C920870062457E /* Sources */,
				6FB8046C29C920870062457E /* Frameworks */,
				6FB8046D29C920870062457E /* Resources */,
			);
			buildRules = (
			);
			dependencies = (
			);
			name = FestivalAppMobile;
			productName = FestivalAppMobile;
			productReference = 6FB8046F29C920870062457E /* FestivalAppMobile.app */;
			productType = "com.apple.product-type.application";
		};
		6FB8047E29C920880062457E /* FestivalAppMobileTests */ = {
			isa = PBXNativeTarget;
			buildConfigurationList = 6FB8049629C920880062457E /* Build configuration list for PBXNativeTarget "FestivalAppMobileTests" */;
			buildPhases = (
				6FB8047B29C920880062457E /* Sources */,
				6FB8047C29C920880062457E /* Frameworks */,
				6FB8047D29C920880062457E /* Resources */,
			);
			buildRules = (
			);
			dependencies = (
				6FB8048129C920880062457E /* PBXTargetDependency */,
			);
			name = FestivalAppMobileTests;
			productName = FestivalAppMobileTests;
			productReference = 6FB8047F29C920880062457E /* FestivalAppMobileTests.xctest */;
			productType = "com.apple.product-type.bundle.unit-test";
		};
		6FB8048829C920880062457E /* FestivalAppMobileUITests */ = {
			isa = PBXNativeTarget;
			buildConfigurationList = 6FB8049929C920880062457E /* Build configuration list for PBXNativeTarget "FestivalAppMobileUITests" */;
			buildPhases = (
				6FB8048529C920880062457E /* Sources */,
				6FB8048629C920880062457E /* Frameworks */,
				6FB8048729C920880062457E /* Resources */,
			);
			buildRules = (
			);
			dependencies = (
				6FB8048B29C920880062457E /* PBXTargetDependency */,
			);
			name = FestivalAppMobileUITests;
			productName = FestivalAppMobileUITests;
			productReference = 6FB8048929C920880062457E /* FestivalAppMobileUITests.xctest */;
			productType = "com.apple.product-type.bundle.ui-testing";
		};
/* End PBXNativeTarget section */

/* Begin PBXProject section */
		6FB8046729C920870062457E /* Project object */ = {
			isa = PBXProject;
			attributes = {
				BuildIndependentTargetsInParallel = 1;
				LastSwiftUpdateCheck = 1420;
				LastUpgradeCheck = 1420;
				TargetAttributes = {
					6FB8046E29C920870062457E = {
						CreatedOnToolsVersion = 14.2;
					};
					6FB8047E29C920880062457E = {
						CreatedOnToolsVersion = 14.2;
						TestTargetID = 6FB8046E29C920870062457E;
					};
					6FB8048829C920880062457E = {
						CreatedOnToolsVersion = 14.2;
						TestTargetID = 6FB8046E29C920870062457E;
					};
				};
			};
			buildConfigurationList = 6FB8046A29C920870062457E /* Build configuration list for PBXProject "FestivalAppMobile" */;
			compatibilityVersion = "Xcode 14.0";
			developmentRegion = en;
			hasScannedForEncodings = 0;
			knownRegions = (
				en,
				Base,
			);
			mainGroup = 6FB8046629C920870062457E;
			productRefGroup = 6FB8047029C920870062457E /* Products */;
			projectDirPath = "";
			projectRoot = "";
			targets = (
				6FB8046E29C920870062457E /* FestivalAppMobile */,
				6FB8047E29C920880062457E /* FestivalAppMobileTests */,
				6FB8048829C920880062457E /* FestivalAppMobileUITests */,
			);
		};
/* End PBXProject section */

/* Begin PBXResourcesBuildPhase section */
		6FB8046D29C920870062457E /* Resources */ = {
			isa = PBXResourcesBuildPhase;
			buildActionMask = 2147483647;
			files = (
				6FB8047A29C920870062457E /* Preview Assets.xcassets in Resources */,
				6FE400CC29CA24E900CE4F12 /* Environment.plist in Resources */,
				6FB8047729C920870062457E /* Assets.xcassets in Resources */,
			);
			runOnlyForDeploymentPostprocessing = 0;
		};
		6FB8047D29C920880062457E /* Resources */ = {
			isa = PBXResourcesBuildPhase;
			buildActionMask = 2147483647;
			files = (
			);
			runOnlyForDeploymentPostprocessing = 0;
		};
		6FB8048729C920880062457E /* Resources */ = {
			isa = PBXResourcesBuildPhase;
			buildActionMask = 2147483647;
			files = (
			);
			runOnlyForDeploymentPostprocessing = 0;
		};
/* End PBXResourcesBuildPhase section */

/* Begin PBXSourcesBuildPhase section */
		6FB8046B29C920870062457E /* Sources */ = {
			isa = PBXSourcesBuildPhase;
			buildActionMask = 2147483647;
			files = (
				6FB804D729C9217D0062457E /* ZoneIntentError.swift in Sources */,
				6F7FD8A529CDB3EC002CF845 /* SignUpIntent.swift in Sources */,
				6FCC35C929C99ACD00DCAAE2 /* LogInDTO.swift in Sources */,
				6FB804D929C9217D0062457E /* AuthManager.swift in Sources */,
				6FB804FD29C921EB0062457E /* ContentView.swift in Sources */,
				6FB804EF29C9217D0062457E /* SigninView.swift in Sources */,
				6FB804D829C9217D0062457E /* JSONError.swift in Sources */,
				6FCF62BE29CA6AEC00DC9329 /* ViewsManager.swift in Sources */,
				6FCC35C729C994CB00DCAAE2 /* QueryResultMSG.swift in Sources */,
				6FB804DE29C9217D0062457E /* FestivalDTO.swift in Sources */,
				6FB804E029C9217D0062457E /* BenevoleDTO.swift in Sources */,
				6FB804E329C9217D0062457E /* ZoneState.swift in Sources */,
				6FB804F829C9217D0062457E /* FestivalsView.swift in Sources */,
				6FB804E529C9217D0062457E /* ZoneViewModel.swift in Sources */,
				6FCF62BA29CA5A7700DC9329 /* QueryResultGetOne.swift in Sources */,
				6FB804F729C9217D0062457E /* JourFestivalView.swift in Sources */,
				6F7FD8A729CDB584002CF845 /* SignUpService.swift in Sources */,
				6FE400C829CA244F00CE4F12 /* EnvironmentHelper.swift in Sources */,
				6FB804F429C9217D0062457E /* HomeView.swift in Sources */,
				6FB804EE29C9217D0062457E /* BenevolesView.swift in Sources */,
				B753883829CC585B00091D8F /* JourListViewModel.swift in Sources */,
				6FB804DB29C9217D0062457E /* ZoneDTO.swift in Sources */,
				6FB804E929C9217D0062457E /* FestivalsViewModel.swift in Sources */,
				6FB804FA29C9217D0062457E /* ZoneIntent.swift in Sources */,
				6FB804FB29C9217D0062457E /* BenevoleIntent.swift in Sources */,
				6FB804F329C9217D0062457E /* LandingPageView.swift in Sources */,
				6FB804F529C9217D0062457E /* MenuView.swift in Sources */,
				6FB804E429C9217D0062457E /* ZoneListViewModel.swift in Sources */,
				6FB804E629C9217D0062457E /* BenevoleViewModel.swift in Sources */,
				6FB804DA29C9217D0062457E /* JSONHelper.swift in Sources */,
				6FB804E829C9217D0062457E /* FestivalViewModel.swift in Sources */,
				6FB804D529C9217D0062457E /* BenevoleIntentError.swift in Sources */,
				6FB804DC29C9217D0062457E /* AffectationDTO.swift in Sources */,
				6FB8047329C920870062457E /* FestivalAppMobileApp.swift in Sources */,
				6FB804DD29C9217D0062457E /* QueryResult.swift in Sources */,
				6F7FD8A329CDA5DE002CF845 /* AuthIntent.swift in Sources */,
				6FB804DF29C9217D0062457E /* authData.swift in Sources */,
				6FB804EB29C9217D0062457E /* AuthService.swift in Sources */,
				6FB804EC29C9217D0062457E /* CreneauxView.swift in Sources */,
				6FB804F129C9217D0062457E /* VisitorView.swift in Sources */,
				6FB804F229C9217D0062457E /* SignedInView.swift in Sources */,
				B753883629CC558A00091D8F /* JourViewModel.swift in Sources */,
				6FB804E129C9217D0062457E /* FestivalState.swift in Sources */,
				6FB804F929C9217D0062457E /* FestivalIntent.swift in Sources */,
				6FB804EA29C9217D0062457E /* BenevoleService.swift in Sources */,
				6F7FD8A929CDCCE6002CF845 /* SignUpDTO.swift in Sources */,
				6FB804F029C9217D0062457E /* SignupView.swift in Sources */,
				6FB804E729C9217D0062457E /* ViewModelObserver.swift in Sources */,
				6FE400CE29CA326900CE4F12 /* AuthError.swift in Sources */,
				6FB804ED29C9217D0062457E /* ZonesView.swift in Sources */,
				6FB804D429C9217D0062457E /* APIRequestError.swift in Sources */,
				6FB804D629C9217D0062457E /* FestivalIntentError.swift in Sources */,
				6FB804E229C9217D0062457E /* BenevoleState.swift in Sources */,
				6FB804F629C9217D0062457E /* FestivalView.swift in Sources */,
			);
			runOnlyForDeploymentPostprocessing = 0;
		};
		6FB8047B29C920880062457E /* Sources */ = {
			isa = PBXSourcesBuildPhase;
			buildActionMask = 2147483647;
			files = (
				6FB8048429C920880062457E /* FestivalAppMobileTests.swift in Sources */,
			);
			runOnlyForDeploymentPostprocessing = 0;
		};
		6FB8048529C920880062457E /* Sources */ = {
			isa = PBXSourcesBuildPhase;
			buildActionMask = 2147483647;
			files = (
				6FB8049029C920880062457E /* FestivalAppMobileUITestsLaunchTests.swift in Sources */,
				6FB8048E29C920880062457E /* FestivalAppMobileUITests.swift in Sources */,
			);
			runOnlyForDeploymentPostprocessing = 0;
		};
/* End PBXSourcesBuildPhase section */

/* Begin PBXTargetDependency section */
		6FB8048129C920880062457E /* PBXTargetDependency */ = {
			isa = PBXTargetDependency;
			target = 6FB8046E29C920870062457E /* FestivalAppMobile */;
			targetProxy = 6FB8048029C920880062457E /* PBXContainerItemProxy */;
		};
		6FB8048B29C920880062457E /* PBXTargetDependency */ = {
			isa = PBXTargetDependency;
			target = 6FB8046E29C920870062457E /* FestivalAppMobile */;
			targetProxy = 6FB8048A29C920880062457E /* PBXContainerItemProxy */;
		};
/* End PBXTargetDependency section */

/* Begin XCBuildConfiguration section */
		6FB8049129C920880062457E /* Debug */ = {
			isa = XCBuildConfiguration;
			buildSettings = {
				ALWAYS_SEARCH_USER_PATHS = NO;
				CLANG_ANALYZER_NONNULL = YES;
				CLANG_ANALYZER_NUMBER_OBJECT_CONVERSION = YES_AGGRESSIVE;
				CLANG_CXX_LANGUAGE_STANDARD = "gnu++20";
				CLANG_ENABLE_MODULES = YES;
				CLANG_ENABLE_OBJC_ARC = YES;
				CLANG_ENABLE_OBJC_WEAK = YES;
				CLANG_WARN_BLOCK_CAPTURE_AUTORELEASING = YES;
				CLANG_WARN_BOOL_CONVERSION = YES;
				CLANG_WARN_COMMA = YES;
				CLANG_WARN_CONSTANT_CONVERSION = YES;
				CLANG_WARN_DEPRECATED_OBJC_IMPLEMENTATIONS = YES;
				CLANG_WARN_DIRECT_OBJC_ISA_USAGE = YES_ERROR;
				CLANG_WARN_DOCUMENTATION_COMMENTS = YES;
				CLANG_WARN_EMPTY_BODY = YES;
				CLANG_WARN_ENUM_CONVERSION = YES;
				CLANG_WARN_INFINITE_RECURSION = YES;
				CLANG_WARN_INT_CONVERSION = YES;
				CLANG_WARN_NON_LITERAL_NULL_CONVERSION = YES;
				CLANG_WARN_OBJC_IMPLICIT_RETAIN_SELF = YES;
				CLANG_WARN_OBJC_LITERAL_CONVERSION = YES;
				CLANG_WARN_OBJC_ROOT_CLASS = YES_ERROR;
				CLANG_WARN_QUOTED_INCLUDE_IN_FRAMEWORK_HEADER = YES;
				CLANG_WARN_RANGE_LOOP_ANALYSIS = YES;
				CLANG_WARN_STRICT_PROTOTYPES = YES;
				CLANG_WARN_SUSPICIOUS_MOVE = YES;
				CLANG_WARN_UNGUARDED_AVAILABILITY = YES_AGGRESSIVE;
				CLANG_WARN_UNREACHABLE_CODE = YES;
				CLANG_WARN__DUPLICATE_METHOD_MATCH = YES;
				COPY_PHASE_STRIP = NO;
				DEBUG_INFORMATION_FORMAT = dwarf;
				ENABLE_STRICT_OBJC_MSGSEND = YES;
				ENABLE_TESTABILITY = YES;
				GCC_C_LANGUAGE_STANDARD = gnu11;
				GCC_DYNAMIC_NO_PIC = NO;
				GCC_NO_COMMON_BLOCKS = YES;
				GCC_OPTIMIZATION_LEVEL = 0;
				GCC_PREPROCESSOR_DEFINITIONS = (
					"DEBUG=1",
					"$(inherited)",
				);
				GCC_WARN_64_TO_32_BIT_CONVERSION = YES;
				GCC_WARN_ABOUT_RETURN_TYPE = YES_ERROR;
				GCC_WARN_UNDECLARED_SELECTOR = YES;
				GCC_WARN_UNINITIALIZED_AUTOS = YES_AGGRESSIVE;
				GCC_WARN_UNUSED_FUNCTION = YES;
				GCC_WARN_UNUSED_VARIABLE = YES;
				IPHONEOS_DEPLOYMENT_TARGET = 16.2;
				MTL_ENABLE_DEBUG_INFO = INCLUDE_SOURCE;
				MTL_FAST_MATH = YES;
				ONLY_ACTIVE_ARCH = YES;
				SDKROOT = iphoneos;
				SWIFT_ACTIVE_COMPILATION_CONDITIONS = DEBUG;
				SWIFT_OPTIMIZATION_LEVEL = "-Onone";
			};
			name = Debug;
		};
		6FB8049229C920880062457E /* Release */ = {
			isa = XCBuildConfiguration;
			buildSettings = {
				ALWAYS_SEARCH_USER_PATHS = NO;
				CLANG_ANALYZER_NONNULL = YES;
				CLANG_ANALYZER_NUMBER_OBJECT_CONVERSION = YES_AGGRESSIVE;
				CLANG_CXX_LANGUAGE_STANDARD = "gnu++20";
				CLANG_ENABLE_MODULES = YES;
				CLANG_ENABLE_OBJC_ARC = YES;
				CLANG_ENABLE_OBJC_WEAK = YES;
				CLANG_WARN_BLOCK_CAPTURE_AUTORELEASING = YES;
				CLANG_WARN_BOOL_CONVERSION = YES;
				CLANG_WARN_COMMA = YES;
				CLANG_WARN_CONSTANT_CONVERSION = YES;
				CLANG_WARN_DEPRECATED_OBJC_IMPLEMENTATIONS = YES;
				CLANG_WARN_DIRECT_OBJC_ISA_USAGE = YES_ERROR;
				CLANG_WARN_DOCUMENTATION_COMMENTS = YES;
				CLANG_WARN_EMPTY_BODY = YES;
				CLANG_WARN_ENUM_CONVERSION = YES;
				CLANG_WARN_INFINITE_RECURSION = YES;
				CLANG_WARN_INT_CONVERSION = YES;
				CLANG_WARN_NON_LITERAL_NULL_CONVERSION = YES;
				CLANG_WARN_OBJC_IMPLICIT_RETAIN_SELF = YES;
				CLANG_WARN_OBJC_LITERAL_CONVERSION = YES;
				CLANG_WARN_OBJC_ROOT_CLASS = YES_ERROR;
				CLANG_WARN_QUOTED_INCLUDE_IN_FRAMEWORK_HEADER = YES;
				CLANG_WARN_RANGE_LOOP_ANALYSIS = YES;
				CLANG_WARN_STRICT_PROTOTYPES = YES;
				CLANG_WARN_SUSPICIOUS_MOVE = YES;
				CLANG_WARN_UNGUARDED_AVAILABILITY = YES_AGGRESSIVE;
				CLANG_WARN_UNREACHABLE_CODE = YES;
				CLANG_WARN__DUPLICATE_METHOD_MATCH = YES;
				COPY_PHASE_STRIP = NO;
				DEBUG_INFORMATION_FORMAT = "dwarf-with-dsym";
				ENABLE_NS_ASSERTIONS = NO;
				ENABLE_STRICT_OBJC_MSGSEND = YES;
				GCC_C_LANGUAGE_STANDARD = gnu11;
				GCC_NO_COMMON_BLOCKS = YES;
				GCC_WARN_64_TO_32_BIT_CONVERSION = YES;
				GCC_WARN_ABOUT_RETURN_TYPE = YES_ERROR;
				GCC_WARN_UNDECLARED_SELECTOR = YES;
				GCC_WARN_UNINITIALIZED_AUTOS = YES_AGGRESSIVE;
				GCC_WARN_UNUSED_FUNCTION = YES;
				GCC_WARN_UNUSED_VARIABLE = YES;
				IPHONEOS_DEPLOYMENT_TARGET = 16.2;
				MTL_ENABLE_DEBUG_INFO = NO;
				MTL_FAST_MATH = YES;
				SDKROOT = iphoneos;
				SWIFT_COMPILATION_MODE = wholemodule;
				SWIFT_OPTIMIZATION_LEVEL = "-O";
				VALIDATE_PRODUCT = YES;
			};
			name = Release;
		};
		6FB8049429C920880062457E /* Debug */ = {
			isa = XCBuildConfiguration;
			buildSettings = {
				ASSETCATALOG_COMPILER_APPICON_NAME = AppIcon;
				ASSETCATALOG_COMPILER_GLOBAL_ACCENT_COLOR_NAME = AccentColor;
				CODE_SIGN_STYLE = Automatic;
				CURRENT_PROJECT_VERSION = 1;
				DEVELOPMENT_ASSET_PATHS = "\"FestivalAppMobile/Preview Content\"";
				ENABLE_PREVIEWS = YES;
				GENERATE_INFOPLIST_FILE = YES;
				INFOPLIST_KEY_UIApplicationSceneManifest_Generation = YES;
				INFOPLIST_KEY_UIApplicationSupportsIndirectInputEvents = YES;
				INFOPLIST_KEY_UILaunchScreen_Generation = YES;
				INFOPLIST_KEY_UISupportedInterfaceOrientations_iPad = "UIInterfaceOrientationPortrait UIInterfaceOrientationPortraitUpsideDown UIInterfaceOrientationLandscapeLeft UIInterfaceOrientationLandscapeRight";
				INFOPLIST_KEY_UISupportedInterfaceOrientations_iPhone = "UIInterfaceOrientationPortrait UIInterfaceOrientationLandscapeLeft UIInterfaceOrientationLandscapeRight";
				LD_RUNPATH_SEARCH_PATHS = (
					"$(inherited)",
					"@executable_path/Frameworks",
				);
				MARKETING_VERSION = 1.0;
				PRODUCT_BUNDLE_IDENTIFIER = Polytech.FestivalAppMobile;
				PRODUCT_NAME = "$(TARGET_NAME)";
				SWIFT_EMIT_LOC_STRINGS = YES;
				SWIFT_VERSION = 5.0;
				TARGETED_DEVICE_FAMILY = "1,2";
			};
			name = Debug;
		};
		6FB8049529C920880062457E /* Release */ = {
			isa = XCBuildConfiguration;
			buildSettings = {
				ASSETCATALOG_COMPILER_APPICON_NAME = AppIcon;
				ASSETCATALOG_COMPILER_GLOBAL_ACCENT_COLOR_NAME = AccentColor;
				CODE_SIGN_STYLE = Automatic;
				CURRENT_PROJECT_VERSION = 1;
				DEVELOPMENT_ASSET_PATHS = "\"FestivalAppMobile/Preview Content\"";
				ENABLE_PREVIEWS = YES;
				GENERATE_INFOPLIST_FILE = YES;
				INFOPLIST_KEY_UIApplicationSceneManifest_Generation = YES;
				INFOPLIST_KEY_UIApplicationSupportsIndirectInputEvents = YES;
				INFOPLIST_KEY_UILaunchScreen_Generation = YES;
				INFOPLIST_KEY_UISupportedInterfaceOrientations_iPad = "UIInterfaceOrientationPortrait UIInterfaceOrientationPortraitUpsideDown UIInterfaceOrientationLandscapeLeft UIInterfaceOrientationLandscapeRight";
				INFOPLIST_KEY_UISupportedInterfaceOrientations_iPhone = "UIInterfaceOrientationPortrait UIInterfaceOrientationLandscapeLeft UIInterfaceOrientationLandscapeRight";
				LD_RUNPATH_SEARCH_PATHS = (
					"$(inherited)",
					"@executable_path/Frameworks",
				);
				MARKETING_VERSION = 1.0;
				PRODUCT_BUNDLE_IDENTIFIER = Polytech.FestivalAppMobile;
				PRODUCT_NAME = "$(TARGET_NAME)";
				SWIFT_EMIT_LOC_STRINGS = YES;
				SWIFT_VERSION = 5.0;
				TARGETED_DEVICE_FAMILY = "1,2";
			};
			name = Release;
		};
		6FB8049729C920880062457E /* Debug */ = {
			isa = XCBuildConfiguration;
			buildSettings = {
				ALWAYS_EMBED_SWIFT_STANDARD_LIBRARIES = YES;
				BUNDLE_LOADER = "$(TEST_HOST)";
				CODE_SIGN_STYLE = Automatic;
				CURRENT_PROJECT_VERSION = 1;
				GENERATE_INFOPLIST_FILE = YES;
				IPHONEOS_DEPLOYMENT_TARGET = 16.2;
				MARKETING_VERSION = 1.0;
				PRODUCT_BUNDLE_IDENTIFIER = Polytech.FestivalAppMobileTests;
				PRODUCT_NAME = "$(TARGET_NAME)";
				SWIFT_EMIT_LOC_STRINGS = NO;
				SWIFT_VERSION = 5.0;
				TARGETED_DEVICE_FAMILY = "1,2";
				TEST_HOST = "$(BUILT_PRODUCTS_DIR)/FestivalAppMobile.app/$(BUNDLE_EXECUTABLE_FOLDER_PATH)/FestivalAppMobile";
			};
			name = Debug;
		};
		6FB8049829C920880062457E /* Release */ = {
			isa = XCBuildConfiguration;
			buildSettings = {
				ALWAYS_EMBED_SWIFT_STANDARD_LIBRARIES = YES;
				BUNDLE_LOADER = "$(TEST_HOST)";
				CODE_SIGN_STYLE = Automatic;
				CURRENT_PROJECT_VERSION = 1;
				GENERATE_INFOPLIST_FILE = YES;
				IPHONEOS_DEPLOYMENT_TARGET = 16.2;
				MARKETING_VERSION = 1.0;
				PRODUCT_BUNDLE_IDENTIFIER = Polytech.FestivalAppMobileTests;
				PRODUCT_NAME = "$(TARGET_NAME)";
				SWIFT_EMIT_LOC_STRINGS = NO;
				SWIFT_VERSION = 5.0;
				TARGETED_DEVICE_FAMILY = "1,2";
				TEST_HOST = "$(BUILT_PRODUCTS_DIR)/FestivalAppMobile.app/$(BUNDLE_EXECUTABLE_FOLDER_PATH)/FestivalAppMobile";
			};
			name = Release;
		};
		6FB8049A29C920880062457E /* Debug */ = {
			isa = XCBuildConfiguration;
			buildSettings = {
				ALWAYS_EMBED_SWIFT_STANDARD_LIBRARIES = YES;
				CODE_SIGN_STYLE = Automatic;
				CURRENT_PROJECT_VERSION = 1;
				GENERATE_INFOPLIST_FILE = YES;
				MARKETING_VERSION = 1.0;
				PRODUCT_BUNDLE_IDENTIFIER = Polytech.FestivalAppMobileUITests;
				PRODUCT_NAME = "$(TARGET_NAME)";
				SWIFT_EMIT_LOC_STRINGS = NO;
				SWIFT_VERSION = 5.0;
				TARGETED_DEVICE_FAMILY = "1,2";
				TEST_TARGET_NAME = FestivalAppMobile;
			};
			name = Debug;
		};
		6FB8049B29C920880062457E /* Release */ = {
			isa = XCBuildConfiguration;
			buildSettings = {
				ALWAYS_EMBED_SWIFT_STANDARD_LIBRARIES = YES;
				CODE_SIGN_STYLE = Automatic;
				CURRENT_PROJECT_VERSION = 1;
				GENERATE_INFOPLIST_FILE = YES;
				MARKETING_VERSION = 1.0;
				PRODUCT_BUNDLE_IDENTIFIER = Polytech.FestivalAppMobileUITests;
				PRODUCT_NAME = "$(TARGET_NAME)";
				SWIFT_EMIT_LOC_STRINGS = NO;
				SWIFT_VERSION = 5.0;
				TARGETED_DEVICE_FAMILY = "1,2";
				TEST_TARGET_NAME = FestivalAppMobile;
			};
			name = Release;
		};
/* End XCBuildConfiguration section */

/* Begin XCConfigurationList section */
		6FB8046A29C920870062457E /* Build configuration list for PBXProject "FestivalAppMobile" */ = {
			isa = XCConfigurationList;
			buildConfigurations = (
				6FB8049129C920880062457E /* Debug */,
				6FB8049229C920880062457E /* Release */,
			);
			defaultConfigurationIsVisible = 0;
			defaultConfigurationName = Release;
		};
		6FB8049329C920880062457E /* Build configuration list for PBXNativeTarget "FestivalAppMobile" */ = {
			isa = XCConfigurationList;
			buildConfigurations = (
				6FB8049429C920880062457E /* Debug */,
				6FB8049529C920880062457E /* Release */,
			);
			defaultConfigurationIsVisible = 0;
			defaultConfigurationName = Release;
		};
		6FB8049629C920880062457E /* Build configuration list for PBXNativeTarget "FestivalAppMobileTests" */ = {
			isa = XCConfigurationList;
			buildConfigurations = (
				6FB8049729C920880062457E /* Debug */,
				6FB8049829C920880062457E /* Release */,
			);
			defaultConfigurationIsVisible = 0;
			defaultConfigurationName = Release;
		};
		6FB8049929C920880062457E /* Build configuration list for PBXNativeTarget "FestivalAppMobileUITests" */ = {
			isa = XCConfigurationList;
			buildConfigurations = (
				6FB8049A29C920880062457E /* Debug */,
				6FB8049B29C920880062457E /* Release */,
			);
			defaultConfigurationIsVisible = 0;
			defaultConfigurationName = Release;
		};
/* End XCConfigurationList section */
	};
	rootObject = 6FB8046729C920870062457E /* Project object */;
}
